PODS:
  - IBLinter (0.5.0)
  - LicensePlist (3.23.4)
  - SwiftGen (6.6.2)
  - SwiftLint (0.50.3)

DEPENDENCIES:
  - IBLinter (~> 0.5.0)
  - LicensePlist (~> 3.23.4)
  - SwiftGen (~> 6.6.2)
  - SwiftLint (~> 0.50.3)

SPEC REPOS:
  trunk:
    - IBLinter
    - LicensePlist
    - SwiftGen
    - SwiftLint

SPEC CHECKSUMS:
  IBLinter: 7d28cbb7b579ca80690b56f6c8d22092a672967c
  LicensePlist: 804d60431859ef6ee6b2aa2dd0eb2c09d0418edd
  SwiftGen: 1366a7f71aeef49954ca5a63ba4bef6b0f24138c
  SwiftLint: 77f7cb2b9bb81ab4a12fcc86448ba3f11afa50c6

PODFILE CHECKSUM: cb8fd7fe79b32ff418ac6bafd65882d34d2f474c

COCOAPODS: 1.11.3
