// !$*UTF8*$!
{
	archiveVersion = 1;
	classes = {
	};
	objectVersion = 51;
	objects = {

/* Begin PBXBuildFile section */
		0725562C920EC01BE372B957 /* BuildFile in Frameworks */ = {isa = PBXBuildFile; productRef = 0B8401FA8D3846EB893557EB /* SwiftPackageProductDependency */; };
		0D9153DA607FA6BD6396B304 /* PostFormatHelpView.xib in Resources */ = {isa = PBXBuildFile; fileRef = 7C802AB5AFE84C82A4CF8F46 /* PostFormatHelpView.xib */; };
		0F9B22E53ACFBB32E0F9240A /* ArtworkPreviewViewController.xib in Resources */ = {isa = PBXBuildFile; fileRef = 4B81D332FA8F8ECCF2766F89 /* ArtworkPreviewViewController.xib */; };
		12F175AC48B82189FED4ABE6 /* UserDefaults+Key.swift in Sources */ = {isa = PBXBuildFile; fileRef = 9A81899D5459639D9818F05F /* UserDefaults+Key.swift */; };
		157612E351C4D92B1DAD4C00 /* Pods_TodayExtension.framework in Frameworks */ = {isa = PBXBuildFile; fileRef = 646AA5B0EBEF3AFBCEC43445 /* Pods_TodayExtension.framework */; };
		17700D58D62BD5926789A905 /* Umbrella.h in Headers */ = {isa = PBXBuildFile; fileRef = D4EB09565546BF9953B22F89 /* Umbrella.h */; settings = {ATTRIBUTES = (Public, ); }; };
		17966D1D06D714E98AE84D70 /* Common.swift in Sources */ = {isa = PBXBuildFile; fileRef = 14C6DB0F64D101EAEA90CAC1 /* Common.swift */; };
		1965ED7FD9AA50081989BDD1 /* InstanceListRequest.swift in Sources */ = {isa = PBXBuildFile; fileRef = 2CA3A6A00D26BA73FE73BBCB /* InstanceListRequest.swift */; };
		1A21F284E3DC41F315E0C5EB /* MastodonDomainTableViewCell.xib in Resources */ = {isa = PBXBuildFile; fileRef = F0F484597FBCC09513F37498 /* MastodonDomainTableViewCell.xib */; };
		1AAD7A2EC45E1B00A47EE1EC /* Eureka.framework in Frameworks */ = {isa = PBXBuildFile; fileRef = 355D6ED2EF43FAD0B3F0C7C1 /* Eureka.framework */; };
		1B38FD93236051430CD4F951 /* MastodonVerifyCredentialsRequest.swift in Sources */ = {isa = PBXBuildFile; fileRef = C2AE6C18A6E99AF80C7EAC58 /* MastodonVerifyCredentialsRequest.swift */; };
		1C13A9CCA5E1060D20C0AB79 /* TwitterPostRequest.swift in Sources */ = {isa = PBXBuildFile; fileRef = D36A34E5CECAECE2C4F10988 /* TwitterPostRequest.swift */; };
		1C992FD9AB47B0888D62A8CB /* AppDelegate.swift in Sources */ = {isa = PBXBuildFile; fileRef = FCB7EDD25D290D0AB9716645 /* AppDelegate.swift */; };
		1E60F0D4887ADD42B3E70DFA /* UIViewController+Dealloc.swift in Sources */ = {isa = PBXBuildFile; fileRef = 46A5D208070723DCC7D754FE /* UIViewController+Dealloc.swift */; };
		22F4B73899479940D86C2548 /* BuildFile in Frameworks */ = {isa = PBXBuildFile; productRef = C187B229C35E572D8AD3578E /* SwiftPackageProductDependency */; };
		23FC29743AFF76DACFE59337 /* TweetViewController.xib in Resources */ = {isa = PBXBuildFile; fileRef = 51B813DD7CEB2495ABB4D6D6 /* TweetViewController.xib */; };
		24D70D140869A65886FEB476 /* TweetViewModel.swift in Sources */ = {isa = PBXBuildFile; fileRef = F38FBCFF71EF332978BD38EC /* TweetViewModel.swift */; };
		264D5D843CAB84EDE0684A47 /* AppDelegateViewModel.swift in Sources */ = {isa = PBXBuildFile; fileRef = 7366CE0CB6F3B56F5FF77E6E /* AppDelegateViewModel.swift */; };
		26A8D6FEABCBAF65EE8CFFCE /* NowPlayingButtonRow.swift in Sources */ = {isa = PBXBuildFile; fileRef = 614B318A0C76D40B6B0B23E2 /* NowPlayingButtonRow.swift */; };
		279086C2206EEEEE7D23F1C7 /* User.swift in Sources */ = {isa = PBXBuildFile; fileRef = 9FB8674617649563BFC1271D /* User.swift */; };
		293CB42222A55D2DD2CF38F4 /* MastodonSettingViewController.xib in Resources */ = {isa = PBXBuildFile; fileRef = BCBA9A3D37F2813730CF6249 /* MastodonSettingViewController.xib */; };
		299B7471CF34FA4DC95F7D75 /* MastodonTokenRevokeRequest.swift in Sources */ = {isa = PBXBuildFile; fileRef = F3B1AA42C2DF2BE53537C73E /* MastodonTokenRevokeRequest.swift */; };
		2A5F11DF40583FA3E7B3B3E9 /* BuildFile in Frameworks */ = {isa = PBXBuildFile; productRef = 8A1BED010643B66DC3B76411 /* SwiftPackageProductDependency */; };
		307926826C513EE101BBA9CA /* PostContent.swift in Sources */ = {isa = PBXBuildFile; fileRef = 2F9470E5C91E99D8B9533E74 /* PostContent.swift */; };
		30C20098ED9D78808B73E8E3 /* Umbrella.framework in Embed Frameworks */ = {isa = PBXBuildFile; fileRef = 5B512EA04E66AD41CAD5E6ED /* Umbrella.framework */; settings = {ATTRIBUTES = (CodeSignOnCopy, RemoveHeadersOnCopy, ); }; };
		319534715B36567C4442E256 /* Enumerates.swift in Sources */ = {isa = PBXBuildFile; fileRef = C93D216F21342F9145E2AE46 /* Enumerates.swift */; };
		324DAFAAFCF2F170B3327FBB /* MastodonGetTokenRequest.swift in Sources */ = {isa = PBXBuildFile; fileRef = 9CA66C28948DC3BE930E08BA /* MastodonGetTokenRequest.swift */; };
		3317B0253298918CBE858D69 /* DynamicBlurView.framework in Frameworks */ = {isa = PBXBuildFile; fileRef = CD1E8A31E237901F4675868A /* DynamicBlurView.framework */; };
		33348EE863DF88F147CA322D /* SwiftPrint.swift in Sources */ = {isa = PBXBuildFile; fileRef = EDA8E7920AEFE25BABBB7A91 /* SwiftPrint.swift */; };
		3486716AE51FDBBD904FA05B /* UIButton+Nuke.swift in Sources */ = {isa = PBXBuildFile; fileRef = 3B7A1B195F08EA15D421EF9E /* UIButton+Nuke.swift */; };
		357E15BBE8E79E84B712DC26 /* SettingViewController.xib in Resources */ = {isa = PBXBuildFile; fileRef = 8F1F14A7AB061AD7B772C952 /* SettingViewController.xib */; };
		3AFE19A2F72F2A1A312C9238 /* Environments.swift in Sources */ = {isa = PBXBuildFile; fileRef = 9644356C693A38118B0BEC69 /* Environments.swift */; };
		4050F34083FCEE6838810D5F /* TwitterSettingViewController.swift in Sources */ = {isa = PBXBuildFile; fileRef = FEDA464933D6A368C35A2413 /* TwitterSettingViewController.swift */; };
		4438E0E5D858D73063D71536 /* MainInterface.storyboard in Resources */ = {isa = PBXBuildFile; fileRef = FB7EC7D563F5F9DAA1DF9F2C /* MainInterface.storyboard */; };
		4AB9604975E481C40AB09ED2 /* Reactive+Session.swift in Sources */ = {isa = PBXBuildFile; fileRef = 3A270DA66E5851ED21C7E37B /* Reactive+Session.swift */; };
		4C517165C43616130269D6C1 /* BuildFile in Frameworks */ = {isa = PBXBuildFile; productRef = CF54D0E86CD0FCBDBDD60F12 /* SwiftPackageProductDependency */; };
		5513EA147023401769F7A134 /* TodayViewModel.swift in Sources */ = {isa = PBXBuildFile; fileRef = AAA154D641DDA1F1C22F70CC /* TodayViewModel.swift */; };
		58C13C78865E41F52806A03B /* LaunchScreen.storyboard in Resources */ = {isa = PBXBuildFile; fileRef = A284BBC3A932E7327F4DC902 /* LaunchScreen.storyboard */; };
		5BA94626DF38CB0D9D502B5F /* GoogleService-Info.plist in Resources */ = {isa = PBXBuildFile; fileRef = BFF0945A3A0718346431FCD1 /* GoogleService-Info.plist */; };
		601C84A0823E68C2A4FF66F9 /* ArtworkPreviewViewController.swift in Sources */ = {isa = PBXBuildFile; fileRef = 212AB8AFFE63F5D3FE0912EC /* ArtworkPreviewViewController.swift */; };
		605C7BA69BA1F07C0159FBC8 /* TodayExtension.appex in Embed App Extensions */ = {isa = PBXBuildFile; fileRef = 04FCEA5C6B751946D2224753 /* TodayExtension.appex */; settings = {ATTRIBUTES = (RemoveHeadersOnCopy, ); }; };
		606AF638C7E732F51F1DE426 /* BuildFile in Frameworks */ = {isa = PBXBuildFile; productRef = DF9CA365B6897F4CA5D445A9 /* SwiftPackageProductDependency */; };
		609A45DAE72FA409E7D95596 /* PlayViewController.xib in Resources */ = {isa = PBXBuildFile; fileRef = 9066B6CB34CC7FEC96DD3FC9 /* PlayViewController.xib */; };
		6212D12AF39AF3C74A415CE8 /* PostFormatHelpView.swift in Sources */ = {isa = PBXBuildFile; fileRef = D28BBC45E4B8903F09916B22 /* PostFormatHelpView.swift */; };
		635C40739D5E6FF10550E75E /* TwitterSettingViewModel.swift in Sources */ = {isa = PBXBuildFile; fileRef = C839807C60312814B97DA81C /* TwitterSettingViewModel.swift */; };
		69B7EC556F366372444FCB81 /* SearchMastodonViewModel.swift in Sources */ = {isa = PBXBuildFile; fileRef = E81EA6DF1BC8A61065F85B3E /* SearchMastodonViewModel.swift */; };
		6B9CD6DDC15F81A3493C9F4D /* Instance.swift in Sources */ = {isa = PBXBuildFile; fileRef = 69285251175B98031FE3D123 /* Instance.swift */; };
		6BDECE1CF9C3B4020884C66C /* SVProgressHUD.framework in Frameworks */ = {isa = PBXBuildFile; fileRef = B43F29597A45F463B34FBA69 /* SVProgressHUD.framework */; };
		719677E4F10CB28E67942A8E /* MastodonDomainTableViewCell.swift in Sources */ = {isa = PBXBuildFile; fileRef = D81EECF1D2730AC29BC00EC4 /* MastodonDomainTableViewCell.swift */; };
		71FEE45F47C0987983D63203 /* BuildFile in Frameworks */ = {isa = PBXBuildFile; productRef = 735856EBD3B4503AA90D086C /* SwiftPackageProductDependency */; };
		7710557186E24EDC4DC48CD8 /* Keychain+Key.swift in Sources */ = {isa = PBXBuildFile; fileRef = CBDD19F692FEAC9A01B36B4C /* Keychain+Key.swift */; };
		77C1AC2462B0E4E1C4E1E3C7 /* BuildFile in Frameworks */ = {isa = PBXBuildFile; productRef = 61098FF26BCD12F3D84F3757 /* SwiftPackageProductDependency */; };
		77F926D1200E58374DB81A40 /* RxSKPaymentTransactionObserver.swift in Sources */ = {isa = PBXBuildFile; fileRef = 502FE0E5F9B48E8E4BF1CFF9 /* RxSKPaymentTransactionObserver.swift */; };
		7D2C7CFA93136A6DC73A7401 /* AccountManageViewController.swift in Sources */ = {isa = PBXBuildFile; fileRef = 74C2B562B207C7759A2F8C69 /* AccountManageViewController.swift */; };
		7DC290377D03D822FD0B1321 /* PopupDialog.framework in Frameworks */ = {isa = PBXBuildFile; fileRef = FB7913ADB2904629BC641A66 /* PopupDialog.framework */; };
		7F35B1B0ECB6EF5E0CAC35E1 /* MastodonSettingViewModel.swift in Sources */ = {isa = PBXBuildFile; fileRef = 998F4CB7171689DDDAB11ADD /* MastodonSettingViewModel.swift */; };
		7FC7FB9539DDCB4FD45497B1 /* HTTPURLResponse+StatusCode.swift in Sources */ = {isa = PBXBuildFile; fileRef = D680054099A5E48DBCAF349E /* HTTPURLResponse+StatusCode.swift */; };
		81BD78CD49C021789C12E05C /* AuthManager.swift in Sources */ = {isa = PBXBuildFile; fileRef = 98C298D8E385B5BAFB663028 /* AuthManager.swift */; };
		81BEE7EC93EADA4C32E0D32B /* ShadowButton.swift in Sources */ = {isa = PBXBuildFile; fileRef = A7616DA9C6D4B27E9898A2B9 /* ShadowButton.swift */; };
		830527F27CAE643CC8C36AD5 /* Settings.bundle in Resources */ = {isa = PBXBuildFile; fileRef = FA59162304BA1D39B7BD25E5 /* Settings.bundle */; };
		844D9CE2D9F6E8577CC9F2F9 /* PlayViewModel.swift in Sources */ = {isa = PBXBuildFile; fileRef = 68F4AE2CB6FE21BEC534B4B1 /* PlayViewModel.swift */; };
		8462100391601D1C17C9C95E /* Assets.xcassets in Resources */ = {isa = PBXBuildFile; fileRef = BEE3E2889D5BE1F4DCB2C4EA /* Assets.xcassets */; };
		8690084AABB393D9EDD212CA /* AccountManageTableViewCell.swift in Sources */ = {isa = PBXBuildFile; fileRef = BA837AEC8938CEDEFF42C2DB /* AccountManageTableViewCell.swift */; };
		8EA116C30A13AE446A8CB974 /* AppInfoRequest.swift in Sources */ = {isa = PBXBuildFile; fileRef = 5B2FBEE2D0537EC444156A71 /* AppInfoRequest.swift */; };
		9136781F005C890EEDF062AE /* MastodonTootRequest.swift in Sources */ = {isa = PBXBuildFile; fileRef = 78658CE70C0BE05E156A2013 /* MastodonTootRequest.swift */; };
		974E0709B034ED1EC463A351 /* Umbrella.framework in Frameworks */ = {isa = PBXBuildFile; fileRef = 5B512EA04E66AD41CAD5E6ED /* Umbrella.framework */; };
		9B22F6B30E3D6F7189C1E92D /* MastodonMediaRequest.swift in Sources */ = {isa = PBXBuildFile; fileRef = 7AD4C717A56A0130B239A9E1 /* MastodonMediaRequest.swift */; };
		9BAE7868E99C88B933BB3F9B /* SearchMastodonViewController.xib in Resources */ = {isa = PBXBuildFile; fileRef = FEAC0157BE6D45464251ABA4 /* SearchMastodonViewController.xib */; };
		A103286D8DB365E045D640C4 /* NotificationCenter.framework in Frameworks */ = {isa = PBXBuildFile; fileRef = BEE659D60A51EC6B01683ED6 /* NotificationCenter.framework */; };
		A24FA869040F357B5EB8CC35 /* license_plist.yml in Resources */ = {isa = PBXBuildFile; fileRef = 91B9D1D8E63B12AF4D353B6A /* license_plist.yml */; };
		A4BCAFAD81AA471F8F93A5F0 /* BuildFile in Frameworks */ = {isa = PBXBuildFile; productRef = FBF14C28861D7ADB07B49DD9 /* SwiftPackageProductDependency */; };
		A4E021B8161862D6FD08BCBB /* SKPaymentQueue+Rx.swift in Sources */ = {isa = PBXBuildFile; fileRef = D7DDC3B276CCDC44226FA0F5 /* SKPaymentQueue+Rx.swift */; };
		A97D5BAF9870B9D000CA6947 /* TweetViewController.swift in Sources */ = {isa = PBXBuildFile; fileRef = F6613F040E6D0FB68C2DE1FD /* TweetViewController.swift */; };
		AC1479056B54AD639722F862 /* Analytics+NowPlaying.swift in Sources */ = {isa = PBXBuildFile; fileRef = 5D5D2D0A6FD9107C12F4D576 /* Analytics+NowPlaying.swift */; };
		ACC73A6455FA067711BA0FFF /* TodayViewController.swift in Sources */ = {isa = PBXBuildFile; fileRef = E0155C1D229E5B101B43D785 /* TodayViewController.swift */; };
		AEDCBC2BC12A29001B5F1220 /* SettingViewModel.swift in Sources */ = {isa = PBXBuildFile; fileRef = 6A423C295AAA4A6E5723BE8F /* SettingViewModel.swift */; };
		B05CC6064AD158E5B38D1224 /* MastodonSettingDomainTableViewCell.xib in Resources */ = {isa = PBXBuildFile; fileRef = 0E784BA2706BF9962CBD0773 /* MastodonSettingDomainTableViewCell.xib */; };
		B7A1D534DB797068B7258565 /* SKReceiptRefreshRequestDelegateProxy.swift in Sources */ = {isa = PBXBuildFile; fileRef = 0CF2CE8DA835ED9E005E547B /* SKReceiptRefreshRequestDelegateProxy.swift */; };
		B7D7163F8CFC79C2CCFFB793 /* BuildFile in Frameworks */ = {isa = PBXBuildFile; productRef = AEDBE62F5CA11813EAA672B9 /* SwiftPackageProductDependency */; };
		BAF74DA1EB7BF05A836DEF7B /* SearchMastodonViewController.swift in Sources */ = {isa = PBXBuildFile; fileRef = 7D9563E9EDC4425143EEDB08 /* SearchMastodonViewController.swift */; };
		BD7222BB913E14AC782E98DD /* MastodonAppRequest.swift in Sources */ = {isa = PBXBuildFile; fileRef = 4F3B21D32A13292BD08C8A9B /* MastodonAppRequest.swift */; };
		BDB2AF4FAA3BFB7D0E3F4EEA /* Requests.swift in Sources */ = {isa = PBXBuildFile; fileRef = D1C8ED543A391DF3A5F132F8 /* Requests.swift */; };
		BDCBCA4B20A4F67280CCE851 /* MastodonSettingDomainTableViewCell.swift in Sources */ = {isa = PBXBuildFile; fileRef = DC64F2343ADEA854F2F27755 /* MastodonSettingDomainTableViewCell.swift */; };
		C32FDEBCB181E9AAB1B13935 /* UIImageView+Nuke.swift in Sources */ = {isa = PBXBuildFile; fileRef = D0BD88A90DA10329F744FA7F /* UIImageView+Nuke.swift */; };
		C41FEDB2C097B95A727CED1C /* MastodonSettingViewController.swift in Sources */ = {isa = PBXBuildFile; fileRef = 7546E431C8DC08EC64CFC51D /* MastodonSettingViewController.swift */; };
		C46AD564D6C322D8696A38CB /* TwitterSessionControl.swift in Sources */ = {isa = PBXBuildFile; fileRef = 7A24CF59EB7805A2E3DC279B /* TwitterSessionControl.swift */; };
		C7E6FDC9A264FADDEADFA78D /* BuildFile in Frameworks */ = {isa = PBXBuildFile; productRef = 59D44189BB393B796518DD68 /* SwiftPackageProductDependency */; };
		CB669EACEE972B3702F5F474 /* Umbrella.framework in Frameworks */ = {isa = PBXBuildFile; fileRef = 5B512EA04E66AD41CAD5E6ED /* Umbrella.framework */; };
		D0C7CF16C68E8C183C45DCB0 /* AccountManageViewController.xib in Resources */ = {isa = PBXBuildFile; fileRef = CF28053F29BEE39DE0F27332 /* AccountManageViewController.xib */; };
		D16D9FC3E6D9C40B0F2B17D7 /* InstancesSearchRequest.swift in Sources */ = {isa = PBXBuildFile; fileRef = 84368FA0D393CDD84296CF4B /* InstancesSearchRequest.swift */; };
		D3092A2EDBEE326209E96924 /* SettingViewController.swift in Sources */ = {isa = PBXBuildFile; fileRef = 0E5088E2B1B8A2EB3B97A5B1 /* SettingViewController.swift */; };
		D81EBCE0BE886F0AA9E79D6F /* AccountManageViewModel.swift in Sources */ = {isa = PBXBuildFile; fileRef = 1BAD5721F82F5DF95CB5C67F /* AccountManageViewModel.swift */; };
		D9479190B8BA03DBCBF7F92E /* SecretCredential.swift in Sources */ = {isa = PBXBuildFile; fileRef = B3908E82ABB3969C3B0178AC /* SecretCredential.swift */; };
		DA1C2F42676AF479C78523F3 /* AccountManageTableViewCell.xib in Resources */ = {isa = PBXBuildFile; fileRef = D8A21EAE11CB967AA0581D9A /* AccountManageTableViewCell.xib */; };
		DA8EF5F2DC7178CA8705722D /* R.generated.swift in Sources */ = {isa = PBXBuildFile; fileRef = 1360AF17CABA0F7E7090DBDE /* R.generated.swift */; };
		DC55E3FA39412CF1FED8C947 /* BuildFile in Frameworks */ = {isa = PBXBuildFile; productRef = EB35587619ADDB1F2E7BCB28 /* SwiftPackageProductDependency */; };
		E147FC38E5F8BFD1A5BFC8EA /* Realm+Rx.swift in Sources */ = {isa = PBXBuildFile; fileRef = D253B0EEB5820307C6F8EF30 /* Realm+Rx.swift */; };
		E269C65E653D86749E995DE9 /* BuildFile in Frameworks */ = {isa = PBXBuildFile; productRef = 1254BB7D7A66DE1A48EB6B4E /* SwiftPackageProductDependency */; };
		E2773020C6B47C61862F4138 /* PlayViewController.swift in Sources */ = {isa = PBXBuildFile; fileRef = 5081555058EA30F8EC9672C7 /* PlayViewController.swift */; };
		E72BF3DB657A91AE253F0A57 /* SKProductsRequest+Rx.swift in Sources */ = {isa = PBXBuildFile; fileRef = 003F733C11926106D59F9F1F /* SKProductsRequest+Rx.swift */; };
		E9BA0C4AA38F0DC7944BE076 /* Pods_NowPlaying.framework in Frameworks */ = {isa = PBXBuildFile; fileRef = CE637E7B596A86CCACE447EA /* Pods_NowPlaying.framework */; };
		EB700EE6335D785FA90AA885 /* SKReceiptRefreshRequest+Rx.swift in Sources */ = {isa = PBXBuildFile; fileRef = 278B9BBCADE90DF34F4D4BFB /* SKReceiptRefreshRequest+Rx.swift */; };
		EC11B21D6080B91AE6DC095A /* ArtworkPreviewViewModel.swift in Sources */ = {isa = PBXBuildFile; fileRef = 0F17AC13232E41A7C4E845CD /* ArtworkPreviewViewModel.swift */; };
		EFCB50D5E75C0DD823CB28AA /* TwitterSettingViewController.xib in Resources */ = {isa = PBXBuildFile; fileRef = DDACAC8914DAFAB07E4A36B0 /* TwitterSettingViewController.xib */; };
		F3330CBD49F6683353928E5D /* SKProductsRequestDelegateProxy.swift in Sources */ = {isa = PBXBuildFile; fileRef = 84D8373178FC54F4A125C300 /* SKProductsRequestDelegateProxy.swift */; };
		F7750F7B20538FC82C929E6B /* MastodonSessionControl.swift in Sources */ = {isa = PBXBuildFile; fileRef = A5E4D5AE4D093FF9BC723EC2 /* MastodonSessionControl.swift */; };
		F8BFB970C796000537AA0CF3 /* PaymentManager.swift in Sources */ = {isa = PBXBuildFile; fileRef = 4F8246D5F747647D19D107F1 /* PaymentManager.swift */; };
/* End PBXBuildFile section */

/* Begin PBXContainerItemProxy section */
		0A5657118D9D8033C156699D /* PBXContainerItemProxy */ = {
			isa = PBXContainerItemProxy;
			containerPortal = 382AAC770C51A21B7F9A9040 /* Project object */;
			proxyType = 1;
			remoteGlobalIDString = 74EEEC4051194D5C3A782724;
			remoteInfo = Umbrella;
		};
		88F03E675101F3521C773688 /* PBXContainerItemProxy */ = {
			isa = PBXContainerItemProxy;
			containerPortal = 382AAC770C51A21B7F9A9040 /* Project object */;
			proxyType = 1;
			remoteGlobalIDString = E2B3E41C68E84D79C9908E24;
			remoteInfo = TodayExtension;
		};
		ABDDA1226C51FCC8C723AED5 /* PBXContainerItemProxy */ = {
			isa = PBXContainerItemProxy;
			containerPortal = 382AAC770C51A21B7F9A9040 /* Project object */;
			proxyType = 1;
			remoteGlobalIDString = 74EEEC4051194D5C3A782724;
			remoteInfo = Umbrella;
		};
/* End PBXContainerItemProxy section */

/* Begin PBXCopyFilesBuildPhase section */
		1FA57EEDBFD726B8D42DE324 /* Embed App Extensions */ = {
			isa = PBXCopyFilesBuildPhase;
			buildActionMask = 2147483647;
			dstPath = "";
			dstSubfolderSpec = 13;
			files = (
				605C7BA69BA1F07C0159FBC8 /* TodayExtension.appex in Embed App Extensions */,
			);
			name = "Embed App Extensions";
			runOnlyForDeploymentPostprocessing = 0;
		};
		A9A77949BC477A0D91374B8D /* Embed Frameworks */ = {
			isa = PBXCopyFilesBuildPhase;
			buildActionMask = 2147483647;
			dstPath = "";
			dstSubfolderSpec = 10;
			files = (
				30C20098ED9D78808B73E8E3 /* Umbrella.framework in Embed Frameworks */,
			);
			name = "Embed Frameworks";
			runOnlyForDeploymentPostprocessing = 0;
		};
/* End PBXCopyFilesBuildPhase section */

/* Begin PBXFileReference section */
		003F733C11926106D59F9F1F /* SKProductsRequest+Rx.swift */ = {isa = PBXFileReference; lastKnownFileType = sourcecode.swift; path = "SKProductsRequest+Rx.swift"; sourceTree = "<group>"; };
		04FCEA5C6B751946D2224753 /* TodayExtension.appex */ = {isa = PBXFileReference; includeInIndex = 0; lastKnownFileType = "wrapper.app-extension"; path = TodayExtension.appex; sourceTree = BUILT_PRODUCTS_DIR; };
		092AF6006AF94E875B6183EE /* Pods-NowPlaying.release.xcconfig */ = {isa = PBXFileReference; includeInIndex = 1; lastKnownFileType = text.xcconfig; name = "Pods-NowPlaying.release.xcconfig"; path = "Target Support Files/Pods-NowPlaying/Pods-NowPlaying.release.xcconfig"; sourceTree = "<group>"; };
		0CF2CE8DA835ED9E005E547B /* SKReceiptRefreshRequestDelegateProxy.swift */ = {isa = PBXFileReference; lastKnownFileType = sourcecode.swift; path = SKReceiptRefreshRequestDelegateProxy.swift; sourceTree = "<group>"; };
		0E5088E2B1B8A2EB3B97A5B1 /* SettingViewController.swift */ = {isa = PBXFileReference; lastKnownFileType = sourcecode.swift; path = SettingViewController.swift; sourceTree = "<group>"; };
		0E784BA2706BF9962CBD0773 /* MastodonSettingDomainTableViewCell.xib */ = {isa = PBXFileReference; lastKnownFileType = file.xib; path = MastodonSettingDomainTableViewCell.xib; sourceTree = "<group>"; };
		0F17AC13232E41A7C4E845CD /* ArtworkPreviewViewModel.swift */ = {isa = PBXFileReference; lastKnownFileType = sourcecode.swift; path = ArtworkPreviewViewModel.swift; sourceTree = "<group>"; };
		1360AF17CABA0F7E7090DBDE /* R.generated.swift */ = {isa = PBXFileReference; lastKnownFileType = sourcecode.swift; path = R.generated.swift; sourceTree = "<group>"; };
		14C6DB0F64D101EAEA90CAC1 /* Common.swift */ = {isa = PBXFileReference; lastKnownFileType = sourcecode.swift; path = Common.swift; sourceTree = "<group>"; };
		14CE1DA82441C0906C380E8E /* Pods-NowPlaying.debug.xcconfig */ = {isa = PBXFileReference; includeInIndex = 1; lastKnownFileType = text.xcconfig; name = "Pods-NowPlaying.debug.xcconfig"; path = "Target Support Files/Pods-NowPlaying/Pods-NowPlaying.debug.xcconfig"; sourceTree = "<group>"; };
		1BAD5721F82F5DF95CB5C67F /* AccountManageViewModel.swift */ = {isa = PBXFileReference; lastKnownFileType = sourcecode.swift; path = AccountManageViewModel.swift; sourceTree = "<group>"; };
		1C0DCEF5644D56CE96F5E332 /* ja */ = {isa = PBXFileReference; lastKnownFileType = text.plist.strings; name = ja; path = ja.lproj/MainInterface.strings; sourceTree = "<group>"; };
		1C4C23AD35CE813D6056FA2C /* NowPlaying-Debug.xcconfig */ = {isa = PBXFileReference; lastKnownFileType = text.xcconfig; path = "NowPlaying-Debug.xcconfig"; sourceTree = "<group>"; };
		212AB8AFFE63F5D3FE0912EC /* ArtworkPreviewViewController.swift */ = {isa = PBXFileReference; lastKnownFileType = sourcecode.swift; path = ArtworkPreviewViewController.swift; sourceTree = "<group>"; };
		278B9BBCADE90DF34F4D4BFB /* SKReceiptRefreshRequest+Rx.swift */ = {isa = PBXFileReference; lastKnownFileType = sourcecode.swift; path = "SKReceiptRefreshRequest+Rx.swift"; sourceTree = "<group>"; };
		2CA3A6A00D26BA73FE73BBCB /* InstanceListRequest.swift */ = {isa = PBXFileReference; lastKnownFileType = sourcecode.swift; path = InstanceListRequest.swift; sourceTree = "<group>"; };
		2F9470E5C91E99D8B9533E74 /* PostContent.swift */ = {isa = PBXFileReference; lastKnownFileType = sourcecode.swift; path = PostContent.swift; sourceTree = "<group>"; };
		30A9127DFEE3169B25850930 /* NowPlaying.entitlements */ = {isa = PBXFileReference; lastKnownFileType = text.plist.entitlements; path = NowPlaying.entitlements; sourceTree = "<group>"; };
		355D6ED2EF43FAD0B3F0C7C1 /* Eureka.framework */ = {isa = PBXFileReference; lastKnownFileType = wrapper.framework; path = Eureka.framework; sourceTree = "<group>"; };
		3A270DA66E5851ED21C7E37B /* Reactive+Session.swift */ = {isa = PBXFileReference; lastKnownFileType = sourcecode.swift; path = "Reactive+Session.swift"; sourceTree = "<group>"; };
		3B7A1B195F08EA15D421EF9E /* UIButton+Nuke.swift */ = {isa = PBXFileReference; lastKnownFileType = sourcecode.swift; path = "UIButton+Nuke.swift"; sourceTree = "<group>"; };
		42908FA4D49D0F0F3DE6F160 /* Carthage.xcfilelist */ = {isa = PBXFileReference; lastKnownFileType = text.xcfilelist; path = Carthage.xcfilelist; sourceTree = "<group>"; };
		46A5D208070723DCC7D754FE /* UIViewController+Dealloc.swift */ = {isa = PBXFileReference; lastKnownFileType = sourcecode.swift; path = "UIViewController+Dealloc.swift"; sourceTree = "<group>"; };
		4B81D332FA8F8ECCF2766F89 /* ArtworkPreviewViewController.xib */ = {isa = PBXFileReference; lastKnownFileType = file.xib; path = ArtworkPreviewViewController.xib; sourceTree = "<group>"; };
		4F3B21D32A13292BD08C8A9B /* MastodonAppRequest.swift */ = {isa = PBXFileReference; lastKnownFileType = sourcecode.swift; path = MastodonAppRequest.swift; sourceTree = "<group>"; };
		4F8246D5F747647D19D107F1 /* PaymentManager.swift */ = {isa = PBXFileReference; lastKnownFileType = sourcecode.swift; path = PaymentManager.swift; sourceTree = "<group>"; };
		502FE0E5F9B48E8E4BF1CFF9 /* RxSKPaymentTransactionObserver.swift */ = {isa = PBXFileReference; lastKnownFileType = sourcecode.swift; path = RxSKPaymentTransactionObserver.swift; sourceTree = "<group>"; };
		5081555058EA30F8EC9672C7 /* PlayViewController.swift */ = {isa = PBXFileReference; lastKnownFileType = sourcecode.swift; path = PlayViewController.swift; sourceTree = "<group>"; };
		51B813DD7CEB2495ABB4D6D6 /* TweetViewController.xib */ = {isa = PBXFileReference; lastKnownFileType = file.xib; path = TweetViewController.xib; sourceTree = "<group>"; };
		54D988FD55CCFC5C958C7437 /* NowPlaying.app */ = {isa = PBXFileReference; includeInIndex = 0; lastKnownFileType = wrapper.application; path = NowPlaying.app; sourceTree = BUILT_PRODUCTS_DIR; };
		5B2FBEE2D0537EC444156A71 /* AppInfoRequest.swift */ = {isa = PBXFileReference; lastKnownFileType = sourcecode.swift; path = AppInfoRequest.swift; sourceTree = "<group>"; };
		5B512EA04E66AD41CAD5E6ED /* Umbrella.framework */ = {isa = PBXFileReference; explicitFileType = wrapper.framework; includeInIndex = 0; path = Umbrella.framework; sourceTree = BUILT_PRODUCTS_DIR; };
		5D5D2D0A6FD9107C12F4D576 /* Analytics+NowPlaying.swift */ = {isa = PBXFileReference; lastKnownFileType = sourcecode.swift; path = "Analytics+NowPlaying.swift"; sourceTree = "<group>"; };
		5EA67A8E847EC304046BCC53 /* ja */ = {isa = PBXFileReference; lastKnownFileType = text.plist.strings; name = ja; path = ja.lproj/LaunchScreen.strings; sourceTree = "<group>"; };
		614B318A0C76D40B6B0B23E2 /* NowPlayingButtonRow.swift */ = {isa = PBXFileReference; lastKnownFileType = sourcecode.swift; path = NowPlayingButtonRow.swift; sourceTree = "<group>"; };
		646AA5B0EBEF3AFBCEC43445 /* Pods_TodayExtension.framework */ = {isa = PBXFileReference; explicitFileType = wrapper.framework; includeInIndex = 0; path = Pods_TodayExtension.framework; sourceTree = BUILT_PRODUCTS_DIR; };
		6865EA803160BFA3C71815A4 /* Info.plist */ = {isa = PBXFileReference; lastKnownFileType = text.plist; path = Info.plist; sourceTree = "<group>"; };
		68F4AE2CB6FE21BEC534B4B1 /* PlayViewModel.swift */ = {isa = PBXFileReference; lastKnownFileType = sourcecode.swift; path = PlayViewModel.swift; sourceTree = "<group>"; };
		69285251175B98031FE3D123 /* Instance.swift */ = {isa = PBXFileReference; lastKnownFileType = sourcecode.swift; path = Instance.swift; sourceTree = "<group>"; };
		6A423C295AAA4A6E5723BE8F /* SettingViewModel.swift */ = {isa = PBXFileReference; lastKnownFileType = sourcecode.swift; path = SettingViewModel.swift; sourceTree = "<group>"; };
		7366CE0CB6F3B56F5FF77E6E /* AppDelegateViewModel.swift */ = {isa = PBXFileReference; lastKnownFileType = sourcecode.swift; path = AppDelegateViewModel.swift; sourceTree = "<group>"; };
		74C2B562B207C7759A2F8C69 /* AccountManageViewController.swift */ = {isa = PBXFileReference; lastKnownFileType = sourcecode.swift; path = AccountManageViewController.swift; sourceTree = "<group>"; };
		7546E431C8DC08EC64CFC51D /* MastodonSettingViewController.swift */ = {isa = PBXFileReference; lastKnownFileType = sourcecode.swift; path = MastodonSettingViewController.swift; sourceTree = "<group>"; };
		78658CE70C0BE05E156A2013 /* MastodonTootRequest.swift */ = {isa = PBXFileReference; lastKnownFileType = sourcecode.swift; path = MastodonTootRequest.swift; sourceTree = "<group>"; };
		7A24CF59EB7805A2E3DC279B /* TwitterSessionControl.swift */ = {isa = PBXFileReference; lastKnownFileType = sourcecode.swift; path = TwitterSessionControl.swift; sourceTree = "<group>"; };
		7AD4C717A56A0130B239A9E1 /* MastodonMediaRequest.swift */ = {isa = PBXFileReference; lastKnownFileType = sourcecode.swift; path = MastodonMediaRequest.swift; sourceTree = "<group>"; };
		7C802AB5AFE84C82A4CF8F46 /* PostFormatHelpView.xib */ = {isa = PBXFileReference; lastKnownFileType = file.xib; path = PostFormatHelpView.xib; sourceTree = "<group>"; };
		7D9563E9EDC4425143EEDB08 /* SearchMastodonViewController.swift */ = {isa = PBXFileReference; lastKnownFileType = sourcecode.swift; path = SearchMastodonViewController.swift; sourceTree = "<group>"; };
		7ECDF0EA7AB179220D4BEC51 /* Pods-TodayExtension.debug.xcconfig */ = {isa = PBXFileReference; includeInIndex = 1; lastKnownFileType = text.xcconfig; name = "Pods-TodayExtension.debug.xcconfig"; path = "Target Support Files/Pods-TodayExtension/Pods-TodayExtension.debug.xcconfig"; sourceTree = "<group>"; };
		8203F8A0DB7B357F224553C1 /* Base */ = {isa = PBXFileReference; lastKnownFileType = file.storyboard; name = Base; path = Base.lproj/LaunchScreen.storyboard; sourceTree = "<group>"; };
		84368FA0D393CDD84296CF4B /* InstancesSearchRequest.swift */ = {isa = PBXFileReference; lastKnownFileType = sourcecode.swift; path = InstancesSearchRequest.swift; sourceTree = "<group>"; };
		84D8373178FC54F4A125C300 /* SKProductsRequestDelegateProxy.swift */ = {isa = PBXFileReference; lastKnownFileType = sourcecode.swift; path = SKProductsRequestDelegateProxy.swift; sourceTree = "<group>"; };
		8C5E1ECD4484573B17ABBC02 /* NowPlaying-Release.xcconfig */ = {isa = PBXFileReference; lastKnownFileType = text.xcconfig; path = "NowPlaying-Release.xcconfig"; sourceTree = "<group>"; };
		8F1F14A7AB061AD7B772C952 /* SettingViewController.xib */ = {isa = PBXFileReference; lastKnownFileType = file.xib; path = SettingViewController.xib; sourceTree = "<group>"; };
		8F32653F6E849ABC7C3F6AE6 /* Info.plist */ = {isa = PBXFileReference; lastKnownFileType = text.plist; path = Info.plist; sourceTree = "<group>"; };
		8F7694DEFDEB0D07BF575511 /* LICENSE */ = {isa = PBXFileReference; path = LICENSE; sourceTree = "<group>"; };
		9066B6CB34CC7FEC96DD3FC9 /* PlayViewController.xib */ = {isa = PBXFileReference; lastKnownFileType = file.xib; path = PlayViewController.xib; sourceTree = "<group>"; };
		91B9D1D8E63B12AF4D353B6A /* license_plist.yml */ = {isa = PBXFileReference; lastKnownFileType = text.yaml; path = license_plist.yml; sourceTree = "<group>"; };
		9644356C693A38118B0BEC69 /* Environments.swift */ = {isa = PBXFileReference; lastKnownFileType = sourcecode.swift; path = Environments.swift; sourceTree = "<group>"; };
		98C298D8E385B5BAFB663028 /* AuthManager.swift */ = {isa = PBXFileReference; lastKnownFileType = sourcecode.swift; path = AuthManager.swift; sourceTree = "<group>"; };
		998F4CB7171689DDDAB11ADD /* MastodonSettingViewModel.swift */ = {isa = PBXFileReference; lastKnownFileType = sourcecode.swift; path = MastodonSettingViewModel.swift; sourceTree = "<group>"; };
		9A81899D5459639D9818F05F /* UserDefaults+Key.swift */ = {isa = PBXFileReference; lastKnownFileType = sourcecode.swift; path = "UserDefaults+Key.swift"; sourceTree = "<group>"; };
		9CA66C28948DC3BE930E08BA /* MastodonGetTokenRequest.swift */ = {isa = PBXFileReference; lastKnownFileType = sourcecode.swift; path = MastodonGetTokenRequest.swift; sourceTree = "<group>"; };
		9DA1D172566D6D46F93403B1 /* Pods-TodayExtension.release.xcconfig */ = {isa = PBXFileReference; includeInIndex = 1; lastKnownFileType = text.xcconfig; name = "Pods-TodayExtension.release.xcconfig"; path = "Target Support Files/Pods-TodayExtension/Pods-TodayExtension.release.xcconfig"; sourceTree = "<group>"; };
		9FB8674617649563BFC1271D /* User.swift */ = {isa = PBXFileReference; lastKnownFileType = sourcecode.swift; path = User.swift; sourceTree = "<group>"; };
		A5A6CE53C6C903E80F4AFB84 /* Base */ = {isa = PBXFileReference; lastKnownFileType = file.storyboard; name = Base; path = Base.lproj/MainInterface.storyboard; sourceTree = "<group>"; };
		A5E4D5AE4D093FF9BC723EC2 /* MastodonSessionControl.swift */ = {isa = PBXFileReference; lastKnownFileType = sourcecode.swift; path = MastodonSessionControl.swift; sourceTree = "<group>"; };
		A7616DA9C6D4B27E9898A2B9 /* ShadowButton.swift */ = {isa = PBXFileReference; lastKnownFileType = sourcecode.swift; path = ShadowButton.swift; sourceTree = "<group>"; };
		AAA154D641DDA1F1C22F70CC /* TodayViewModel.swift */ = {isa = PBXFileReference; lastKnownFileType = sourcecode.swift; path = TodayViewModel.swift; sourceTree = "<group>"; };
		B3908E82ABB3969C3B0178AC /* SecretCredential.swift */ = {isa = PBXFileReference; lastKnownFileType = sourcecode.swift; path = SecretCredential.swift; sourceTree = "<group>"; };
		B43F29597A45F463B34FBA69 /* SVProgressHUD.framework */ = {isa = PBXFileReference; lastKnownFileType = wrapper.framework; path = SVProgressHUD.framework; sourceTree = "<group>"; };
		BA837AEC8938CEDEFF42C2DB /* AccountManageTableViewCell.swift */ = {isa = PBXFileReference; lastKnownFileType = sourcecode.swift; path = AccountManageTableViewCell.swift; sourceTree = "<group>"; };
		BCBA9A3D37F2813730CF6249 /* MastodonSettingViewController.xib */ = {isa = PBXFileReference; lastKnownFileType = file.xib; path = MastodonSettingViewController.xib; sourceTree = "<group>"; };
		BEE3E2889D5BE1F4DCB2C4EA /* Assets.xcassets */ = {isa = PBXFileReference; lastKnownFileType = folder.assetcatalog; path = Assets.xcassets; sourceTree = "<group>"; };
		BEE659D60A51EC6B01683ED6 /* NotificationCenter.framework */ = {isa = PBXFileReference; lastKnownFileType = wrapper.framework; name = NotificationCenter.framework; path = System/Library/Frameworks/NotificationCenter.framework; sourceTree = SDKROOT; };
		BFB666994D0FCF1005B94795 /* Info.plist */ = {isa = PBXFileReference; lastKnownFileType = text.plist; path = Info.plist; sourceTree = "<group>"; };
		BFF0945A3A0718346431FCD1 /* GoogleService-Info.plist */ = {isa = PBXFileReference; lastKnownFileType = text.plist; path = "GoogleService-Info.plist"; sourceTree = "<group>"; };
		C2AE6C18A6E99AF80C7EAC58 /* MastodonVerifyCredentialsRequest.swift */ = {isa = PBXFileReference; lastKnownFileType = sourcecode.swift; path = MastodonVerifyCredentialsRequest.swift; sourceTree = "<group>"; };
		C839807C60312814B97DA81C /* TwitterSettingViewModel.swift */ = {isa = PBXFileReference; lastKnownFileType = sourcecode.swift; path = TwitterSettingViewModel.swift; sourceTree = "<group>"; };
		C93D216F21342F9145E2AE46 /* Enumerates.swift */ = {isa = PBXFileReference; lastKnownFileType = sourcecode.swift; path = Enumerates.swift; sourceTree = "<group>"; };
		CBDD19F692FEAC9A01B36B4C /* Keychain+Key.swift */ = {isa = PBXFileReference; lastKnownFileType = sourcecode.swift; path = "Keychain+Key.swift"; sourceTree = "<group>"; };
		CD1E8A31E237901F4675868A /* DynamicBlurView.framework */ = {isa = PBXFileReference; lastKnownFileType = wrapper.framework; path = DynamicBlurView.framework; sourceTree = "<group>"; };
		CE637E7B596A86CCACE447EA /* Pods_NowPlaying.framework */ = {isa = PBXFileReference; explicitFileType = wrapper.framework; includeInIndex = 0; path = Pods_NowPlaying.framework; sourceTree = BUILT_PRODUCTS_DIR; };
		CF28053F29BEE39DE0F27332 /* AccountManageViewController.xib */ = {isa = PBXFileReference; lastKnownFileType = file.xib; path = AccountManageViewController.xib; sourceTree = "<group>"; };
		D0BD88A90DA10329F744FA7F /* UIImageView+Nuke.swift */ = {isa = PBXFileReference; lastKnownFileType = sourcecode.swift; path = "UIImageView+Nuke.swift"; sourceTree = "<group>"; };
		D1C8ED543A391DF3A5F132F8 /* Requests.swift */ = {isa = PBXFileReference; lastKnownFileType = sourcecode.swift; path = Requests.swift; sourceTree = "<group>"; };
		D253B0EEB5820307C6F8EF30 /* Realm+Rx.swift */ = {isa = PBXFileReference; lastKnownFileType = sourcecode.swift; path = "Realm+Rx.swift"; sourceTree = "<group>"; };
		D28BBC45E4B8903F09916B22 /* PostFormatHelpView.swift */ = {isa = PBXFileReference; lastKnownFileType = sourcecode.swift; path = PostFormatHelpView.swift; sourceTree = "<group>"; };
		D36A34E5CECAECE2C4F10988 /* TwitterPostRequest.swift */ = {isa = PBXFileReference; lastKnownFileType = sourcecode.swift; path = TwitterPostRequest.swift; sourceTree = "<group>"; };
		D4EB09565546BF9953B22F89 /* Umbrella.h */ = {isa = PBXFileReference; lastKnownFileType = sourcecode.c.h; path = Umbrella.h; sourceTree = "<group>"; };
		D680054099A5E48DBCAF349E /* HTTPURLResponse+StatusCode.swift */ = {isa = PBXFileReference; lastKnownFileType = sourcecode.swift; path = "HTTPURLResponse+StatusCode.swift"; sourceTree = "<group>"; };
		D7DDC3B276CCDC44226FA0F5 /* SKPaymentQueue+Rx.swift */ = {isa = PBXFileReference; lastKnownFileType = sourcecode.swift; path = "SKPaymentQueue+Rx.swift"; sourceTree = "<group>"; };
		D81EECF1D2730AC29BC00EC4 /* MastodonDomainTableViewCell.swift */ = {isa = PBXFileReference; lastKnownFileType = sourcecode.swift; path = MastodonDomainTableViewCell.swift; sourceTree = "<group>"; };
		D8A21EAE11CB967AA0581D9A /* AccountManageTableViewCell.xib */ = {isa = PBXFileReference; lastKnownFileType = file.xib; path = AccountManageTableViewCell.xib; sourceTree = "<group>"; };
		DC64F2343ADEA854F2F27755 /* MastodonSettingDomainTableViewCell.swift */ = {isa = PBXFileReference; lastKnownFileType = sourcecode.swift; path = MastodonSettingDomainTableViewCell.swift; sourceTree = "<group>"; };
		DDACAC8914DAFAB07E4A36B0 /* TwitterSettingViewController.xib */ = {isa = PBXFileReference; lastKnownFileType = file.xib; path = TwitterSettingViewController.xib; sourceTree = "<group>"; };
		E0155C1D229E5B101B43D785 /* TodayViewController.swift */ = {isa = PBXFileReference; lastKnownFileType = sourcecode.swift; path = TodayViewController.swift; sourceTree = "<group>"; };
		E81EA6DF1BC8A61065F85B3E /* SearchMastodonViewModel.swift */ = {isa = PBXFileReference; lastKnownFileType = sourcecode.swift; path = SearchMastodonViewModel.swift; sourceTree = "<group>"; };
		EDA8E7920AEFE25BABBB7A91 /* SwiftPrint.swift */ = {isa = PBXFileReference; lastKnownFileType = sourcecode.swift; path = SwiftPrint.swift; sourceTree = "<group>"; };
		F0F484597FBCC09513F37498 /* MastodonDomainTableViewCell.xib */ = {isa = PBXFileReference; lastKnownFileType = file.xib; path = MastodonDomainTableViewCell.xib; sourceTree = "<group>"; };
		F38FBCFF71EF332978BD38EC /* TweetViewModel.swift */ = {isa = PBXFileReference; lastKnownFileType = sourcecode.swift; path = TweetViewModel.swift; sourceTree = "<group>"; };
		F3B1AA42C2DF2BE53537C73E /* MastodonTokenRevokeRequest.swift */ = {isa = PBXFileReference; lastKnownFileType = sourcecode.swift; path = MastodonTokenRevokeRequest.swift; sourceTree = "<group>"; };
		F6613F040E6D0FB68C2DE1FD /* TweetViewController.swift */ = {isa = PBXFileReference; lastKnownFileType = sourcecode.swift; path = TweetViewController.swift; sourceTree = "<group>"; };
		FA59162304BA1D39B7BD25E5 /* Settings.bundle */ = {isa = PBXFileReference; lastKnownFileType = "wrapper.plug-in"; path = Settings.bundle; sourceTree = "<group>"; };
		FB7913ADB2904629BC641A66 /* PopupDialog.framework */ = {isa = PBXFileReference; lastKnownFileType = wrapper.framework; path = PopupDialog.framework; sourceTree = "<group>"; };
		FCB7EDD25D290D0AB9716645 /* AppDelegate.swift */ = {isa = PBXFileReference; lastKnownFileType = sourcecode.swift; path = AppDelegate.swift; sourceTree = "<group>"; };
		FEAC0157BE6D45464251ABA4 /* SearchMastodonViewController.xib */ = {isa = PBXFileReference; lastKnownFileType = file.xib; path = SearchMastodonViewController.xib; sourceTree = "<group>"; };
		FEDA464933D6A368C35A2413 /* TwitterSettingViewController.swift */ = {isa = PBXFileReference; lastKnownFileType = sourcecode.swift; path = TwitterSettingViewController.swift; sourceTree = "<group>"; };
/* End PBXFileReference section */

/* Begin PBXFrameworksBuildPhase section */
		4EE784365B3ABA579D79FA18 /* Frameworks */ = {
			isa = PBXFrameworksBuildPhase;
			buildActionMask = 2147483647;
			files = (
				A103286D8DB365E045D640C4 /* NotificationCenter.framework in Frameworks */,
				CB669EACEE972B3702F5F474 /* Umbrella.framework in Frameworks */,
				157612E351C4D92B1DAD4C00 /* Pods_TodayExtension.framework in Frameworks */,
			);
			runOnlyForDeploymentPostprocessing = 0;
		};
		98FB9121108924127010C3BD /* Frameworks */ = {
			isa = PBXFrameworksBuildPhase;
			buildActionMask = 2147483647;
			files = (
				77C1AC2462B0E4E1C4E1E3C7 /* BuildFile in Frameworks */,
				0725562C920EC01BE372B957 /* BuildFile in Frameworks */,
				606AF638C7E732F51F1DE426 /* BuildFile in Frameworks */,
				C7E6FDC9A264FADDEADFA78D /* BuildFile in Frameworks */,
				71FEE45F47C0987983D63203 /* BuildFile in Frameworks */,
				DC55E3FA39412CF1FED8C947 /* BuildFile in Frameworks */,
				22F4B73899479940D86C2548 /* BuildFile in Frameworks */,
				A4BCAFAD81AA471F8F93A5F0 /* BuildFile in Frameworks */,
				B7D7163F8CFC79C2CCFFB793 /* BuildFile in Frameworks */,
				3317B0253298918CBE858D69 /* DynamicBlurView.framework in Frameworks */,
				7DC290377D03D822FD0B1321 /* PopupDialog.framework in Frameworks */,
				1AAD7A2EC45E1B00A47EE1EC /* Eureka.framework in Frameworks */,
				6BDECE1CF9C3B4020884C66C /* SVProgressHUD.framework in Frameworks */,
				974E0709B034ED1EC463A351 /* Umbrella.framework in Frameworks */,
				E9BA0C4AA38F0DC7944BE076 /* Pods_NowPlaying.framework in Frameworks */,
			);
			runOnlyForDeploymentPostprocessing = 0;
		};
		C7E8C57253870584B9FED151 /* Frameworks */ = {
			isa = PBXFrameworksBuildPhase;
			buildActionMask = 2147483647;
			files = (
				2A5F11DF40583FA3E7B3B3E9 /* BuildFile in Frameworks */,
				4C517165C43616130269D6C1 /* BuildFile in Frameworks */,
				E269C65E653D86749E995DE9 /* BuildFile in Frameworks */,
			);
			runOnlyForDeploymentPostprocessing = 0;
		};
/* End PBXFrameworksBuildPhase section */

/* Begin PBXGroup section */
		00C5410D495E35F1B4677CD8 /* Frameworks */ = {
			isa = PBXGroup;
			children = (
				BEE659D60A51EC6B01683ED6 /* NotificationCenter.framework */,
				2244685281D25F53C06456C7 /* Carthage */,
				CE637E7B596A86CCACE447EA /* Pods_NowPlaying.framework */,
				646AA5B0EBEF3AFBCEC43445 /* Pods_TodayExtension.framework */,
			);
			name = Frameworks;
			sourceTree = "<group>";
		};
		01016D26C3BCB0DC066B9F4A /* Instances */ = {
			isa = PBXGroup;
			children = (
				2CA3A6A00D26BA73FE73BBCB /* InstanceListRequest.swift */,
				84368FA0D393CDD84296CF4B /* InstancesSearchRequest.swift */,
			);
			path = Instances;
			sourceTree = "<group>";
		};
		01B330DE1489C98CDA337763 /* Screens */ = {
			isa = PBXGroup;
			children = (
				DB83BFC5804435FBB5A485CE /* AccountManage */,
				DB02BF4C052EF06DE8FF0513 /* Play */,
				8E3E2315A82F0EBBABF83937 /* Preview */,
				FCD04751FE66A855FA40815D /* SearchMastodon */,
				7CC7B3C0F1FD0135F29A5A42 /* Setting */,
				F0D5BAE5054DE2EB147A720C /* Tweet */,
			);
			path = Screens;
			sourceTree = "<group>";
		};
		070D2C2612DDC8815D7FFD01 /* Eureka */ = {
			isa = PBXGroup;
			children = (
				614B318A0C76D40B6B0B23E2 /* NowPlayingButtonRow.swift */,
				FC2DD56496B7BC1010D8A56B /* Footers */,
			);
			path = Eureka;
			sourceTree = "<group>";
		};
		078CD652EDEDE387F420F199 /* Twitter */ = {
			isa = PBXGroup;
			children = (
				D36A34E5CECAECE2C4F10988 /* TwitterPostRequest.swift */,
			);
			path = Twitter;
			sourceTree = "<group>";
		};
		0932A778652E516C938C1417 /* TodayExtension */ = {
			isa = PBXGroup;
			children = (
				8F32653F6E849ABC7C3F6AE6 /* Info.plist */,
				FB7EC7D563F5F9DAA1DF9F2C /* MainInterface.storyboard */,
				0A43250CD9404AEFA7BC9F97 /* Screen */,
			);
			path = TodayExtension;
			sourceTree = "<group>";
		};
		0A43250CD9404AEFA7BC9F97 /* Screen */ = {
			isa = PBXGroup;
			children = (
				E0155C1D229E5B101B43D785 /* TodayViewController.swift */,
				AAA154D641DDA1F1C22F70CC /* TodayViewModel.swift */,
			);
			path = Screen;
			sourceTree = "<group>";
		};
		0D3B4115F39017347047F1ED /* iOS */ = {
			isa = PBXGroup;
			children = (
				CD1E8A31E237901F4675868A /* DynamicBlurView.framework */,
				355D6ED2EF43FAD0B3F0C7C1 /* Eureka.framework */,
				FB7913ADB2904629BC641A66 /* PopupDialog.framework */,
				B43F29597A45F463B34FBA69 /* SVProgressHUD.framework */,
			);
			path = iOS;
			sourceTree = "<group>";
		};
		16655AF9A5EA7CBB52A37E99 /* MastodonSettingDomainCell */ = {
			isa = PBXGroup;
			children = (
				DC64F2343ADEA854F2F27755 /* MastodonSettingDomainTableViewCell.swift */,
				0E784BA2706BF9962CBD0773 /* MastodonSettingDomainTableViewCell.xib */,
			);
			path = MastodonSettingDomainCell;
			sourceTree = "<group>";
		};
		18E4944A32C890B1BC5F8E80 /* RxStoreKit */ = {
			isa = PBXGroup;
			children = (
				8F7694DEFDEB0D07BF575511 /* LICENSE */,
				502FE0E5F9B48E8E4BF1CFF9 /* RxSKPaymentTransactionObserver.swift */,
				D7DDC3B276CCDC44226FA0F5 /* SKPaymentQueue+Rx.swift */,
				003F733C11926106D59F9F1F /* SKProductsRequest+Rx.swift */,
				84D8373178FC54F4A125C300 /* SKProductsRequestDelegateProxy.swift */,
				278B9BBCADE90DF34F4D4BFB /* SKReceiptRefreshRequest+Rx.swift */,
				0CF2CE8DA835ED9E005E547B /* SKReceiptRefreshRequestDelegateProxy.swift */,
			);
			path = RxStoreKit;
			sourceTree = "<group>";
		};
		2244685281D25F53C06456C7 /* Carthage */ = {
			isa = PBXGroup;
			children = (
				0D3B4115F39017347047F1ED /* iOS */,
			);
			name = Carthage;
			path = Carthage/Build;
			sourceTree = "<group>";
		};
		258A51C109BC5E53C7ACFC0C /* Common */ = {
			isa = PBXGroup;
			children = (
				14C6DB0F64D101EAEA90CAC1 /* Common.swift */,
				C93D216F21342F9145E2AE46 /* Enumerates.swift */,
				EDA8E7920AEFE25BABBB7A91 /* SwiftPrint.swift */,
			);
			path = Common;
			sourceTree = "<group>";
		};
		29A1DA56BE4558ADB5C8B8D4 /* Products */ = {
			isa = PBXGroup;
			children = (
				54D988FD55CCFC5C958C7437 /* NowPlaying.app */,
				04FCEA5C6B751946D2224753 /* TodayExtension.appex */,
				5B512EA04E66AD41CAD5E6ED /* Umbrella.framework */,
			);
			name = Products;
			sourceTree = "<group>";
		};
		3649549F08D6456167E8E905 /* UIButtons */ = {
			isa = PBXGroup;
			children = (
				A7616DA9C6D4B27E9898A2B9 /* ShadowButton.swift */,
			);
			path = UIButtons;
			sourceTree = "<group>";
		};
		3FDABF7588F9F350DC0D4359 /* MastodonSetting */ = {
			isa = PBXGroup;
			children = (
				7546E431C8DC08EC64CFC51D /* MastodonSettingViewController.swift */,
				BCBA9A3D37F2813730CF6249 /* MastodonSettingViewController.xib */,
				998F4CB7171689DDDAB11ADD /* MastodonSettingViewModel.swift */,
			);
			path = MastodonSetting;
			sourceTree = "<group>";
		};
		414F6466080AED932209D51E = {
			isa = PBXGroup;
			children = (
				D3103D789317F86312FA110B /* NowPlaying */,
				0932A778652E516C938C1417 /* TodayExtension */,
				B1AA3035B34331F5F90B0A25 /* Umbrella */,
				00C5410D495E35F1B4677CD8 /* Frameworks */,
				29A1DA56BE4558ADB5C8B8D4 /* Products */,
				5AB7927976AB4A70219D4F32 /* Pods */,
			);
			indentWidth = 4;
			sourceTree = "<group>";
			usesTabs = 0;
		};
		53A65567AC4D13B78C0EA4E9 /* MethodSwizzling */ = {
			isa = PBXGroup;
			children = (
				46A5D208070723DCC7D754FE /* UIViewController+Dealloc.swift */,
			);
			path = MethodSwizzling;
			sourceTree = "<group>";
		};
		5AB7927976AB4A70219D4F32 /* Pods */ = {
			isa = PBXGroup;
			children = (
				14CE1DA82441C0906C380E8E /* Pods-NowPlaying.debug.xcconfig */,
				092AF6006AF94E875B6183EE /* Pods-NowPlaying.release.xcconfig */,
				7ECDF0EA7AB179220D4BEC51 /* Pods-TodayExtension.debug.xcconfig */,
				9DA1D172566D6D46F93403B1 /* Pods-TodayExtension.release.xcconfig */,
			);
			name = Pods;
			path = Pods;
			sourceTree = "<group>";
		};
		62998C8D570CA83955C74648 /* Reactive */ = {
			isa = PBXGroup;
			children = (
				18E4944A32C890B1BC5F8E80 /* RxStoreKit */,
			);
			path = Reactive;
			sourceTree = "<group>";
		};
		7AC2F8783A7BE30F47DDC8C4 /* UITableViewCells */ = {
			isa = PBXGroup;
			children = (
				C6EB07259ACE968052B6D404 /* AccountManageTableViewCell */,
				DEFC6051B2BE03E1AB93CCCC /* MastodonDomainTableViewCell */,
				16655AF9A5EA7CBB52A37E99 /* MastodonSettingDomainCell */,
			);
			path = UITableViewCells;
			sourceTree = "<group>";
		};
		7CC7B3C0F1FD0135F29A5A42 /* Setting */ = {
			isa = PBXGroup;
			children = (
				3FDABF7588F9F350DC0D4359 /* MastodonSetting */,
				FBD249266FF14A88F4A74C54 /* Top */,
				A1AFD427A96C4D18ACBA09A1 /* TwitterSetting */,
			);
			path = Setting;
			sourceTree = "<group>";
		};
		89C3BA0DECC82CF05558081C /* Mastodon */ = {
			isa = PBXGroup;
			children = (
				4F3B21D32A13292BD08C8A9B /* MastodonAppRequest.swift */,
				9CA66C28948DC3BE930E08BA /* MastodonGetTokenRequest.swift */,
				7AD4C717A56A0130B239A9E1 /* MastodonMediaRequest.swift */,
				F3B1AA42C2DF2BE53537C73E /* MastodonTokenRevokeRequest.swift */,
				78658CE70C0BE05E156A2013 /* MastodonTootRequest.swift */,
				C2AE6C18A6E99AF80C7EAC58 /* MastodonVerifyCredentialsRequest.swift */,
			);
			path = Mastodon;
			sourceTree = "<group>";
		};
		8E3E2315A82F0EBBABF83937 /* Preview */ = {
			isa = PBXGroup;
			children = (
				212AB8AFFE63F5D3FE0912EC /* ArtworkPreviewViewController.swift */,
				4B81D332FA8F8ECCF2766F89 /* ArtworkPreviewViewController.xib */,
				0F17AC13232E41A7C4E845CD /* ArtworkPreviewViewModel.swift */,
			);
			path = Preview;
			sourceTree = "<group>";
		};
		91EAD3DD25D207DAD606AACF /* API */ = {
			isa = PBXGroup;
			children = (
				5B2FBEE2D0537EC444156A71 /* AppInfoRequest.swift */,
				D1C8ED543A391DF3A5F132F8 /* Requests.swift */,
				01016D26C3BCB0DC066B9F4A /* Instances */,
				89C3BA0DECC82CF05558081C /* Mastodon */,
				078CD652EDEDE387F420F199 /* Twitter */,
			);
			path = API;
			sourceTree = "<group>";
		};
		93AD6CF6A0FA2FA0E1DB4545 /* Scripts */ = {
			isa = PBXGroup;
			children = (
				9644356C693A38118B0BEC69 /* Environments.swift */,
				1360AF17CABA0F7E7090DBDE /* R.generated.swift */,
				91EAD3DD25D207DAD606AACF /* API */,
				F1D2BADCA46EA548D6E644F9 /* AppDelegate */,
				258A51C109BC5E53C7ACFC0C /* Common */,
				070D2C2612DDC8815D7FFD01 /* Eureka */,
				EA7C7CAF7532FFD5D21239A3 /* Extension */,
				C15D400ABB4797AB2905877B /* Manager */,
				53A65567AC4D13B78C0EA4E9 /* MethodSwizzling */,
				A22BF4DCF3208B65297FFE28 /* Model */,
				62998C8D570CA83955C74648 /* Reactive */,
				BF0C1F125F5AFCFC1C3393B4 /* RealmObject */,
				01B330DE1489C98CDA337763 /* Screens */,
				3649549F08D6456167E8E905 /* UIButtons */,
				7AC2F8783A7BE30F47DDC8C4 /* UITableViewCells */,
			);
			path = Scripts;
			sourceTree = "<group>";
		};
		A1AFD427A96C4D18ACBA09A1 /* TwitterSetting */ = {
			isa = PBXGroup;
			children = (
				FEDA464933D6A368C35A2413 /* TwitterSettingViewController.swift */,
				DDACAC8914DAFAB07E4A36B0 /* TwitterSettingViewController.xib */,
				C839807C60312814B97DA81C /* TwitterSettingViewModel.swift */,
			);
			path = TwitterSetting;
			sourceTree = "<group>";
		};
		A22BF4DCF3208B65297FFE28 /* Model */ = {
			isa = PBXGroup;
			children = (
				69285251175B98031FE3D123 /* Instance.swift */,
				2F9470E5C91E99D8B9533E74 /* PostContent.swift */,
			);
			path = Model;
			sourceTree = "<group>";
		};
		AA5B79CCE106885817B49CB6 /* Storyboard */ = {
			isa = PBXGroup;
			children = (
				A284BBC3A932E7327F4DC902 /* LaunchScreen.storyboard */,
			);
			path = Storyboard;
			sourceTree = "<group>";
		};
		B1AA3035B34331F5F90B0A25 /* Umbrella */ = {
			isa = PBXGroup;
			children = (
				6865EA803160BFA3C71815A4 /* Info.plist */,
				D4EB09565546BF9953B22F89 /* Umbrella.h */,
			);
			path = Umbrella;
			sourceTree = "<group>";
		};
		BF0C1F125F5AFCFC1C3393B4 /* RealmObject */ = {
			isa = PBXGroup;
			children = (
				B3908E82ABB3969C3B0178AC /* SecretCredential.swift */,
				9FB8674617649563BFC1271D /* User.swift */,
			);
			path = RealmObject;
			sourceTree = "<group>";
		};
		C15D400ABB4797AB2905877B /* Manager */ = {
			isa = PBXGroup;
			children = (
				98C298D8E385B5BAFB663028 /* AuthManager.swift */,
				A5E4D5AE4D093FF9BC723EC2 /* MastodonSessionControl.swift */,
				4F8246D5F747647D19D107F1 /* PaymentManager.swift */,
				7A24CF59EB7805A2E3DC279B /* TwitterSessionControl.swift */,
			);
			path = Manager;
			sourceTree = "<group>";
		};
		C6EB07259ACE968052B6D404 /* AccountManageTableViewCell */ = {
			isa = PBXGroup;
			children = (
				BA837AEC8938CEDEFF42C2DB /* AccountManageTableViewCell.swift */,
				D8A21EAE11CB967AA0581D9A /* AccountManageTableViewCell.xib */,
			);
			path = AccountManageTableViewCell;
			sourceTree = "<group>";
		};
		D3103D789317F86312FA110B /* NowPlaying */ = {
			isa = PBXGroup;
			children = (
				30A9127DFEE3169B25850930 /* NowPlaying.entitlements */,
				E0E725E472237C00E0487717 /* Resources */,
				93AD6CF6A0FA2FA0E1DB4545 /* Scripts */,
				AA5B79CCE106885817B49CB6 /* Storyboard */,
			);
			path = NowPlaying;
			sourceTree = "<group>";
		};
		DB02BF4C052EF06DE8FF0513 /* Play */ = {
			isa = PBXGroup;
			children = (
				5081555058EA30F8EC9672C7 /* PlayViewController.swift */,
				9066B6CB34CC7FEC96DD3FC9 /* PlayViewController.xib */,
				68F4AE2CB6FE21BEC534B4B1 /* PlayViewModel.swift */,
			);
			path = Play;
			sourceTree = "<group>";
		};
		DB83BFC5804435FBB5A485CE /* AccountManage */ = {
			isa = PBXGroup;
			children = (
				74C2B562B207C7759A2F8C69 /* AccountManageViewController.swift */,
				CF28053F29BEE39DE0F27332 /* AccountManageViewController.xib */,
				1BAD5721F82F5DF95CB5C67F /* AccountManageViewModel.swift */,
			);
			path = AccountManage;
			sourceTree = "<group>";
		};
		DEFC6051B2BE03E1AB93CCCC /* MastodonDomainTableViewCell */ = {
			isa = PBXGroup;
			children = (
				D81EECF1D2730AC29BC00EC4 /* MastodonDomainTableViewCell.swift */,
				F0F484597FBCC09513F37498 /* MastodonDomainTableViewCell.xib */,
			);
			path = MastodonDomainTableViewCell;
			sourceTree = "<group>";
		};
		E0E725E472237C00E0487717 /* Resources */ = {
			isa = PBXGroup;
			children = (
				BEE3E2889D5BE1F4DCB2C4EA /* Assets.xcassets */,
				42908FA4D49D0F0F3DE6F160 /* Carthage.xcfilelist */,
				BFF0945A3A0718346431FCD1 /* GoogleService-Info.plist */,
				BFB666994D0FCF1005B94795 /* Info.plist */,
				91B9D1D8E63B12AF4D353B6A /* license_plist.yml */,
				FA59162304BA1D39B7BD25E5 /* Settings.bundle */,
				FBBEC6C41810BF1B6A280CDD /* Config */,
			);
			path = Resources;
			sourceTree = "<group>";
		};
		EA7C7CAF7532FFD5D21239A3 /* Extension */ = {
			isa = PBXGroup;
			children = (
				5D5D2D0A6FD9107C12F4D576 /* Analytics+NowPlaying.swift */,
				D680054099A5E48DBCAF349E /* HTTPURLResponse+StatusCode.swift */,
				CBDD19F692FEAC9A01B36B4C /* Keychain+Key.swift */,
				3A270DA66E5851ED21C7E37B /* Reactive+Session.swift */,
				D253B0EEB5820307C6F8EF30 /* Realm+Rx.swift */,
				3B7A1B195F08EA15D421EF9E /* UIButton+Nuke.swift */,
				D0BD88A90DA10329F744FA7F /* UIImageView+Nuke.swift */,
				9A81899D5459639D9818F05F /* UserDefaults+Key.swift */,
			);
			path = Extension;
			sourceTree = "<group>";
		};
		F0D5BAE5054DE2EB147A720C /* Tweet */ = {
			isa = PBXGroup;
			children = (
				F6613F040E6D0FB68C2DE1FD /* TweetViewController.swift */,
				51B813DD7CEB2495ABB4D6D6 /* TweetViewController.xib */,
				F38FBCFF71EF332978BD38EC /* TweetViewModel.swift */,
			);
			path = Tweet;
			sourceTree = "<group>";
		};
		F1D2BADCA46EA548D6E644F9 /* AppDelegate */ = {
			isa = PBXGroup;
			children = (
				FCB7EDD25D290D0AB9716645 /* AppDelegate.swift */,
				7366CE0CB6F3B56F5FF77E6E /* AppDelegateViewModel.swift */,
			);
			path = AppDelegate;
			sourceTree = "<group>";
		};
		FBBEC6C41810BF1B6A280CDD /* Config */ = {
			isa = PBXGroup;
			children = (
				1C4C23AD35CE813D6056FA2C /* NowPlaying-Debug.xcconfig */,
				8C5E1ECD4484573B17ABBC02 /* NowPlaying-Release.xcconfig */,
			);
			path = Config;
			sourceTree = "<group>";
		};
		FBD249266FF14A88F4A74C54 /* Top */ = {
			isa = PBXGroup;
			children = (
				0E5088E2B1B8A2EB3B97A5B1 /* SettingViewController.swift */,
				8F1F14A7AB061AD7B772C952 /* SettingViewController.xib */,
				6A423C295AAA4A6E5723BE8F /* SettingViewModel.swift */,
			);
			path = Top;
			sourceTree = "<group>";
		};
		FC2DD56496B7BC1010D8A56B /* Footers */ = {
			isa = PBXGroup;
			children = (
				D28BBC45E4B8903F09916B22 /* PostFormatHelpView.swift */,
				7C802AB5AFE84C82A4CF8F46 /* PostFormatHelpView.xib */,
			);
			path = Footers;
			sourceTree = "<group>";
		};
		FCD04751FE66A855FA40815D /* SearchMastodon */ = {
			isa = PBXGroup;
			children = (
				7D9563E9EDC4425143EEDB08 /* SearchMastodonViewController.swift */,
				FEAC0157BE6D45464251ABA4 /* SearchMastodonViewController.xib */,
				E81EA6DF1BC8A61065F85B3E /* SearchMastodonViewModel.swift */,
			);
			path = SearchMastodon;
			sourceTree = "<group>";
		};
/* End PBXGroup section */

/* Begin PBXHeadersBuildPhase section */
		58E2BADA4A9D2E75F2C6A030 /* Headers */ = {
			isa = PBXHeadersBuildPhase;
			buildActionMask = 2147483647;
			files = (
				17700D58D62BD5926789A905 /* Umbrella.h in Headers */,
			);
			runOnlyForDeploymentPostprocessing = 0;
		};
/* End PBXHeadersBuildPhase section */

/* Begin PBXNativeTarget section */
		74EEEC4051194D5C3A782724 /* Umbrella */ = {
			isa = PBXNativeTarget;
			buildConfigurationList = 7B8795FD221D89607395BF6B /* Build configuration list for PBXNativeTarget "Umbrella" */;
			buildPhases = (
				58E2BADA4A9D2E75F2C6A030 /* Headers */,
				7FB443A87B33AB3800635525 /* Sources */,
				C7E8C57253870584B9FED151 /* Frameworks */,
			);
			buildRules = (
			);
			dependencies = (
			);
			name = Umbrella;
			packageProductDependencies = (
				8A1BED010643B66DC3B76411 /* SwiftPackageProductDependency */,
				CF54D0E86CD0FCBDBDD60F12 /* SwiftPackageProductDependency */,
				1254BB7D7A66DE1A48EB6B4E /* SwiftPackageProductDependency */,
			);
			productName = Umbrella;
			productReference = 5B512EA04E66AD41CAD5E6ED /* Umbrella.framework */;
			productType = "com.apple.product-type.framework";
		};
		82C6D9C790484BF62FF0A175 /* NowPlaying */ = {
			isa = PBXNativeTarget;
			buildConfigurationList = 43D9913B0A3749C4A02B28BC /* Build configuration list for PBXNativeTarget "NowPlaying" */;
			buildPhases = (
				4959571B83B5FE72F8F3B670 /* [CP] Check Pods Manifest.lock */,
				3152785B9F1D0E295AF4797A /* R.swift */,
				6FCE0C6312C0F0C44178511A /* Sources */,
				0417572CCBFF3A72A5CC46F7 /* SwiftLint */,
				41B75595E2FFA7DC8B88D4DC /* PlistBuddy (Settings.bundle Root.plist) */,
				A768911EA8E40099A504DBD9 /* Resources */,
				E4C3D2805FD30C1A9F625246 /* Carthage */,
				98FB9121108924127010C3BD /* Frameworks */,
				1FA57EEDBFD726B8D42DE324 /* Embed App Extensions */,
				A9A77949BC477A0D91374B8D /* Embed Frameworks */,
				93D561C82FC48C8D8BB3A0C6 /* Crashlytics */,
				FD5FA24067A17181FA422FB5 /* [CP] Embed Pods Frameworks */,
			);
			buildRules = (
			);
			dependencies = (
				00FF9BADE02C8489F7671AC7 /* PBXTargetDependency */,
				F7B07C519BA587D36FB3273E /* PBXTargetDependency */,
			);
			name = NowPlaying;
			packageProductDependencies = (
				61098FF26BCD12F3D84F3757 /* SwiftPackageProductDependency */,
				0B8401FA8D3846EB893557EB /* SwiftPackageProductDependency */,
				DF9CA365B6897F4CA5D445A9 /* SwiftPackageProductDependency */,
				59D44189BB393B796518DD68 /* SwiftPackageProductDependency */,
				735856EBD3B4503AA90D086C /* SwiftPackageProductDependency */,
				EB35587619ADDB1F2E7BCB28 /* SwiftPackageProductDependency */,
				C187B229C35E572D8AD3578E /* SwiftPackageProductDependency */,
				FBF14C28861D7ADB07B49DD9 /* SwiftPackageProductDependency */,
				AEDBE62F5CA11813EAA672B9 /* SwiftPackageProductDependency */,
			);
			productName = NowPlaying;
			productReference = 54D988FD55CCFC5C958C7437 /* NowPlaying.app */;
			productType = "com.apple.product-type.application";
		};
		E2B3E41C68E84D79C9908E24 /* TodayExtension */ = {
			isa = PBXNativeTarget;
			buildConfigurationList = 844D823D974F7947EFB4C022 /* Build configuration list for PBXNativeTarget "TodayExtension" */;
			buildPhases = (
				FDC51C439BCE929ED3B30A8E /* [CP] Check Pods Manifest.lock */,
				D0B7AF0BE23F7E99CF88C3C9 /* Sources */,
				7FBE2B42311CFBF1EB5539D0 /* Resources */,
				4EE784365B3ABA579D79FA18 /* Frameworks */,
			);
			buildRules = (
			);
			dependencies = (
				D2806DD13842C2CD8BF51E80 /* PBXTargetDependency */,
			);
			name = TodayExtension;
			productName = TodayExtension;
			productReference = 04FCEA5C6B751946D2224753 /* TodayExtension.appex */;
			productType = "com.apple.product-type.app-extension";
		};
/* End PBXNativeTarget section */

/* Begin PBXProject section */
		382AAC770C51A21B7F9A9040 /* Project object */ = {
			isa = PBXProject;
			attributes = {
				LastUpgradeCheck = 1020;
				ORGANIZATIONNAME = "Yuya Oka";
				TargetAttributes = {
					74EEEC4051194D5C3A782724 = {
						DevelopmentTeam = 99649YXF6E;
					};
					82C6D9C790484BF62FF0A175 = {
						DevelopmentTeam = 99649YXF6E;
					};
					E2B3E41C68E84D79C9908E24 = {
						DevelopmentTeam = 99649YXF6E;
					};
				};
			};
			buildConfigurationList = 46BECD20715C1B8B2DCE3D4B /* Build configuration list for PBXProject "NowPlaying" */;
			compatibilityVersion = "Xcode 10.0";
			developmentRegion = ja;
			hasScannedForEncodings = 0;
			knownRegions = (
				Base,
				ja,
			);
			mainGroup = 414F6466080AED932209D51E;
			packageReferences = (
				B8597F83B4F2DAE8A933F169 /* RemoteSwiftPackageReference */,
				4352630E58E64C5459CDF988 /* RemoteSwiftPackageReference */,
				EFDBF1899CCFFC496EFAF27C /* RemoteSwiftPackageReference */,
				0454B01CC68BCC0AF4369A80 /* RemoteSwiftPackageReference */,
				B3EE02F8F35E42BE40512C37 /* RemoteSwiftPackageReference */,
				9054612C3BC8D4C9052D27E2 /* RemoteSwiftPackageReference */,
				AB907B8BAA8FD8DFC81C611B /* RemoteSwiftPackageReference */,
				F10D7C46206695266494DC36 /* RemoteSwiftPackageReference */,
				EF6106888EA020FF0B85560E /* RemoteSwiftPackageReference */,
				F6B4BE7F48D7582B25BF3677 /* RemoteSwiftPackageReference */,
				46FABD41FCDA1843B6CD2F41 /* RemoteSwiftPackageReference */,
				B9D7C11FC3F295C77511CCD8 /* RemoteSwiftPackageReference */,
			);
			productRefGroup = 29A1DA56BE4558ADB5C8B8D4 /* Products */;
			projectDirPath = "";
			projectRoot = "";
			targets = (
				82C6D9C790484BF62FF0A175 /* NowPlaying */,
				E2B3E41C68E84D79C9908E24 /* TodayExtension */,
				74EEEC4051194D5C3A782724 /* Umbrella */,
			);
		};
/* End PBXProject section */

/* Begin PBXResourcesBuildPhase section */
		7FBE2B42311CFBF1EB5539D0 /* Resources */ = {
			isa = PBXResourcesBuildPhase;
			buildActionMask = 2147483647;
			files = (
				4438E0E5D858D73063D71536 /* MainInterface.storyboard in Resources */,
			);
			runOnlyForDeploymentPostprocessing = 0;
		};
		A768911EA8E40099A504DBD9 /* Resources */ = {
			isa = PBXResourcesBuildPhase;
			buildActionMask = 2147483647;
			files = (
				DA1C2F42676AF479C78523F3 /* AccountManageTableViewCell.xib in Resources */,
				D0C7CF16C68E8C183C45DCB0 /* AccountManageViewController.xib in Resources */,
				0F9B22E53ACFBB32E0F9240A /* ArtworkPreviewViewController.xib in Resources */,
				8462100391601D1C17C9C95E /* Assets.xcassets in Resources */,
				5BA94626DF38CB0D9D502B5F /* GoogleService-Info.plist in Resources */,
				58C13C78865E41F52806A03B /* LaunchScreen.storyboard in Resources */,
				1A21F284E3DC41F315E0C5EB /* MastodonDomainTableViewCell.xib in Resources */,
				B05CC6064AD158E5B38D1224 /* MastodonSettingDomainTableViewCell.xib in Resources */,
				293CB42222A55D2DD2CF38F4 /* MastodonSettingViewController.xib in Resources */,
				609A45DAE72FA409E7D95596 /* PlayViewController.xib in Resources */,
				0D9153DA607FA6BD6396B304 /* PostFormatHelpView.xib in Resources */,
				9BAE7868E99C88B933BB3F9B /* SearchMastodonViewController.xib in Resources */,
				357E15BBE8E79E84B712DC26 /* SettingViewController.xib in Resources */,
				830527F27CAE643CC8C36AD5 /* Settings.bundle in Resources */,
				23FC29743AFF76DACFE59337 /* TweetViewController.xib in Resources */,
				EFCB50D5E75C0DD823CB28AA /* TwitterSettingViewController.xib in Resources */,
				A24FA869040F357B5EB8CC35 /* license_plist.yml in Resources */,
			);
			runOnlyForDeploymentPostprocessing = 0;
		};
/* End PBXResourcesBuildPhase section */

/* Begin PBXShellScriptBuildPhase section */
		0417572CCBFF3A72A5CC46F7 /* SwiftLint */ = {
			isa = PBXShellScriptBuildPhase;
			buildActionMask = 2147483647;
			files = (
			);
			inputFileListPaths = (
			);
			inputPaths = (
			);
			name = SwiftLint;
			outputFileListPaths = (
			);
			outputPaths = (
			);
			runOnlyForDeploymentPostprocessing = 0;
			shellPath = /bin/sh;
			shellScript = "${PODS_ROOT}/SwiftLint/swiftlint";
		};
		3152785B9F1D0E295AF4797A /* R.swift */ = {
			isa = PBXShellScriptBuildPhase;
			buildActionMask = 2147483647;
			files = (
			);
			inputFileListPaths = (
			);
			inputPaths = (
				"$(TEMP_DIR)/rswift-lastrun",
			);
			name = R.swift;
			outputFileListPaths = (
			);
			outputPaths = (
				"$(SRCROOT)/NowPlaying/Scripts/R.generated.swift",
			);
			runOnlyForDeploymentPostprocessing = 0;
			shellPath = /bin/sh;
			shellScript = "\"${PODS_ROOT}/R.swift/rswift\" generate \"${SRCROOT}/NowPlaying/Scripts/R.generated.swift\"";
		};
		41B75595E2FFA7DC8B88D4DC /* PlistBuddy (Settings.bundle Root.plist) */ = {
			isa = PBXShellScriptBuildPhase;
			buildActionMask = 2147483647;
			files = (
			);
			inputFileListPaths = (
			);
			inputPaths = (
			);
			name = "PlistBuddy (Settings.bundle Root.plist)";
			outputFileListPaths = (
			);
			outputPaths = (
			);
			runOnlyForDeploymentPostprocessing = 0;
			shellPath = /bin/sh;
			shellScript = "\"APP_VERSION=$(/usr/libexec/PlistBuddy -c \\\"Print CFBundleShortVersionString\\\" $PRODUCT_SETTINGS_PATH)\"\n\"/usr/libexec/PlistBuddy -c \\\"Set :PreferenceSpecifiers:1:DefaultValue ${APP_VERSION}\\\" \\\"${SRCROOT}/NowPlaying/Resources/Settings.bundle/Root.plist\\\"\"\n";
		};
		4959571B83B5FE72F8F3B670 /* [CP] Check Pods Manifest.lock */ = {
			isa = PBXShellScriptBuildPhase;
			buildActionMask = 2147483647;
			files = (
			);
			inputFileListPaths = (
			);
			inputPaths = (
				"${PODS_PODFILE_DIR_PATH}/Podfile.lock",
				"${PODS_ROOT}/Manifest.lock",
			);
			name = "[CP] Check Pods Manifest.lock";
			outputFileListPaths = (
			);
			outputPaths = (
				"$(DERIVED_FILE_DIR)/Pods-NowPlaying-checkManifestLockResult.txt",
			);
			runOnlyForDeploymentPostprocessing = 0;
			shellPath = /bin/sh;
			shellScript = "diff \"${PODS_PODFILE_DIR_PATH}/Podfile.lock\" \"${PODS_ROOT}/Manifest.lock\" > /dev/null\nif [ $? != 0 ] ; then\n    # print error to STDERR\n    echo \"error: The sandbox is not in sync with the Podfile.lock. Run 'pod install' or update your CocoaPods installation.\" >&2\n    exit 1\nfi\n# This output is used by Xcode 'outputs' to avoid re-running this script phase.\necho \"SUCCESS\" > \"${SCRIPT_OUTPUT_FILE_0}\"\n";
			showEnvVarsInLog = 0;
		};
		93D561C82FC48C8D8BB3A0C6 /* Crashlytics */ = {
			isa = PBXShellScriptBuildPhase;
			buildActionMask = 2147483647;
			files = (
			);
			inputFileListPaths = (
			);
			inputPaths = (
				"$(SRCROOT)/$(BUILT_PRODUCTS_DIR)/$(INFOPLIST_PATH)",
			);
			name = Crashlytics;
			outputFileListPaths = (
			);
			outputPaths = (
			);
			runOnlyForDeploymentPostprocessing = 0;
			shellPath = /bin/sh;
			shellScript = "${PODS_ROOT}/Fabric/run";
		};
		E4C3D2805FD30C1A9F625246 /* Carthage */ = {
			isa = PBXShellScriptBuildPhase;
			buildActionMask = 2147483647;
			files = (
			);
			inputPaths = (
				"$(SRCROOT)/Carthage/Build/iOS/DynamicBlurView.framework",
				"$(SRCROOT)/Carthage/Build/iOS/Eureka.framework",
				"$(SRCROOT)/Carthage/Build/iOS/PopupDialog.framework",
				"$(SRCROOT)/Carthage/Build/iOS/SVProgressHUD.framework",
			);
			name = Carthage;
			outputPaths = (
				"$(BUILT_PRODUCTS_DIR)/$(FRAMEWORKS_FOLDER_PATH)/DynamicBlurView.framework",
				"$(BUILT_PRODUCTS_DIR)/$(FRAMEWORKS_FOLDER_PATH)/Eureka.framework",
				"$(BUILT_PRODUCTS_DIR)/$(FRAMEWORKS_FOLDER_PATH)/PopupDialog.framework",
				"$(BUILT_PRODUCTS_DIR)/$(FRAMEWORKS_FOLDER_PATH)/SVProgressHUD.framework",
			);
			runOnlyForDeploymentPostprocessing = 0;
			shellPath = /bin/sh;
			shellScript = "carthage copy-frameworks\n";
		};
		FD5FA24067A17181FA422FB5 /* [CP] Embed Pods Frameworks */ = {
			isa = PBXShellScriptBuildPhase;
			buildActionMask = 2147483647;
			files = (
			);
			inputFileListPaths = (
				"${PODS_ROOT}/Target Support Files/Pods-NowPlaying/Pods-NowPlaying-frameworks-${CONFIGURATION}-input-files.xcfilelist",
			);
			name = "[CP] Embed Pods Frameworks";
			outputFileListPaths = (
				"${PODS_ROOT}/Target Support Files/Pods-NowPlaying/Pods-NowPlaying-frameworks-${CONFIGURATION}-output-files.xcfilelist",
			);
			runOnlyForDeploymentPostprocessing = 0;
			shellPath = /bin/sh;
			shellScript = "\"${PODS_ROOT}/Target Support Files/Pods-NowPlaying/Pods-NowPlaying-frameworks.sh\"\n";
			showEnvVarsInLog = 0;
		};
		FDC51C439BCE929ED3B30A8E /* [CP] Check Pods Manifest.lock */ = {
			isa = PBXShellScriptBuildPhase;
			buildActionMask = 2147483647;
			files = (
			);
			inputFileListPaths = (
			);
			inputPaths = (
				"${PODS_PODFILE_DIR_PATH}/Podfile.lock",
				"${PODS_ROOT}/Manifest.lock",
			);
			name = "[CP] Check Pods Manifest.lock";
			outputFileListPaths = (
			);
			outputPaths = (
				"$(DERIVED_FILE_DIR)/Pods-TodayExtension-checkManifestLockResult.txt",
			);
			runOnlyForDeploymentPostprocessing = 0;
			shellPath = /bin/sh;
			shellScript = "diff \"${PODS_PODFILE_DIR_PATH}/Podfile.lock\" \"${PODS_ROOT}/Manifest.lock\" > /dev/null\nif [ $? != 0 ] ; then\n    # print error to STDERR\n    echo \"error: The sandbox is not in sync with the Podfile.lock. Run 'pod install' or update your CocoaPods installation.\" >&2\n    exit 1\nfi\n# This output is used by Xcode 'outputs' to avoid re-running this script phase.\necho \"SUCCESS\" > \"${SCRIPT_OUTPUT_FILE_0}\"\n";
			showEnvVarsInLog = 0;
		};
/* End PBXShellScriptBuildPhase section */

/* Begin PBXSourcesBuildPhase section */
		6FCE0C6312C0F0C44178511A /* Sources */ = {
			isa = PBXSourcesBuildPhase;
			buildActionMask = 2147483647;
			files = (
				8690084AABB393D9EDD212CA /* AccountManageTableViewCell.swift in Sources */,
				7D2C7CFA93136A6DC73A7401 /* AccountManageViewController.swift in Sources */,
				D81EBCE0BE886F0AA9E79D6F /* AccountManageViewModel.swift in Sources */,
				AC1479056B54AD639722F862 /* Analytics+NowPlaying.swift in Sources */,
				1C992FD9AB47B0888D62A8CB /* AppDelegate.swift in Sources */,
				264D5D843CAB84EDE0684A47 /* AppDelegateViewModel.swift in Sources */,
				8EA116C30A13AE446A8CB974 /* AppInfoRequest.swift in Sources */,
				601C84A0823E68C2A4FF66F9 /* ArtworkPreviewViewController.swift in Sources */,
				EC11B21D6080B91AE6DC095A /* ArtworkPreviewViewModel.swift in Sources */,
				81BD78CD49C021789C12E05C /* AuthManager.swift in Sources */,
				17966D1D06D714E98AE84D70 /* Common.swift in Sources */,
				319534715B36567C4442E256 /* Enumerates.swift in Sources */,
				3AFE19A2F72F2A1A312C9238 /* Environments.swift in Sources */,
				7FC7FB9539DDCB4FD45497B1 /* HTTPURLResponse+StatusCode.swift in Sources */,
				6B9CD6DDC15F81A3493C9F4D /* Instance.swift in Sources */,
				1965ED7FD9AA50081989BDD1 /* InstanceListRequest.swift in Sources */,
				D16D9FC3E6D9C40B0F2B17D7 /* InstancesSearchRequest.swift in Sources */,
				7710557186E24EDC4DC48CD8 /* Keychain+Key.swift in Sources */,
				BD7222BB913E14AC782E98DD /* MastodonAppRequest.swift in Sources */,
				719677E4F10CB28E67942A8E /* MastodonDomainTableViewCell.swift in Sources */,
				324DAFAAFCF2F170B3327FBB /* MastodonGetTokenRequest.swift in Sources */,
				9B22F6B30E3D6F7189C1E92D /* MastodonMediaRequest.swift in Sources */,
				F7750F7B20538FC82C929E6B /* MastodonSessionControl.swift in Sources */,
				BDCBCA4B20A4F67280CCE851 /* MastodonSettingDomainTableViewCell.swift in Sources */,
				C41FEDB2C097B95A727CED1C /* MastodonSettingViewController.swift in Sources */,
				7F35B1B0ECB6EF5E0CAC35E1 /* MastodonSettingViewModel.swift in Sources */,
				299B7471CF34FA4DC95F7D75 /* MastodonTokenRevokeRequest.swift in Sources */,
				9136781F005C890EEDF062AE /* MastodonTootRequest.swift in Sources */,
				1B38FD93236051430CD4F951 /* MastodonVerifyCredentialsRequest.swift in Sources */,
				26A8D6FEABCBAF65EE8CFFCE /* NowPlayingButtonRow.swift in Sources */,
				F8BFB970C796000537AA0CF3 /* PaymentManager.swift in Sources */,
				E2773020C6B47C61862F4138 /* PlayViewController.swift in Sources */,
				844D9CE2D9F6E8577CC9F2F9 /* PlayViewModel.swift in Sources */,
				307926826C513EE101BBA9CA /* PostContent.swift in Sources */,
				6212D12AF39AF3C74A415CE8 /* PostFormatHelpView.swift in Sources */,
				DA8EF5F2DC7178CA8705722D /* R.generated.swift in Sources */,
				4AB9604975E481C40AB09ED2 /* Reactive+Session.swift in Sources */,
				E147FC38E5F8BFD1A5BFC8EA /* Realm+Rx.swift in Sources */,
				BDB2AF4FAA3BFB7D0E3F4EEA /* Requests.swift in Sources */,
				77F926D1200E58374DB81A40 /* RxSKPaymentTransactionObserver.swift in Sources */,
				A4E021B8161862D6FD08BCBB /* SKPaymentQueue+Rx.swift in Sources */,
				E72BF3DB657A91AE253F0A57 /* SKProductsRequest+Rx.swift in Sources */,
				F3330CBD49F6683353928E5D /* SKProductsRequestDelegateProxy.swift in Sources */,
				EB700EE6335D785FA90AA885 /* SKReceiptRefreshRequest+Rx.swift in Sources */,
				B7A1D534DB797068B7258565 /* SKReceiptRefreshRequestDelegateProxy.swift in Sources */,
				BAF74DA1EB7BF05A836DEF7B /* SearchMastodonViewController.swift in Sources */,
				69B7EC556F366372444FCB81 /* SearchMastodonViewModel.swift in Sources */,
				D9479190B8BA03DBCBF7F92E /* SecretCredential.swift in Sources */,
				D3092A2EDBEE326209E96924 /* SettingViewController.swift in Sources */,
				AEDCBC2BC12A29001B5F1220 /* SettingViewModel.swift in Sources */,
				81BEE7EC93EADA4C32E0D32B /* ShadowButton.swift in Sources */,
				33348EE863DF88F147CA322D /* SwiftPrint.swift in Sources */,
				A97D5BAF9870B9D000CA6947 /* TweetViewController.swift in Sources */,
				24D70D140869A65886FEB476 /* TweetViewModel.swift in Sources */,
				1C13A9CCA5E1060D20C0AB79 /* TwitterPostRequest.swift in Sources */,
				C46AD564D6C322D8696A38CB /* TwitterSessionControl.swift in Sources */,
				4050F34083FCEE6838810D5F /* TwitterSettingViewController.swift in Sources */,
				635C40739D5E6FF10550E75E /* TwitterSettingViewModel.swift in Sources */,
				3486716AE51FDBBD904FA05B /* UIButton+Nuke.swift in Sources */,
				C32FDEBCB181E9AAB1B13935 /* UIImageView+Nuke.swift in Sources */,
				1E60F0D4887ADD42B3E70DFA /* UIViewController+Dealloc.swift in Sources */,
				279086C2206EEEEE7D23F1C7 /* User.swift in Sources */,
				12F175AC48B82189FED4ABE6 /* UserDefaults+Key.swift in Sources */,
			);
			runOnlyForDeploymentPostprocessing = 0;
		};
		7FB443A87B33AB3800635525 /* Sources */ = {
			isa = PBXSourcesBuildPhase;
			buildActionMask = 2147483647;
			files = (
			);
			runOnlyForDeploymentPostprocessing = 0;
		};
		D0B7AF0BE23F7E99CF88C3C9 /* Sources */ = {
			isa = PBXSourcesBuildPhase;
			buildActionMask = 2147483647;
			files = (
				ACC73A6455FA067711BA0FFF /* TodayViewController.swift in Sources */,
				5513EA147023401769F7A134 /* TodayViewModel.swift in Sources */,
			);
			runOnlyForDeploymentPostprocessing = 0;
		};
/* End PBXSourcesBuildPhase section */

/* Begin PBXTargetDependency section */
		00FF9BADE02C8489F7671AC7 /* PBXTargetDependency */ = {
			isa = PBXTargetDependency;
			target = 74EEEC4051194D5C3A782724 /* Umbrella */;
			targetProxy = 0A5657118D9D8033C156699D /* PBXContainerItemProxy */;
		};
		D2806DD13842C2CD8BF51E80 /* PBXTargetDependency */ = {
			isa = PBXTargetDependency;
			target = 74EEEC4051194D5C3A782724 /* Umbrella */;
			targetProxy = ABDDA1226C51FCC8C723AED5 /* PBXContainerItemProxy */;
		};
		F7B07C519BA587D36FB3273E /* PBXTargetDependency */ = {
			isa = PBXTargetDependency;
			target = E2B3E41C68E84D79C9908E24 /* TodayExtension */;
			targetProxy = 88F03E675101F3521C773688 /* PBXContainerItemProxy */;
		};
/* End PBXTargetDependency section */

/* Begin PBXVariantGroup section */
		A284BBC3A932E7327F4DC902 /* LaunchScreen.storyboard */ = {
			isa = PBXVariantGroup;
			children = (
				8203F8A0DB7B357F224553C1 /* Base */,
				5EA67A8E847EC304046BCC53 /* ja */,
			);
			name = LaunchScreen.storyboard;
			sourceTree = "<group>";
		};
		FB7EC7D563F5F9DAA1DF9F2C /* MainInterface.storyboard */ = {
			isa = PBXVariantGroup;
			children = (
				A5A6CE53C6C903E80F4AFB84 /* Base */,
				1C0DCEF5644D56CE96F5E332 /* ja */,
			);
			name = MainInterface.storyboard;
			sourceTree = "<group>";
		};
/* End PBXVariantGroup section */

/* Begin XCBuildConfiguration section */
		1BC4042800AD444E92437287 /* Debug */ = {
			isa = XCBuildConfiguration;
			buildSettings = {
				ALWAYS_SEARCH_USER_PATHS = NO;
				CLANG_ANALYZER_NONNULL = YES;
				CLANG_ANALYZER_NUMBER_OBJECT_CONVERSION = YES_AGGRESSIVE;
				CLANG_CXX_LANGUAGE_STANDARD = "gnu++14";
				CLANG_CXX_LIBRARY = "libc++";
				CLANG_ENABLE_MODULES = YES;
				CLANG_ENABLE_OBJC_ARC = YES;
				CLANG_WARN_BLOCK_CAPTURE_AUTORELEASING = YES;
				CLANG_WARN_BOOL_CONVERSION = YES;
				CLANG_WARN_COMMA = YES;
				CLANG_WARN_CONSTANT_CONVERSION = YES;
				CLANG_WARN_DEPRECATED_OBJC_IMPLEMENTATIONS = YES;
				CLANG_WARN_DIRECT_OBJC_ISA_USAGE = YES_ERROR;
				CLANG_WARN_DOCUMENTATION_COMMENTS = YES;
				CLANG_WARN_EMPTY_BODY = YES;
				CLANG_WARN_ENUM_CONVERSION = YES;
				CLANG_WARN_INFINITE_RECURSION = YES;
				CLANG_WARN_INT_CONVERSION = YES;
				CLANG_WARN_NON_LITERAL_NULL_CONVERSION = YES;
				CLANG_WARN_OBJC_IMPLICIT_RETAIN_SELF = YES;
				CLANG_WARN_OBJC_LITERAL_CONVERSION = YES;
				CLANG_WARN_OBJC_ROOT_CLASS = YES_ERROR;
				CLANG_WARN_RANGE_LOOP_ANALYSIS = YES;
				CLANG_WARN_STRICT_PROTOTYPES = YES;
				CLANG_WARN_SUSPICIOUS_MOVE = YES;
				CLANG_WARN_UNGUARDED_AVAILABILITY = YES_AGGRESSIVE;
				CLANG_WARN_UNREACHABLE_CODE = YES;
				CLANG_WARN__DUPLICATE_METHOD_MATCH = YES;
				COPY_PHASE_STRIP = NO;
				DEBUG_INFORMATION_FORMAT = dwarf;
				DEVELOPMENT_TEAM = 99649YXF6E;
				ENABLE_BITCODE = YES;
				ENABLE_STRICT_OBJC_MSGSEND = YES;
				ENABLE_TESTABILITY = YES;
				GCC_C_LANGUAGE_STANDARD = gnu11;
				GCC_DYNAMIC_NO_PIC = NO;
				GCC_NO_COMMON_BLOCKS = YES;
				GCC_OPTIMIZATION_LEVEL = 0;
				GCC_PREPROCESSOR_DEFINITIONS = (
					"$(inherited)",
					"DEBUG=1",
				);
				GCC_WARN_64_TO_32_BIT_CONVERSION = YES;
				GCC_WARN_ABOUT_RETURN_TYPE = YES_ERROR;
				GCC_WARN_UNDECLARED_SELECTOR = YES;
				GCC_WARN_UNINITIALIZED_AUTOS = YES_AGGRESSIVE;
				GCC_WARN_UNUSED_FUNCTION = YES;
				GCC_WARN_UNUSED_VARIABLE = YES;
				IPHONEOS_DEPLOYMENT_TARGET = 11.0;
				MTL_ENABLE_DEBUG_INFO = YES;
				ONLY_ACTIVE_ARCH = YES;
				PRODUCT_NAME = "$(TARGET_NAME)";
				SDKROOT = iphoneos;
				SWIFT_ACTIVE_COMPILATION_CONDITIONS = DEBUG;
				SWIFT_OPTIMIZATION_LEVEL = "-Onone";
				SWIFT_VERSION = 5.1;
				VALID_ARCHS = arm64;
			};
			name = Debug;
		};
		2CAA4EFA01AA84FD7B2C8516 /* Debug */ = {
			isa = XCBuildConfiguration;
			baseConfigurationReference = 7ECDF0EA7AB179220D4BEC51 /* Pods-TodayExtension.debug.xcconfig */;
			buildSettings = {
				INFOPLIST_FILE = TodayExtension/Info.plist;
				LD_RUNPATH_SEARCH_PATHS = (
					"$(inherited)",
					"@executable_path/Frameworks",
					"@executable_path/../../Frameworks",
				);
				PRODUCT_BUNDLE_IDENTIFIER = moe.nnsnodnb.TodayExtension;
				SDKROOT = iphoneos;
				TARGETED_DEVICE_FAMILY = "1,2";
			};
			name = Debug;
		};
		8BEC794CA45639099EA9CB0C /* Release */ = {
			isa = XCBuildConfiguration;
			buildSettings = {
				CODE_SIGN_IDENTITY = "";
				CURRENT_PROJECT_VERSION = 1;
				DEFINES_MODULE = YES;
				DYLIB_COMPATIBILITY_VERSION = 1;
				DYLIB_CURRENT_VERSION = 1;
				DYLIB_INSTALL_NAME_BASE = "@rpath";
				INFOPLIST_FILE = Umbrella/Info.plist;
				INSTALL_PATH = "$(LOCAL_LIBRARY_DIR)/Frameworks";
				LD_RUNPATH_SEARCH_PATHS = (
					"$(inherited)",
					"@executable_path/Frameworks",
				);
				PRODUCT_BUNDLE_IDENTIFIER = moe.nnsnodnb.Umbrella;
				SDKROOT = iphoneos;
				SKIP_INSTALL = YES;
				TARGETED_DEVICE_FAMILY = "1,2";
				VERSIONING_SYSTEM = "apple-generic";
			};
			name = Release;
		};
		92273204C11BCA4B377260DC /* Release */ = {
			isa = XCBuildConfiguration;
			buildSettings = {
				ALWAYS_SEARCH_USER_PATHS = NO;
				CLANG_ANALYZER_NONNULL = YES;
				CLANG_ANALYZER_NUMBER_OBJECT_CONVERSION = YES_AGGRESSIVE;
				CLANG_CXX_LANGUAGE_STANDARD = "gnu++14";
				CLANG_CXX_LIBRARY = "libc++";
				CLANG_ENABLE_MODULES = YES;
				CLANG_ENABLE_OBJC_ARC = YES;
				CLANG_WARN_BLOCK_CAPTURE_AUTORELEASING = YES;
				CLANG_WARN_BOOL_CONVERSION = YES;
				CLANG_WARN_COMMA = YES;
				CLANG_WARN_CONSTANT_CONVERSION = YES;
				CLANG_WARN_DEPRECATED_OBJC_IMPLEMENTATIONS = YES;
				CLANG_WARN_DIRECT_OBJC_ISA_USAGE = YES_ERROR;
				CLANG_WARN_DOCUMENTATION_COMMENTS = YES;
				CLANG_WARN_EMPTY_BODY = YES;
				CLANG_WARN_ENUM_CONVERSION = YES;
				CLANG_WARN_INFINITE_RECURSION = YES;
				CLANG_WARN_INT_CONVERSION = YES;
				CLANG_WARN_NON_LITERAL_NULL_CONVERSION = YES;
				CLANG_WARN_OBJC_IMPLICIT_RETAIN_SELF = YES;
				CLANG_WARN_OBJC_LITERAL_CONVERSION = YES;
				CLANG_WARN_OBJC_ROOT_CLASS = YES_ERROR;
				CLANG_WARN_RANGE_LOOP_ANALYSIS = YES;
				CLANG_WARN_STRICT_PROTOTYPES = YES;
				CLANG_WARN_SUSPICIOUS_MOVE = YES;
				CLANG_WARN_UNGUARDED_AVAILABILITY = YES_AGGRESSIVE;
				CLANG_WARN_UNREACHABLE_CODE = YES;
				CLANG_WARN__DUPLICATE_METHOD_MATCH = YES;
				COPY_PHASE_STRIP = NO;
				DEBUG_INFORMATION_FORMAT = "dwarf-with-dsym";
				DEVELOPMENT_TEAM = 99649YXF6E;
				ENABLE_BITCODE = YES;
				ENABLE_NS_ASSERTIONS = NO;
				ENABLE_STRICT_OBJC_MSGSEND = YES;
				GCC_C_LANGUAGE_STANDARD = gnu11;
				GCC_NO_COMMON_BLOCKS = YES;
				GCC_WARN_64_TO_32_BIT_CONVERSION = YES;
				GCC_WARN_ABOUT_RETURN_TYPE = YES_ERROR;
				GCC_WARN_UNDECLARED_SELECTOR = YES;
				GCC_WARN_UNINITIALIZED_AUTOS = YES_AGGRESSIVE;
				GCC_WARN_UNUSED_FUNCTION = YES;
				GCC_WARN_UNUSED_VARIABLE = YES;
				IPHONEOS_DEPLOYMENT_TARGET = 11.0;
				PRODUCT_NAME = "$(TARGET_NAME)";
				SDKROOT = iphoneos;
				SWIFT_COMPILATION_MODE = wholemodule;
				SWIFT_VERSION = 5.1;
				VALIDATE_PRODUCT = YES;
				VALID_ARCHS = arm64;
			};
			name = Release;
		};
		D29564575F4B46F8F47AD99E /* Release */ = {
			isa = XCBuildConfiguration;
			baseConfigurationReference = 8C5E1ECD4484573B17ABBC02 /* NowPlaying-Release.xcconfig */;
			buildSettings = {
				ASSETCATALOG_COMPILER_APPICON_NAME = AppIcon;
				CODE_SIGN_ENTITLEMENTS = NowPlaying/NowPlaying.entitlements;
				CODE_SIGN_IDENTITY = "iPhone Developer";
				DEBUG_INFORMATION_FORMAT = "dwarf-with-dsym";
				FRAMEWORK_SEARCH_PATHS = (
					"$(inherited)",
					"$(PROJECT_DIR)/Carthage/Build/iOS",
				);
				INFOPLIST_FILE = NowPlaying/Resources/Info.plist;
				LD_RUNPATH_SEARCH_PATHS = (
					"$(inherited)",
					"@executable_path/Frameworks",
				);
				OTHER_SWIFT_FLAGS = "$(inherited) -D";
				PRODUCT_BUNDLE_IDENTIFIER = moe.nnsnodnb.NowPlaying;
				SDKROOT = iphoneos;
				TARGETED_DEVICE_FAMILY = 1;
			};
			name = Release;
		};
		DC70776979DBA7A528267304 /* Debug */ = {
			isa = XCBuildConfiguration;
			baseConfigurationReference = 1C4C23AD35CE813D6056FA2C /* NowPlaying-Debug.xcconfig */;
			buildSettings = {
				ASSETCATALOG_COMPILER_APPICON_NAME = AppIcon;
				CODE_SIGN_ENTITLEMENTS = NowPlaying/NowPlaying.entitlements;
				CODE_SIGN_IDENTITY = "iPhone Developer";
				DEBUG_INFORMATION_FORMAT = "dwarf-with-dsym";
				FRAMEWORK_SEARCH_PATHS = (
					"$(inherited)",
					"$(PROJECT_DIR)/Carthage/Build/iOS",
				);
				INFOPLIST_FILE = NowPlaying/Resources/Info.plist;
				LD_RUNPATH_SEARCH_PATHS = (
					"$(inherited)",
					"@executable_path/Frameworks",
				);
				OTHER_SWIFT_FLAGS = "$(inherited) -D";
				PRODUCT_BUNDLE_IDENTIFIER = moe.nnsnodnb.NowPlaying;
				SDKROOT = iphoneos;
				TARGETED_DEVICE_FAMILY = 1;
			};
			name = Debug;
		};
		F20F8D7FBEE0015AA9531FC7 /* Release */ = {
			isa = XCBuildConfiguration;
			baseConfigurationReference = 9DA1D172566D6D46F93403B1 /* Pods-TodayExtension.release.xcconfig */;
			buildSettings = {
				INFOPLIST_FILE = TodayExtension/Info.plist;
				LD_RUNPATH_SEARCH_PATHS = (
					"$(inherited)",
					"@executable_path/Frameworks",
					"@executable_path/../../Frameworks",
				);
				PRODUCT_BUNDLE_IDENTIFIER = moe.nnsnodnb.TodayExtension;
				SDKROOT = iphoneos;
				TARGETED_DEVICE_FAMILY = "1,2";
			};
			name = Release;
		};
		FEAADD81278096A062419CE9 /* Debug */ = {
			isa = XCBuildConfiguration;
			buildSettings = {
				CODE_SIGN_IDENTITY = "";
				CURRENT_PROJECT_VERSION = 1;
				DEFINES_MODULE = YES;
				DYLIB_COMPATIBILITY_VERSION = 1;
				DYLIB_CURRENT_VERSION = 1;
				DYLIB_INSTALL_NAME_BASE = "@rpath";
				INFOPLIST_FILE = Umbrella/Info.plist;
				INSTALL_PATH = "$(LOCAL_LIBRARY_DIR)/Frameworks";
				LD_RUNPATH_SEARCH_PATHS = (
					"$(inherited)",
					"@executable_path/Frameworks",
				);
				PRODUCT_BUNDLE_IDENTIFIER = moe.nnsnodnb.Umbrella;
				SDKROOT = iphoneos;
				SKIP_INSTALL = YES;
				TARGETED_DEVICE_FAMILY = "1,2";
				VERSIONING_SYSTEM = "apple-generic";
			};
			name = Debug;
		};
/* End XCBuildConfiguration section */

/* Begin XCConfigurationList section */
		43D9913B0A3749C4A02B28BC /* Build configuration list for PBXNativeTarget "NowPlaying" */ = {
			isa = XCConfigurationList;
			buildConfigurations = (
				DC70776979DBA7A528267304 /* Debug */,
				D29564575F4B46F8F47AD99E /* Release */,
			);
			defaultConfigurationIsVisible = 0;
			defaultConfigurationName = "";
		};
		46BECD20715C1B8B2DCE3D4B /* Build configuration list for PBXProject "NowPlaying" */ = {
			isa = XCConfigurationList;
			buildConfigurations = (
				1BC4042800AD444E92437287 /* Debug */,
				92273204C11BCA4B377260DC /* Release */,
			);
			defaultConfigurationIsVisible = 0;
			defaultConfigurationName = Debug;
		};
		7B8795FD221D89607395BF6B /* Build configuration list for PBXNativeTarget "Umbrella" */ = {
			isa = XCConfigurationList;
			buildConfigurations = (
				FEAADD81278096A062419CE9 /* Debug */,
				8BEC794CA45639099EA9CB0C /* Release */,
			);
			defaultConfigurationIsVisible = 0;
			defaultConfigurationName = "";
		};
		844D823D974F7947EFB4C022 /* Build configuration list for PBXNativeTarget "TodayExtension" */ = {
			isa = XCConfigurationList;
			buildConfigurations = (
				2CAA4EFA01AA84FD7B2C8516 /* Debug */,
				F20F8D7FBEE0015AA9531FC7 /* Release */,
			);
			defaultConfigurationIsVisible = 0;
			defaultConfigurationName = "";
		};
/* End XCConfigurationList section */

/* Begin XCRemoteSwiftPackageReference section */
		0454B01CC68BCC0AF4369A80 /* RemoteSwiftPackageReference */ = {
			isa = XCRemoteSwiftPackageReference;
			repositoryURL = "https://github.com/nnsnodnb/Feeder";
			requirement = {
				kind = upToNextMinorVersion;
				minimumVersion = 1.0.1;
			};
		};
		4352630E58E64C5459CDF988 /* RemoteSwiftPackageReference */ = {
			isa = XCRemoteSwiftPackageReference;
			repositoryURL = "https://github.com/RxSwiftCommunity/Action";
			requirement = {
				kind = upToNextMinorVersion;
				minimumVersion = 4.0.1;
			};
		};
		46FABD41FCDA1843B6CD2F41 /* RemoteSwiftPackageReference */ = {
			isa = XCRemoteSwiftPackageReference;
			repositoryURL = "https://github.com/SnapKit/SnapKit";
			requirement = {
				kind = upToNextMinorVersion;
				minimumVersion = 5.0.1;
			};
		};
		9054612C3BC8D4C9052D27E2 /* RemoteSwiftPackageReference */ = {
			isa = XCRemoteSwiftPackageReference;
			repositoryURL = "https://github.com/kishikawakatsumi/KeychainAccess";
			requirement = {
				kind = upToNextMinorVersion;
				minimumVersion = 4.1.0;
			};
		};
		AB907B8BAA8FD8DFC81C611B /* RemoteSwiftPackageReference */ = {
			isa = XCRemoteSwiftPackageReference;
			repositoryURL = "https://github.com/kean/Nuke";
			requirement = {
				kind = upToNextMinorVersion;
				minimumVersion = 8.3.0;
			};
		};
		B3EE02F8F35E42BE40512C37 /* RemoteSwiftPackageReference */ = {
			isa = XCRemoteSwiftPackageReference;
			repositoryURL = "https://github.com/HeroTransitions/Hero";
			requirement = {
				kind = upToNextMinorVersion;
				minimumVersion = 1.5.0;
			};
		};
		B8597F83B4F2DAE8A933F169 /* RemoteSwiftPackageReference */ = {
			isa = XCRemoteSwiftPackageReference;
			repositoryURL = "https://github.com/ishkawa/APIKit";
			requirement = {
				kind = upToNextMinorVersion;
				minimumVersion = 5.0.0;
			};
		};
		B9D7C11FC3F295C77511CCD8 /* RemoteSwiftPackageReference */ = {
			isa = XCRemoteSwiftPackageReference;
			repositoryURL = "https://github.com/noppefoxwolf/Swifter";
			requirement = {
				branch = feature/SSO;
				kind = branch;
			};
		};
		EF6106888EA020FF0B85560E /* RemoteSwiftPackageReference */ = {
			isa = XCRemoteSwiftPackageReference;
			repositoryURL = "https://github.com/RxSwiftCommunity/RxKeyboard";
			requirement = {
				kind = upToNextMinorVersion;
				minimumVersion = 1.0.0;
			};
		};
		EFDBF1899CCFFC496EFAF27C /* RemoteSwiftPackageReference */ = {
			isa = XCRemoteSwiftPackageReference;
			repositoryURL = "https://github.com/fastred/DeallocationChecker";
			requirement = {
				kind = upToNextMinorVersion;
				minimumVersion = 3.0.1;
			};
		};
		F10D7C46206695266494DC36 /* RemoteSwiftPackageReference */ = {
			isa = XCRemoteSwiftPackageReference;
			repositoryURL = "https://github.com/realm/realm-cocoa";
			requirement = {
				kind = upToNextMinorVersion;
				minimumVersion = 3.17.3;
			};
		};
		F6B4BE7F48D7582B25BF3677 /* RemoteSwiftPackageReference */ = {
			isa = XCRemoteSwiftPackageReference;
			repositoryURL = "https://github.com/ReactiveX/RxSwift";
			requirement = {
				kind = upToNextMinorVersion;
				minimumVersion = 5.0.1;
			};
		};
/* End XCRemoteSwiftPackageReference section */

/* Begin XCSwiftPackageProductDependency section */
		0B8401FA8D3846EB893557EB /* SwiftPackageProductDependency */ = {
			isa = XCSwiftPackageProductDependency;
			package = EFDBF1899CCFFC496EFAF27C /* RemoteSwiftPackageReference */;
			productName = DeallocationChecker;
		};
		1254BB7D7A66DE1A48EB6B4E /* SwiftPackageProductDependency */ = {
			isa = XCSwiftPackageProductDependency;
			package = EF6106888EA020FF0B85560E /* RemoteSwiftPackageReference */;
			productName = RxKeyboard;
		};
		59D44189BB393B796518DD68 /* SwiftPackageProductDependency */ = {
			isa = XCSwiftPackageProductDependency;
			package = 9054612C3BC8D4C9052D27E2 /* RemoteSwiftPackageReference */;
			productName = KeychainAccess;
		};
		61098FF26BCD12F3D84F3757 /* SwiftPackageProductDependency */ = {
			isa = XCSwiftPackageProductDependency;
			package = B8597F83B4F2DAE8A933F169 /* RemoteSwiftPackageReference */;
			productName = APIKit;
		};
		735856EBD3B4503AA90D086C /* SwiftPackageProductDependency */ = {
			isa = XCSwiftPackageProductDependency;
			package = B3EE02F8F35E42BE40512C37 /* RemoteSwiftPackageReference */;
			productName = Hero;
		};
		8A1BED010643B66DC3B76411 /* SwiftPackageProductDependency */ = {
			isa = XCSwiftPackageProductDependency;
			package = 4352630E58E64C5459CDF988 /* RemoteSwiftPackageReference */;
			productName = Action;
		};
		AEDBE62F5CA11813EAA672B9 /* SwiftPackageProductDependency */ = {
			isa = XCSwiftPackageProductDependency;
			package = B9D7C11FC3F295C77511CCD8 /* RemoteSwiftPackageReference */;
			productName = Swifter;
		};
		C187B229C35E572D8AD3578E /* SwiftPackageProductDependency */ = {
			isa = XCSwiftPackageProductDependency;
			package = F10D7C46206695266494DC36 /* RemoteSwiftPackageReference */;
			productName = Realm;
		};
		CF54D0E86CD0FCBDBDD60F12 /* SwiftPackageProductDependency */ = {
			isa = XCSwiftPackageProductDependency;
			package = F6B4BE7F48D7582B25BF3677 /* RemoteSwiftPackageReference */;
			productName = RxSwift;
		};
		DF9CA365B6897F4CA5D445A9 /* SwiftPackageProductDependency */ = {
			isa = XCSwiftPackageProductDependency;
			package = 0454B01CC68BCC0AF4369A80 /* RemoteSwiftPackageReference */;
			productName = Feeder;
		};
		EB35587619ADDB1F2E7BCB28 /* SwiftPackageProductDependency */ = {
			isa = XCSwiftPackageProductDependency;
			package = AB907B8BAA8FD8DFC81C611B /* RemoteSwiftPackageReference */;
			productName = Nuke;
		};
		FBF14C28861D7ADB07B49DD9 /* SwiftPackageProductDependency */ = {
			isa = XCSwiftPackageProductDependency;
			package = 46FABD41FCDA1843B6CD2F41 /* RemoteSwiftPackageReference */;
			productName = SnapKit;
		};
/* End XCSwiftPackageProductDependency section */
	};
	rootObject = 382AAC770C51A21B7F9A9040 /* Project object */;
}
