// !$*UTF8*$!
{
	archiveVersion = 1;
	classes = {
	};
	objectVersion = 51;
	objects = {

/* Begin PBXBuildFile section */
		584E54B8BE9943C10025A548 /* Pods_NowPlaying.framework in Frameworks */ = {isa = PBXBuildFile; fileRef = 4B230B4E800D2C82BD7BC8FF /* Pods_NowPlaying.framework */; };
		CF01C1D921023F1700DC1901 /* SnapKit.framework in Frameworks */ = {isa = PBXBuildFile; fileRef = CF01C1D821023F1700DC1901 /* SnapKit.framework */; };
		CF0FA21A206D3C3200647317 /* KeychainAccess.framework in Frameworks */ = {isa = PBXBuildFile; fileRef = CF0FA219206D3C3200647317 /* KeychainAccess.framework */; };
		CF0FA21C206D4D5A00647317 /* PaymentManager.swift in Sources */ = {isa = PBXBuildFile; fileRef = CF0FA21B206D4D5A00647317 /* PaymentManager.swift */; };
		CF1611361F726D110027144D /* PlayViewController.swift in Sources */ = {isa = PBXBuildFile; fileRef = CF1611341F726D110027144D /* PlayViewController.swift */; };
		CF1611371F726D110027144D /* PlayViewController.xib in Resources */ = {isa = PBXBuildFile; fileRef = CF1611351F726D110027144D /* PlayViewController.xib */; };
		CF1AAFE51F75459B00384000 /* Eureka.framework in Frameworks */ = {isa = PBXBuildFile; fileRef = CF1AAFE41F75459B00384000 /* Eureka.framework */; };
		CF1AAFEA1F75F2A600384000 /* Common.swift in Sources */ = {isa = PBXBuildFile; fileRef = CF1AAFE91F75F2A600384000 /* Common.swift */; };
		CF28A8451FD299BE00E45F12 /* GoogleService-Info.plist in Resources */ = {isa = PBXBuildFile; fileRef = CF28A8441FD299BE00E45F12 /* GoogleService-Info.plist */; };
		CF2DBD7320A4AB630039217F /* libicucore.tbd in Frameworks */ = {isa = PBXBuildFile; fileRef = CF2DBD7220A4AB630039217F /* libicucore.tbd */; };
		CF301D8D22B009C5007E675E /* APIKit.framework in Frameworks */ = {isa = PBXBuildFile; fileRef = CF301D8C22B009C5007E675E /* APIKit.framework */; };
		CF301D9322B01841007E675E /* Reactive+Session.swift in Sources */ = {isa = PBXBuildFile; fileRef = CF301D9222B01841007E675E /* Reactive+Session.swift */; };
		CF301D9822B01A59007E675E /* MastodonAppRequest.swift in Sources */ = {isa = PBXBuildFile; fileRef = CF301D9722B01A59007E675E /* MastodonAppRequest.swift */; };
		CF301D9A22B01B84007E675E /* SwiftPrint.swift in Sources */ = {isa = PBXBuildFile; fileRef = CF301D9922B01B84007E675E /* SwiftPrint.swift */; };
		CF301D9C22B01BE9007E675E /* MastodonGetTokenRequest.swift in Sources */ = {isa = PBXBuildFile; fileRef = CF301D9B22B01BE9007E675E /* MastodonGetTokenRequest.swift */; };
		CF301D9E22B02343007E675E /* MastodonTootRequest.swift in Sources */ = {isa = PBXBuildFile; fileRef = CF301D9D22B02343007E675E /* MastodonTootRequest.swift */; };
		CF43E7DD1F733EC600A2A49A /* TweetViewController.swift in Sources */ = {isa = PBXBuildFile; fileRef = CF43E7DC1F733EC600A2A49A /* TweetViewController.swift */; };
		CF43E7DF1F733EDB00A2A49A /* TweetViewController.xib in Resources */ = {isa = PBXBuildFile; fileRef = CF43E7DE1F733EDB00A2A49A /* TweetViewController.xib */; };
		CF43E7E11F7340CE00A2A49A /* TwitterClient.swift in Sources */ = {isa = PBXBuildFile; fileRef = CF43E7E01F7340CE00A2A49A /* TwitterClient.swift */; };
		CF4D73D21F791D4300E72FBF /* StoreKit.framework in Frameworks */ = {isa = PBXBuildFile; fileRef = CF4D73D11F791D4300E72FBF /* StoreKit.framework */; };
		CF531BF422A9495000D05896 /* SettingViewModel.swift in Sources */ = {isa = PBXBuildFile; fileRef = CF531BF322A9495000D05896 /* SettingViewModel.swift */; };
		CF531BFE22A9532400D05896 /* TwitterSettingViewModel.swift in Sources */ = {isa = PBXBuildFile; fileRef = CF531BFD22A9532400D05896 /* TwitterSettingViewModel.swift */; };
		CF531C0022A9534F00D05896 /* SettingViewController.swift in Sources */ = {isa = PBXBuildFile; fileRef = CF531BFF22A9534F00D05896 /* SettingViewController.swift */; };
		CF531C0322A9536A00D05896 /* TwitterSettingViewController.swift in Sources */ = {isa = PBXBuildFile; fileRef = CF531C0122A9536A00D05896 /* TwitterSettingViewController.swift */; };
		CF531C0422A9536A00D05896 /* TwitterSettingViewController.xib in Resources */ = {isa = PBXBuildFile; fileRef = CF531C0222A9536A00D05896 /* TwitterSettingViewController.xib */; };
		CF531C0722A953B200D05896 /* MastodonSettingViewModel.swift in Sources */ = {isa = PBXBuildFile; fileRef = CF531C0622A953B200D05896 /* MastodonSettingViewModel.swift */; };
		CF531C0A22A953C900D05896 /* MastodonSettingViewController.swift in Sources */ = {isa = PBXBuildFile; fileRef = CF531C0822A953C800D05896 /* MastodonSettingViewController.swift */; };
		CF531C0B22A953C900D05896 /* MastodonSettingViewController.xib in Resources */ = {isa = PBXBuildFile; fileRef = CF531C0922A953C800D05896 /* MastodonSettingViewController.xib */; };
		CF531C0D22A9540500D05896 /* SettingViewController.xib in Resources */ = {isa = PBXBuildFile; fileRef = CF531C0C22A9540500D05896 /* SettingViewController.xib */; };
		CF531C2A22A980EA00D05896 /* RxSKPaymentTransactionObserver.swift in Sources */ = {isa = PBXBuildFile; fileRef = CF531C2922A980EA00D05896 /* RxSKPaymentTransactionObserver.swift */; };
		CF531C2C22A9817A00D05896 /* SKPaymentQueue+Rx.swift in Sources */ = {isa = PBXBuildFile; fileRef = CF531C2B22A9817A00D05896 /* SKPaymentQueue+Rx.swift */; };
		CF531C2E22A9824100D05896 /* SKProductsRequest+Rx.swift in Sources */ = {isa = PBXBuildFile; fileRef = CF531C2D22A9824100D05896 /* SKProductsRequest+Rx.swift */; };
		CF531C3022A9827100D05896 /* SKProductsRequestDelegateProxy.swift in Sources */ = {isa = PBXBuildFile; fileRef = CF531C2F22A9827100D05896 /* SKProductsRequestDelegateProxy.swift */; };
		CF531C3222A9829F00D05896 /* SKReceiptRefreshRequest+Rx.swift in Sources */ = {isa = PBXBuildFile; fileRef = CF531C3122A9829F00D05896 /* SKReceiptRefreshRequest+Rx.swift */; };
		CF531C3422A982BE00D05896 /* SKReceiptRefreshRequestDelegateProxy.swift in Sources */ = {isa = PBXBuildFile; fileRef = CF531C3322A982BE00D05896 /* SKReceiptRefreshRequestDelegateProxy.swift */; };
		CF531C3622A9830B00D05896 /* LICENSE in Resources */ = {isa = PBXBuildFile; fileRef = CF531C3522A9830B00D05896 /* LICENSE */; };
		CF531C3A22AACEC800D05896 /* NowPlayingButtonRow.swift in Sources */ = {isa = PBXBuildFile; fileRef = CF531C3922AACEC800D05896 /* NowPlayingButtonRow.swift */; };
		CF55B68822A3E22800D5C9E1 /* PlayViewModel.swift in Sources */ = {isa = PBXBuildFile; fileRef = CF55B68722A3E22800D5C9E1 /* PlayViewModel.swift */; };
		CF55B68F22A40ACD00D5C9E1 /* PostContent.swift in Sources */ = {isa = PBXBuildFile; fileRef = CF55B68E22A40ACD00D5C9E1 /* PostContent.swift */; };
		CF55B69722A418A100D5C9E1 /* Analytics+NowPlaying.swift in Sources */ = {isa = PBXBuildFile; fileRef = CF55B69622A418A100D5C9E1 /* Analytics+NowPlaying.swift */; };
		CF55B69922A41B8800D5C9E1 /* TweetViewModel.swift in Sources */ = {isa = PBXBuildFile; fileRef = CF55B69822A41B8800D5C9E1 /* TweetViewModel.swift */; };
		CF55B69B22A41D5800D5C9E1 /* RxKeyboard.framework in Frameworks */ = {isa = PBXBuildFile; fileRef = CF55B69A22A41D5800D5C9E1 /* RxKeyboard.framework */; };
		CF615AF51F56AB3B00315019 /* Assets.xcassets in Resources */ = {isa = PBXBuildFile; fileRef = CF615AF41F56AB3B00315019 /* Assets.xcassets */; };
		CF615AF81F56AB3B00315019 /* LaunchScreen.storyboard in Resources */ = {isa = PBXBuildFile; fileRef = CF615AF61F56AB3B00315019 /* LaunchScreen.storyboard */; };
		CF615B011F56B04E00315019 /* MediaPlayer.framework in Frameworks */ = {isa = PBXBuildFile; fileRef = CF615B001F56B04E00315019 /* MediaPlayer.framework */; };
		CF615B071F56E89100315019 /* AVFoundation.framework in Frameworks */ = {isa = PBXBuildFile; fileRef = CF615B061F56E89100315019 /* AVFoundation.framework */; };
		CF615B0A1F56EA3900315019 /* AppDelegate.swift in Sources */ = {isa = PBXBuildFile; fileRef = CF615AED1F56AB3B00315019 /* AppDelegate.swift */; };
		CF65C38D20A0983400E95640 /* SVProgressHUD.framework in Frameworks */ = {isa = PBXBuildFile; fileRef = CF65C38C20A0983400E95640 /* SVProgressHUD.framework */; };
		CF6F566322C4C13400F517E9 /* DynamicBlurView.framework in Frameworks */ = {isa = PBXBuildFile; fileRef = CF6F566122C4C13400F517E9 /* DynamicBlurView.framework */; };
		CF6F566422C4C13400F517E9 /* PopupDialog.framework in Frameworks */ = {isa = PBXBuildFile; fileRef = CF6F566222C4C13400F517E9 /* PopupDialog.framework */; };
		CF6F566822C4D0E300F517E9 /* ArtworkPreviewViewController.swift in Sources */ = {isa = PBXBuildFile; fileRef = CF6F566622C4D0E300F517E9 /* ArtworkPreviewViewController.swift */; };
		CF6F566922C4D0E300F517E9 /* ArtworkPreviewViewController.xib in Resources */ = {isa = PBXBuildFile; fileRef = CF6F566722C4D0E300F517E9 /* ArtworkPreviewViewController.xib */; };
		CF6F566B22C4D61E00F517E9 /* Hero.framework in Frameworks */ = {isa = PBXBuildFile; fileRef = CF6F566A22C4D61E00F517E9 /* Hero.framework */; };
		CF6FFF1F207E4CE4003FD38D /* NotificationCenter.framework in Frameworks */ = {isa = PBXBuildFile; fileRef = CF6FFF1E207E4CE4003FD38D /* NotificationCenter.framework */; };
		CF6FFF22207E4CE4003FD38D /* TodayViewController.swift in Sources */ = {isa = PBXBuildFile; fileRef = CF6FFF21207E4CE4003FD38D /* TodayViewController.swift */; };
		CF6FFF25207E4CE4003FD38D /* MainInterface.storyboard in Resources */ = {isa = PBXBuildFile; fileRef = CF6FFF23207E4CE4003FD38D /* MainInterface.storyboard */; };
		CF6FFF29207E4CE4003FD38D /* TodayExtension.appex in Embed App Extensions */ = {isa = PBXBuildFile; fileRef = CF6FFF1D207E4CE4003FD38D /* TodayExtension.appex */; settings = {ATTRIBUTES = (RemoveHeadersOnCopy, ); }; };
		CF8C85E01F6F1B610051A0C7 /* .env in Resources */ = {isa = PBXBuildFile; fileRef = CF8C85DF1F6F1B610051A0C7 /* .env */; };
		CF8C85E21F6F1B6F0051A0C7 /* .env.sample in Resources */ = {isa = PBXBuildFile; fileRef = CF8C85E11F6F1B6F0051A0C7 /* .env.sample */; };
		CF8C85E51F6F2A520051A0C7 /* AuthManager.swift in Sources */ = {isa = PBXBuildFile; fileRef = CF8C85E41F6F2A520051A0C7 /* AuthManager.swift */; };
		CF8E487E2081E85C003A5E70 /* UserDefaults+Key.swift in Sources */ = {isa = PBXBuildFile; fileRef = CF8E487D2081E85C003A5E70 /* UserDefaults+Key.swift */; };
		CF8E48802081EC75003A5E70 /* ProcessInfo+Key.swift in Sources */ = {isa = PBXBuildFile; fileRef = CF8E487F2081EC75003A5E70 /* ProcessInfo+Key.swift */; };
		CF918D071F7075110005B686 /* Settings.bundle in Resources */ = {isa = PBXBuildFile; fileRef = CF918D061F7075110005B686 /* Settings.bundle */; };
		CF99DF4922B607AE006E3876 /* PostFormatHelpView.swift in Sources */ = {isa = PBXBuildFile; fileRef = CF99DF4822B607AE006E3876 /* PostFormatHelpView.swift */; };
		CF99DF4B22B607C1006E3876 /* PostFormatHelpView.xib in Resources */ = {isa = PBXBuildFile; fileRef = CF99DF4A22B607C1006E3876 /* PostFormatHelpView.xib */; };
		CF99DF5222B8716B006E3876 /* Enumerates.swift in Sources */ = {isa = PBXBuildFile; fileRef = CF99DF5122B8716B006E3876 /* Enumerates.swift */; };
		CF99DF5622BA00EF006E3876 /* SearchMastodonTableViewController.swift in Sources */ = {isa = PBXBuildFile; fileRef = CF99DF5422BA00EF006E3876 /* SearchMastodonTableViewController.swift */; };
		CF99DF5722BA00EF006E3876 /* SearchMastodonTableViewController.xib in Resources */ = {isa = PBXBuildFile; fileRef = CF99DF5522BA00EF006E3876 /* SearchMastodonTableViewController.xib */; };
		CF99DF5922BA05B7006E3876 /* SearchMastodonTableViewModel.swift in Sources */ = {isa = PBXBuildFile; fileRef = CF99DF5822BA05B7006E3876 /* SearchMastodonTableViewModel.swift */; };
		CF99DF5B22BA09D6006E3876 /* Action.framework in Frameworks */ = {isa = PBXBuildFile; fileRef = CF99DF5A22BA09D6006E3876 /* Action.framework */; };
		CF99DF5E22BA0C1F006E3876 /* InstancesSearchRequest.swift in Sources */ = {isa = PBXBuildFile; fileRef = CF99DF5D22BA0C1F006E3876 /* InstancesSearchRequest.swift */; };
		CFA2985F22BC7466002C94AC /* Nuke.framework in Frameworks */ = {isa = PBXBuildFile; fileRef = CFA2985E22BC7466002C94AC /* Nuke.framework */; };
		CFB5797922C385A3001F3D13 /* Instance.swift in Sources */ = {isa = PBXBuildFile; fileRef = CFB5797822C385A3001F3D13 /* Instance.swift */; };
		CFB5797B22C385B4001F3D13 /* InstanceListRequest.swift in Sources */ = {isa = PBXBuildFile; fileRef = CFB5797A22C385B4001F3D13 /* InstanceListRequest.swift */; };
		CFB5798122C38FA1001F3D13 /* MastodonDomainTableViewCell.swift in Sources */ = {isa = PBXBuildFile; fileRef = CFB5797F22C38FA1001F3D13 /* MastodonDomainTableViewCell.swift */; };
		CFB5798222C38FA1001F3D13 /* MastodonDomainTableViewCell.xib in Resources */ = {isa = PBXBuildFile; fileRef = CFB5798022C38FA1001F3D13 /* MastodonDomainTableViewCell.xib */; };
		CFB5798722C3982D001F3D13 /* MastodonSettingDomainTableViewCell.swift in Sources */ = {isa = PBXBuildFile; fileRef = CFB5798522C3982D001F3D13 /* MastodonSettingDomainTableViewCell.swift */; };
		CFB5798822C3982D001F3D13 /* MastodonSettingDomainTableViewCell.xib in Resources */ = {isa = PBXBuildFile; fileRef = CFB5798622C3982D001F3D13 /* MastodonSettingDomainTableViewCell.xib */; };
		CFD1D37420B87E94009C50ED /* AppInfoRequest.swift in Sources */ = {isa = PBXBuildFile; fileRef = CFD1D37320B87E94009C50ED /* AppInfoRequest.swift */; };
		CFD1D37620B87FC5009C50ED /* HTTPURLResponse+StatusCode.swift in Sources */ = {isa = PBXBuildFile; fileRef = CFD1D37520B87FC5009C50ED /* HTTPURLResponse+StatusCode.swift */; };
		CFD1D39120B9A176009C50ED /* R.generated.swift in Sources */ = {isa = PBXBuildFile; fileRef = CFD1D39020B9A176009C50ED /* R.generated.swift */; };
		CFD6B2DE22B02A7200E5F2FC /* MastodonMediaRequest.swift in Sources */ = {isa = PBXBuildFile; fileRef = CFD6B2DD22B02A7200E5F2FC /* MastodonMediaRequest.swift */; };
		CFD6B2E022B0332B00E5F2FC /* Requests.swift in Sources */ = {isa = PBXBuildFile; fileRef = CFD6B2DF22B0332B00E5F2FC /* Requests.swift */; };
/* End PBXBuildFile section */

/* Begin PBXContainerItemProxy section */
		CF6FFF27207E4CE4003FD38D /* PBXContainerItemProxy */ = {
			isa = PBXContainerItemProxy;
			containerPortal = CF615AE21F56AB3B00315019 /* Project object */;
			proxyType = 1;
			remoteGlobalIDString = CF6FFF1C207E4CE4003FD38D;
			remoteInfo = TodayExtension;
		};
/* End PBXContainerItemProxy section */

/* Begin PBXCopyFilesBuildPhase section */
		CF6FFF2D207E4CE4003FD38D /* Embed App Extensions */ = {
			isa = PBXCopyFilesBuildPhase;
			buildActionMask = 2147483647;
			dstPath = "";
			dstSubfolderSpec = 13;
			files = (
				CF6FFF29207E4CE4003FD38D /* TodayExtension.appex in Embed App Extensions */,
			);
			name = "Embed App Extensions";
			runOnlyForDeploymentPostprocessing = 0;
		};
/* End PBXCopyFilesBuildPhase section */

/* Begin PBXFileReference section */
		4B230B4E800D2C82BD7BC8FF /* Pods_NowPlaying.framework */ = {isa = PBXFileReference; explicitFileType = wrapper.framework; includeInIndex = 0; path = Pods_NowPlaying.framework; sourceTree = BUILT_PRODUCTS_DIR; };
		50FC5A8BCC24D752D2A0D1AA /* Pods-NowPlaying.debug.xcconfig */ = {isa = PBXFileReference; includeInIndex = 1; lastKnownFileType = text.xcconfig; name = "Pods-NowPlaying.debug.xcconfig"; path = "Pods/Target Support Files/Pods-NowPlaying/Pods-NowPlaying.debug.xcconfig"; sourceTree = "<group>"; };
		CF01C1D821023F1700DC1901 /* SnapKit.framework */ = {isa = PBXFileReference; lastKnownFileType = wrapper.framework; name = SnapKit.framework; path = Carthage/Build/iOS/SnapKit.framework; sourceTree = "<group>"; };
		CF0FA219206D3C3200647317 /* KeychainAccess.framework */ = {isa = PBXFileReference; lastKnownFileType = wrapper.framework; name = KeychainAccess.framework; path = Carthage/Build/iOS/KeychainAccess.framework; sourceTree = "<group>"; };
		CF0FA21B206D4D5A00647317 /* PaymentManager.swift */ = {isa = PBXFileReference; lastKnownFileType = sourcecode.swift; name = PaymentManager.swift; path = Manager/PaymentManager.swift; sourceTree = "<group>"; };
		CF1611341F726D110027144D /* PlayViewController.swift */ = {isa = PBXFileReference; fileEncoding = 4; lastKnownFileType = sourcecode.swift; name = PlayViewController.swift; path = Play/PlayViewController.swift; sourceTree = "<group>"; };
		CF1611351F726D110027144D /* PlayViewController.xib */ = {isa = PBXFileReference; fileEncoding = 4; lastKnownFileType = file.xib; name = PlayViewController.xib; path = Play/PlayViewController.xib; sourceTree = "<group>"; };
		CF1AAFE41F75459B00384000 /* Eureka.framework */ = {isa = PBXFileReference; lastKnownFileType = wrapper.framework; name = Eureka.framework; path = Carthage/Build/iOS/Eureka.framework; sourceTree = "<group>"; };
		CF1AAFE91F75F2A600384000 /* Common.swift */ = {isa = PBXFileReference; fileEncoding = 4; lastKnownFileType = sourcecode.swift; name = Common.swift; path = Common/Common.swift; sourceTree = "<group>"; };
		CF28A8441FD299BE00E45F12 /* GoogleService-Info.plist */ = {isa = PBXFileReference; fileEncoding = 4; lastKnownFileType = text.plist.xml; path = "GoogleService-Info.plist"; sourceTree = "<group>"; };
		CF2DBD7220A4AB630039217F /* libicucore.tbd */ = {isa = PBXFileReference; lastKnownFileType = "sourcecode.text-based-dylib-definition"; name = libicucore.tbd; path = usr/lib/libicucore.tbd; sourceTree = SDKROOT; };
		CF301D8C22B009C5007E675E /* APIKit.framework */ = {isa = PBXFileReference; lastKnownFileType = wrapper.framework; name = APIKit.framework; path = Carthage/Build/iOS/APIKit.framework; sourceTree = "<group>"; };
		CF301D9222B01841007E675E /* Reactive+Session.swift */ = {isa = PBXFileReference; lastKnownFileType = sourcecode.swift; path = "Reactive+Session.swift"; sourceTree = "<group>"; };
		CF301D9722B01A59007E675E /* MastodonAppRequest.swift */ = {isa = PBXFileReference; lastKnownFileType = sourcecode.swift; path = MastodonAppRequest.swift; sourceTree = "<group>"; };
		CF301D9922B01B84007E675E /* SwiftPrint.swift */ = {isa = PBXFileReference; lastKnownFileType = sourcecode.swift; name = SwiftPrint.swift; path = Common/SwiftPrint.swift; sourceTree = "<group>"; };
		CF301D9B22B01BE9007E675E /* MastodonGetTokenRequest.swift */ = {isa = PBXFileReference; lastKnownFileType = sourcecode.swift; path = MastodonGetTokenRequest.swift; sourceTree = "<group>"; };
		CF301D9D22B02343007E675E /* MastodonTootRequest.swift */ = {isa = PBXFileReference; lastKnownFileType = sourcecode.swift; path = MastodonTootRequest.swift; sourceTree = "<group>"; };
		CF43E7DC1F733EC600A2A49A /* TweetViewController.swift */ = {isa = PBXFileReference; fileEncoding = 4; lastKnownFileType = sourcecode.swift; name = TweetViewController.swift; path = Tweet/TweetViewController.swift; sourceTree = "<group>"; };
		CF43E7DE1F733EDB00A2A49A /* TweetViewController.xib */ = {isa = PBXFileReference; fileEncoding = 4; lastKnownFileType = file.xib; name = TweetViewController.xib; path = Tweet/TweetViewController.xib; sourceTree = "<group>"; };
		CF43E7E01F7340CE00A2A49A /* TwitterClient.swift */ = {isa = PBXFileReference; fileEncoding = 4; lastKnownFileType = sourcecode.swift; name = TwitterClient.swift; path = Manager/TwitterClient.swift; sourceTree = "<group>"; };
		CF4D73D11F791D4300E72FBF /* StoreKit.framework */ = {isa = PBXFileReference; lastKnownFileType = wrapper.framework; name = StoreKit.framework; path = System/Library/Frameworks/StoreKit.framework; sourceTree = SDKROOT; };
		CF531BF322A9495000D05896 /* SettingViewModel.swift */ = {isa = PBXFileReference; lastKnownFileType = sourcecode.swift; name = SettingViewModel.swift; path = Setting/Top/SettingViewModel.swift; sourceTree = "<group>"; };
		CF531BFD22A9532400D05896 /* TwitterSettingViewModel.swift */ = {isa = PBXFileReference; lastKnownFileType = sourcecode.swift; name = TwitterSettingViewModel.swift; path = Setting/TwitterSetting/TwitterSettingViewModel.swift; sourceTree = "<group>"; };
		CF531BFF22A9534F00D05896 /* SettingViewController.swift */ = {isa = PBXFileReference; fileEncoding = 4; lastKnownFileType = sourcecode.swift; name = SettingViewController.swift; path = Setting/Top/SettingViewController.swift; sourceTree = "<group>"; };
		CF531C0122A9536A00D05896 /* TwitterSettingViewController.swift */ = {isa = PBXFileReference; fileEncoding = 4; lastKnownFileType = sourcecode.swift; name = TwitterSettingViewController.swift; path = Setting/TwitterSetting/TwitterSettingViewController.swift; sourceTree = "<group>"; };
		CF531C0222A9536A00D05896 /* TwitterSettingViewController.xib */ = {isa = PBXFileReference; fileEncoding = 4; lastKnownFileType = file.xib; name = TwitterSettingViewController.xib; path = Setting/TwitterSetting/TwitterSettingViewController.xib; sourceTree = "<group>"; };
		CF531C0622A953B200D05896 /* MastodonSettingViewModel.swift */ = {isa = PBXFileReference; lastKnownFileType = sourcecode.swift; name = MastodonSettingViewModel.swift; path = Setting/MastodonSetting/MastodonSettingViewModel.swift; sourceTree = "<group>"; };
		CF531C0822A953C800D05896 /* MastodonSettingViewController.swift */ = {isa = PBXFileReference; fileEncoding = 4; lastKnownFileType = sourcecode.swift; name = MastodonSettingViewController.swift; path = Setting/MastodonSetting/MastodonSettingViewController.swift; sourceTree = "<group>"; };
		CF531C0922A953C800D05896 /* MastodonSettingViewController.xib */ = {isa = PBXFileReference; fileEncoding = 4; lastKnownFileType = file.xib; name = MastodonSettingViewController.xib; path = Setting/MastodonSetting/MastodonSettingViewController.xib; sourceTree = "<group>"; };
		CF531C0C22A9540500D05896 /* SettingViewController.xib */ = {isa = PBXFileReference; fileEncoding = 4; lastKnownFileType = file.xib; name = SettingViewController.xib; path = Setting/Top/SettingViewController.xib; sourceTree = "<group>"; };
		CF531C2922A980EA00D05896 /* RxSKPaymentTransactionObserver.swift */ = {isa = PBXFileReference; lastKnownFileType = sourcecode.swift; path = RxSKPaymentTransactionObserver.swift; sourceTree = "<group>"; };
		CF531C2B22A9817A00D05896 /* SKPaymentQueue+Rx.swift */ = {isa = PBXFileReference; lastKnownFileType = sourcecode.swift; path = "SKPaymentQueue+Rx.swift"; sourceTree = "<group>"; };
		CF531C2D22A9824100D05896 /* SKProductsRequest+Rx.swift */ = {isa = PBXFileReference; lastKnownFileType = sourcecode.swift; path = "SKProductsRequest+Rx.swift"; sourceTree = "<group>"; };
		CF531C2F22A9827100D05896 /* SKProductsRequestDelegateProxy.swift */ = {isa = PBXFileReference; lastKnownFileType = sourcecode.swift; path = SKProductsRequestDelegateProxy.swift; sourceTree = "<group>"; };
		CF531C3122A9829F00D05896 /* SKReceiptRefreshRequest+Rx.swift */ = {isa = PBXFileReference; lastKnownFileType = sourcecode.swift; path = "SKReceiptRefreshRequest+Rx.swift"; sourceTree = "<group>"; };
		CF531C3322A982BE00D05896 /* SKReceiptRefreshRequestDelegateProxy.swift */ = {isa = PBXFileReference; lastKnownFileType = sourcecode.swift; path = SKReceiptRefreshRequestDelegateProxy.swift; sourceTree = "<group>"; };
		CF531C3522A9830B00D05896 /* LICENSE */ = {isa = PBXFileReference; lastKnownFileType = text; path = LICENSE; sourceTree = "<group>"; };
		CF531C3922AACEC800D05896 /* NowPlayingButtonRow.swift */ = {isa = PBXFileReference; lastKnownFileType = sourcecode.swift; path = NowPlayingButtonRow.swift; sourceTree = "<group>"; };
		CF55B62C22A3DD8B00D5C9E1 /* Carthage.xcfilelist */ = {isa = PBXFileReference; lastKnownFileType = text.xcfilelist; path = Carthage.xcfilelist; sourceTree = "<group>"; };
		CF55B68722A3E22800D5C9E1 /* PlayViewModel.swift */ = {isa = PBXFileReference; lastKnownFileType = sourcecode.swift; name = PlayViewModel.swift; path = Play/PlayViewModel.swift; sourceTree = "<group>"; };
		CF55B68E22A40ACD00D5C9E1 /* PostContent.swift */ = {isa = PBXFileReference; lastKnownFileType = sourcecode.swift; path = PostContent.swift; sourceTree = "<group>"; };
		CF55B69622A418A100D5C9E1 /* Analytics+NowPlaying.swift */ = {isa = PBXFileReference; lastKnownFileType = sourcecode.swift; path = "Analytics+NowPlaying.swift"; sourceTree = "<group>"; };
		CF55B69822A41B8800D5C9E1 /* TweetViewModel.swift */ = {isa = PBXFileReference; lastKnownFileType = sourcecode.swift; name = TweetViewModel.swift; path = Tweet/TweetViewModel.swift; sourceTree = "<group>"; };
		CF55B69A22A41D5800D5C9E1 /* RxKeyboard.framework */ = {isa = PBXFileReference; lastKnownFileType = wrapper.framework; name = RxKeyboard.framework; path = Carthage/Build/iOS/RxKeyboard.framework; sourceTree = "<group>"; };
		CF615AEA1F56AB3B00315019 /* NowPlaying.app */ = {isa = PBXFileReference; explicitFileType = wrapper.application; includeInIndex = 0; path = NowPlaying.app; sourceTree = BUILT_PRODUCTS_DIR; };
		CF615AED1F56AB3B00315019 /* AppDelegate.swift */ = {isa = PBXFileReference; lastKnownFileType = sourcecode.swift; path = AppDelegate.swift; sourceTree = "<group>"; };
		CF615AF41F56AB3B00315019 /* Assets.xcassets */ = {isa = PBXFileReference; lastKnownFileType = folder.assetcatalog; path = Assets.xcassets; sourceTree = "<group>"; };
		CF615AF71F56AB3B00315019 /* Base */ = {isa = PBXFileReference; lastKnownFileType = file.storyboard; name = Base; path = Base.lproj/LaunchScreen.storyboard; sourceTree = "<group>"; };
		CF615AF91F56AB3B00315019 /* Info.plist */ = {isa = PBXFileReference; lastKnownFileType = text.plist.xml; path = Info.plist; sourceTree = "<group>"; };
		CF615B001F56B04E00315019 /* MediaPlayer.framework */ = {isa = PBXFileReference; lastKnownFileType = wrapper.framework; name = MediaPlayer.framework; path = System/Library/Frameworks/MediaPlayer.framework; sourceTree = SDKROOT; };
		CF615B061F56E89100315019 /* AVFoundation.framework */ = {isa = PBXFileReference; lastKnownFileType = wrapper.framework; name = AVFoundation.framework; path = System/Library/Frameworks/AVFoundation.framework; sourceTree = SDKROOT; };
		CF65C38C20A0983400E95640 /* SVProgressHUD.framework */ = {isa = PBXFileReference; lastKnownFileType = wrapper.framework; name = SVProgressHUD.framework; path = Carthage/Build/iOS/SVProgressHUD.framework; sourceTree = "<group>"; };
		CF6F566122C4C13400F517E9 /* DynamicBlurView.framework */ = {isa = PBXFileReference; lastKnownFileType = wrapper.framework; name = DynamicBlurView.framework; path = Carthage/Build/iOS/DynamicBlurView.framework; sourceTree = "<group>"; };
		CF6F566222C4C13400F517E9 /* PopupDialog.framework */ = {isa = PBXFileReference; lastKnownFileType = wrapper.framework; name = PopupDialog.framework; path = Carthage/Build/iOS/PopupDialog.framework; sourceTree = "<group>"; };
		CF6F566622C4D0E300F517E9 /* ArtworkPreviewViewController.swift */ = {isa = PBXFileReference; lastKnownFileType = sourcecode.swift; name = ArtworkPreviewViewController.swift; path = Preview/ArtworkPreviewViewController.swift; sourceTree = "<group>"; };
		CF6F566722C4D0E300F517E9 /* ArtworkPreviewViewController.xib */ = {isa = PBXFileReference; lastKnownFileType = file.xib; name = ArtworkPreviewViewController.xib; path = Preview/ArtworkPreviewViewController.xib; sourceTree = "<group>"; };
		CF6F566A22C4D61E00F517E9 /* Hero.framework */ = {isa = PBXFileReference; lastKnownFileType = wrapper.framework; name = Hero.framework; path = Carthage/Build/iOS/Hero.framework; sourceTree = "<group>"; };
		CF6FFF1D207E4CE4003FD38D /* TodayExtension.appex */ = {isa = PBXFileReference; explicitFileType = "wrapper.app-extension"; includeInIndex = 0; path = TodayExtension.appex; sourceTree = BUILT_PRODUCTS_DIR; };
		CF6FFF1E207E4CE4003FD38D /* NotificationCenter.framework */ = {isa = PBXFileReference; lastKnownFileType = wrapper.framework; name = NotificationCenter.framework; path = System/Library/Frameworks/NotificationCenter.framework; sourceTree = SDKROOT; };
		CF6FFF21207E4CE4003FD38D /* TodayViewController.swift */ = {isa = PBXFileReference; lastKnownFileType = sourcecode.swift; path = TodayViewController.swift; sourceTree = "<group>"; };
		CF6FFF24207E4CE4003FD38D /* Base */ = {isa = PBXFileReference; lastKnownFileType = file.storyboard; name = Base; path = Base.lproj/MainInterface.storyboard; sourceTree = "<group>"; };
		CF6FFF26207E4CE4003FD38D /* Info.plist */ = {isa = PBXFileReference; lastKnownFileType = text.plist.xml; path = Info.plist; sourceTree = "<group>"; };
		CF8C85DE1F6F1AC20051A0C7 /* NowPlaying.entitlements */ = {isa = PBXFileReference; lastKnownFileType = text.plist.entitlements; path = NowPlaying.entitlements; sourceTree = "<group>"; };
		CF8C85DF1F6F1B610051A0C7 /* .env */ = {isa = PBXFileReference; fileEncoding = 4; lastKnownFileType = text; path = .env; sourceTree = "<group>"; };
		CF8C85E11F6F1B6F0051A0C7 /* .env.sample */ = {isa = PBXFileReference; fileEncoding = 4; lastKnownFileType = text; path = .env.sample; sourceTree = "<group>"; };
		CF8C85E41F6F2A520051A0C7 /* AuthManager.swift */ = {isa = PBXFileReference; fileEncoding = 4; lastKnownFileType = sourcecode.swift; name = AuthManager.swift; path = Manager/AuthManager.swift; sourceTree = "<group>"; };
		CF8E487D2081E85C003A5E70 /* UserDefaults+Key.swift */ = {isa = PBXFileReference; lastKnownFileType = sourcecode.swift; path = "UserDefaults+Key.swift"; sourceTree = "<group>"; };
		CF8E487F2081EC75003A5E70 /* ProcessInfo+Key.swift */ = {isa = PBXFileReference; lastKnownFileType = sourcecode.swift; path = "ProcessInfo+Key.swift"; sourceTree = "<group>"; };
		CF918D061F7075110005B686 /* Settings.bundle */ = {isa = PBXFileReference; lastKnownFileType = "wrapper.plug-in"; path = Settings.bundle; sourceTree = "<group>"; };
		CF99DF4822B607AE006E3876 /* PostFormatHelpView.swift */ = {isa = PBXFileReference; lastKnownFileType = sourcecode.swift; path = PostFormatHelpView.swift; sourceTree = "<group>"; };
		CF99DF4A22B607C1006E3876 /* PostFormatHelpView.xib */ = {isa = PBXFileReference; lastKnownFileType = file.xib; path = PostFormatHelpView.xib; sourceTree = "<group>"; };
		CF99DF5122B8716B006E3876 /* Enumerates.swift */ = {isa = PBXFileReference; lastKnownFileType = sourcecode.swift; name = Enumerates.swift; path = Common/Enumerates.swift; sourceTree = "<group>"; };
		CF99DF5422BA00EF006E3876 /* SearchMastodonTableViewController.swift */ = {isa = PBXFileReference; lastKnownFileType = sourcecode.swift; name = SearchMastodonTableViewController.swift; path = SearchMastodon/SearchMastodonTableViewController.swift; sourceTree = "<group>"; };
		CF99DF5522BA00EF006E3876 /* SearchMastodonTableViewController.xib */ = {isa = PBXFileReference; lastKnownFileType = file.xib; name = SearchMastodonTableViewController.xib; path = SearchMastodon/SearchMastodonTableViewController.xib; sourceTree = "<group>"; };
		CF99DF5822BA05B7006E3876 /* SearchMastodonTableViewModel.swift */ = {isa = PBXFileReference; lastKnownFileType = sourcecode.swift; name = SearchMastodonTableViewModel.swift; path = SearchMastodon/SearchMastodonTableViewModel.swift; sourceTree = "<group>"; };
		CF99DF5A22BA09D6006E3876 /* Action.framework */ = {isa = PBXFileReference; lastKnownFileType = wrapper.framework; name = Action.framework; path = Carthage/Build/iOS/Action.framework; sourceTree = "<group>"; };
		CF99DF5D22BA0C1F006E3876 /* InstancesSearchRequest.swift */ = {isa = PBXFileReference; lastKnownFileType = sourcecode.swift; path = InstancesSearchRequest.swift; sourceTree = "<group>"; };
		CF9AB0B522B0CEAC0088483D /* ja */ = {isa = PBXFileReference; lastKnownFileType = text.plist.strings; name = ja; path = ja.lproj/LaunchScreen.strings; sourceTree = "<group>"; };
		CF9AB0B622B0CEAC0088483D /* ja */ = {isa = PBXFileReference; lastKnownFileType = text.plist.strings; name = ja; path = ja.lproj/MainInterface.strings; sourceTree = "<group>"; };
		CFA2985E22BC7466002C94AC /* Nuke.framework */ = {isa = PBXFileReference; lastKnownFileType = wrapper.framework; name = Nuke.framework; path = Carthage/Build/iOS/Nuke.framework; sourceTree = "<group>"; };
		CFB5797822C385A3001F3D13 /* Instance.swift */ = {isa = PBXFileReference; lastKnownFileType = sourcecode.swift; path = Instance.swift; sourceTree = "<group>"; };
		CFB5797A22C385B4001F3D13 /* InstanceListRequest.swift */ = {isa = PBXFileReference; lastKnownFileType = sourcecode.swift; path = InstanceListRequest.swift; sourceTree = "<group>"; };
		CFB5797F22C38FA1001F3D13 /* MastodonDomainTableViewCell.swift */ = {isa = PBXFileReference; lastKnownFileType = sourcecode.swift; path = MastodonDomainTableViewCell.swift; sourceTree = "<group>"; };
		CFB5798022C38FA1001F3D13 /* MastodonDomainTableViewCell.xib */ = {isa = PBXFileReference; lastKnownFileType = file.xib; path = MastodonDomainTableViewCell.xib; sourceTree = "<group>"; };
		CFB5798522C3982D001F3D13 /* MastodonSettingDomainTableViewCell.swift */ = {isa = PBXFileReference; lastKnownFileType = sourcecode.swift; path = MastodonSettingDomainTableViewCell.swift; sourceTree = "<group>"; };
		CFB5798622C3982D001F3D13 /* MastodonSettingDomainTableViewCell.xib */ = {isa = PBXFileReference; lastKnownFileType = file.xib; path = MastodonSettingDomainTableViewCell.xib; sourceTree = "<group>"; };
		CFD1D37320B87E94009C50ED /* AppInfoRequest.swift */ = {isa = PBXFileReference; lastKnownFileType = sourcecode.swift; path = AppInfoRequest.swift; sourceTree = "<group>"; };
		CFD1D37520B87FC5009C50ED /* HTTPURLResponse+StatusCode.swift */ = {isa = PBXFileReference; lastKnownFileType = sourcecode.swift; path = "HTTPURLResponse+StatusCode.swift"; sourceTree = "<group>"; };
		CFD1D39020B9A176009C50ED /* R.generated.swift */ = {isa = PBXFileReference; fileEncoding = 4; lastKnownFileType = sourcecode.swift; path = R.generated.swift; sourceTree = "<group>"; };
		CFD6B2DD22B02A7200E5F2FC /* MastodonMediaRequest.swift */ = {isa = PBXFileReference; lastKnownFileType = sourcecode.swift; path = MastodonMediaRequest.swift; sourceTree = "<group>"; };
		CFD6B2DF22B0332B00E5F2FC /* Requests.swift */ = {isa = PBXFileReference; lastKnownFileType = sourcecode.swift; path = Requests.swift; sourceTree = "<group>"; };
		F82321344DBDD605AAAB8E73 /* Pods-NowPlaying.release.xcconfig */ = {isa = PBXFileReference; includeInIndex = 1; lastKnownFileType = text.xcconfig; name = "Pods-NowPlaying.release.xcconfig"; path = "Pods/Target Support Files/Pods-NowPlaying/Pods-NowPlaying.release.xcconfig"; sourceTree = "<group>"; };
/* End PBXFileReference section */

/* Begin PBXFrameworksBuildPhase section */
		CF615AE71F56AB3B00315019 /* Frameworks */ = {
			isa = PBXFrameworksBuildPhase;
			buildActionMask = 2147483647;
			files = (
				CF6F566B22C4D61E00F517E9 /* Hero.framework in Frameworks */,
				CF6F566322C4C13400F517E9 /* DynamicBlurView.framework in Frameworks */,
				CF6F566422C4C13400F517E9 /* PopupDialog.framework in Frameworks */,
				CFA2985F22BC7466002C94AC /* Nuke.framework in Frameworks */,
				CF99DF5B22BA09D6006E3876 /* Action.framework in Frameworks */,
				CF301D8D22B009C5007E675E /* APIKit.framework in Frameworks */,
				CF55B69B22A41D5800D5C9E1 /* RxKeyboard.framework in Frameworks */,
				CF01C1D921023F1700DC1901 /* SnapKit.framework in Frameworks */,
				CF2DBD7320A4AB630039217F /* libicucore.tbd in Frameworks */,
				CF1AAFE51F75459B00384000 /* Eureka.framework in Frameworks */,
				CF0FA21A206D3C3200647317 /* KeychainAccess.framework in Frameworks */,
				CF65C38D20A0983400E95640 /* SVProgressHUD.framework in Frameworks */,
				CF4D73D21F791D4300E72FBF /* StoreKit.framework in Frameworks */,
				CF615B071F56E89100315019 /* AVFoundation.framework in Frameworks */,
				CF615B011F56B04E00315019 /* MediaPlayer.framework in Frameworks */,
				584E54B8BE9943C10025A548 /* Pods_NowPlaying.framework in Frameworks */,
			);
			runOnlyForDeploymentPostprocessing = 0;
		};
		CF6FFF1A207E4CE4003FD38D /* Frameworks */ = {
			isa = PBXFrameworksBuildPhase;
			buildActionMask = 2147483647;
			files = (
				CF6FFF1F207E4CE4003FD38D /* NotificationCenter.framework in Frameworks */,
			);
			runOnlyForDeploymentPostprocessing = 0;
		};
/* End PBXFrameworksBuildPhase section */

/* Begin PBXGroup section */
		CF1611331F726CF20027144D /* Play */ = {
			isa = PBXGroup;
			children = (
				CF1611341F726D110027144D /* PlayViewController.swift */,
				CF1611351F726D110027144D /* PlayViewController.xib */,
				CF55B68722A3E22800D5C9E1 /* PlayViewModel.swift */,
			);
			name = Play;
			sourceTree = "<group>";
		};
		CF1AAFDD1F7544D800384000 /* Setting */ = {
			isa = PBXGroup;
			children = (
				CF531BF222A9492A00D05896 /* Top */,
				CF531BFC22A952FA00D05896 /* TwitterSetting */,
				CF531C0522A9537400D05896 /* MastodonSetting */,
			);
			name = Setting;
			sourceTree = "<group>";
		};
		CF1AAFE61F75F28400384000 /* Common */ = {
			isa = PBXGroup;
			children = (
				CF1AAFE91F75F2A600384000 /* Common.swift */,
				CF301D9922B01B84007E675E /* SwiftPrint.swift */,
				CF99DF5122B8716B006E3876 /* Enumerates.swift */,
			);
			name = Common;
			sourceTree = "<group>";
		};
		CF301D9622B01A3D007E675E /* Mastodon */ = {
			isa = PBXGroup;
			children = (
				CF301D9722B01A59007E675E /* MastodonAppRequest.swift */,
				CF301D9B22B01BE9007E675E /* MastodonGetTokenRequest.swift */,
				CF301D9D22B02343007E675E /* MastodonTootRequest.swift */,
				CFD6B2DD22B02A7200E5F2FC /* MastodonMediaRequest.swift */,
			);
			path = Mastodon;
			sourceTree = "<group>";
		};
		CF43E7D31F733C1F00A2A49A /* Tweet */ = {
			isa = PBXGroup;
			children = (
				CF43E7DC1F733EC600A2A49A /* TweetViewController.swift */,
				CF43E7DE1F733EDB00A2A49A /* TweetViewController.xib */,
				CF55B69822A41B8800D5C9E1 /* TweetViewModel.swift */,
			);
			name = Tweet;
			sourceTree = "<group>";
		};
		CF531BF222A9492A00D05896 /* Top */ = {
			isa = PBXGroup;
			children = (
				CF531BFF22A9534F00D05896 /* SettingViewController.swift */,
				CF531C0C22A9540500D05896 /* SettingViewController.xib */,
				CF531BF322A9495000D05896 /* SettingViewModel.swift */,
			);
			name = Top;
			sourceTree = "<group>";
		};
		CF531BF522A94A5D00D05896 /* Reactive */ = {
			isa = PBXGroup;
			children = (
				CF531C2822A980DB00D05896 /* RxStoreKit */,
			);
			path = Reactive;
			sourceTree = "<group>";
		};
		CF531BFC22A952FA00D05896 /* TwitterSetting */ = {
			isa = PBXGroup;
			children = (
				CF531C0122A9536A00D05896 /* TwitterSettingViewController.swift */,
				CF531C0222A9536A00D05896 /* TwitterSettingViewController.xib */,
				CF531BFD22A9532400D05896 /* TwitterSettingViewModel.swift */,
			);
			name = TwitterSetting;
			sourceTree = "<group>";
		};
		CF531C0522A9537400D05896 /* MastodonSetting */ = {
			isa = PBXGroup;
			children = (
				CF531C0822A953C800D05896 /* MastodonSettingViewController.swift */,
				CF531C0922A953C800D05896 /* MastodonSettingViewController.xib */,
				CF531C0622A953B200D05896 /* MastodonSettingViewModel.swift */,
			);
			name = MastodonSetting;
			sourceTree = "<group>";
		};
		CF531C2822A980DB00D05896 /* RxStoreKit */ = {
			isa = PBXGroup;
			children = (
				CF531C2922A980EA00D05896 /* RxSKPaymentTransactionObserver.swift */,
				CF531C2B22A9817A00D05896 /* SKPaymentQueue+Rx.swift */,
				CF531C2D22A9824100D05896 /* SKProductsRequest+Rx.swift */,
				CF531C2F22A9827100D05896 /* SKProductsRequestDelegateProxy.swift */,
				CF531C3122A9829F00D05896 /* SKReceiptRefreshRequest+Rx.swift */,
				CF531C3322A982BE00D05896 /* SKReceiptRefreshRequestDelegateProxy.swift */,
				CF531C3522A9830B00D05896 /* LICENSE */,
			);
			path = RxStoreKit;
			sourceTree = "<group>";
		};
		CF531C3822AACEA200D05896 /* Eureka */ = {
			isa = PBXGroup;
			children = (
				CF99DF4722B60781006E3876 /* Footers */,
				CF531C3922AACEC800D05896 /* NowPlayingButtonRow.swift */,
			);
			path = Eureka;
			sourceTree = "<group>";
		};
		CF55B68D22A40ABB00D5C9E1 /* Model */ = {
			isa = PBXGroup;
			children = (
				CF55B68E22A40ACD00D5C9E1 /* PostContent.swift */,
				CFB5797822C385A3001F3D13 /* Instance.swift */,
			);
			path = Model;
			sourceTree = "<group>";
		};
		CF615AE11F56AB3B00315019 = {
			isa = PBXGroup;
			children = (
				CF615AEC1F56AB3B00315019 /* NowPlaying */,
				CF6FFF20207E4CE4003FD38D /* TodayExtension */,
				CF615AEB1F56AB3B00315019 /* Products */,
				CF615AFF1F56B04E00315019 /* Frameworks */,
				EC7B05E3D377DC1195B61730 /* Pods */,
			);
			sourceTree = "<group>";
		};
		CF615AEB1F56AB3B00315019 /* Products */ = {
			isa = PBXGroup;
			children = (
				CF615AEA1F56AB3B00315019 /* NowPlaying.app */,
				CF6FFF1D207E4CE4003FD38D /* TodayExtension.appex */,
			);
			name = Products;
			sourceTree = "<group>";
		};
		CF615AEC1F56AB3B00315019 /* NowPlaying */ = {
			isa = PBXGroup;
			children = (
				CF8C85DE1F6F1AC20051A0C7 /* NowPlaying.entitlements */,
				CF615B021F56E75900315019 /* Scripts */,
				CF615B051F56E77700315019 /* Resources */,
				CF615B041F56E76A00315019 /* Storyboard */,
			);
			path = NowPlaying;
			sourceTree = "<group>";
		};
		CF615AFF1F56B04E00315019 /* Frameworks */ = {
			isa = PBXGroup;
			children = (
				CF6F566A22C4D61E00F517E9 /* Hero.framework */,
				CF6F566122C4C13400F517E9 /* DynamicBlurView.framework */,
				CF6F566222C4C13400F517E9 /* PopupDialog.framework */,
				CFA2985E22BC7466002C94AC /* Nuke.framework */,
				CF99DF5A22BA09D6006E3876 /* Action.framework */,
				CF2DBD7220A4AB630039217F /* libicucore.tbd */,
				CF301D8C22B009C5007E675E /* APIKit.framework */,
				CF55B69A22A41D5800D5C9E1 /* RxKeyboard.framework */,
				CF01C1D821023F1700DC1901 /* SnapKit.framework */,
				CF65C38C20A0983400E95640 /* SVProgressHUD.framework */,
				CF0FA219206D3C3200647317 /* KeychainAccess.framework */,
				CF4D73D11F791D4300E72FBF /* StoreKit.framework */,
				CF1AAFE41F75459B00384000 /* Eureka.framework */,
				CF615B061F56E89100315019 /* AVFoundation.framework */,
				CF615B001F56B04E00315019 /* MediaPlayer.framework */,
				4B230B4E800D2C82BD7BC8FF /* Pods_NowPlaying.framework */,
				CF6FFF1E207E4CE4003FD38D /* NotificationCenter.framework */,
			);
			name = Frameworks;
			sourceTree = "<group>";
		};
		CF615B021F56E75900315019 /* Scripts */ = {
			isa = PBXGroup;
			children = (
				CF615AED1F56AB3B00315019 /* AppDelegate.swift */,
				CFD1D39020B9A176009C50ED /* R.generated.swift */,
				CFD1D37C20B88188009C50ED /* API */,
				CF55B68D22A40ABB00D5C9E1 /* Model */,
				CF8E487C2081E851003A5E70 /* Extension */,
				CF1AAFE61F75F28400384000 /* Common */,
				CF8C85C81F6EB3AE0051A0C7 /* Manager */,
				CF615B031F56E76200315019 /* Screens */,
				CFB5797E22C38F59001F3D13 /* UITableViewCells */,
				CF531BF522A94A5D00D05896 /* Reactive */,
				CF531C3822AACEA200D05896 /* Eureka */,
			);
			path = Scripts;
			sourceTree = "<group>";
		};
		CF615B031F56E76200315019 /* Screens */ = {
			isa = PBXGroup;
			children = (
				CF1611331F726CF20027144D /* Play */,
				CF1AAFDD1F7544D800384000 /* Setting */,
				CF43E7D31F733C1F00A2A49A /* Tweet */,
				CF6F566522C4D0C000F517E9 /* Preview */,
				CF99DF5322BA0089006E3876 /* SearchMastodon */,
			);
			path = Screens;
			sourceTree = "<group>";
		};
		CF615B041F56E76A00315019 /* Storyboard */ = {
			isa = PBXGroup;
			children = (
				CF615AF61F56AB3B00315019 /* LaunchScreen.storyboard */,
			);
			path = Storyboard;
			sourceTree = "<group>";
		};
		CF615B051F56E77700315019 /* Resources */ = {
			isa = PBXGroup;
			children = (
				CF615AF41F56AB3B00315019 /* Assets.xcassets */,
				CF615AF91F56AB3B00315019 /* Info.plist */,
				CF8C85DF1F6F1B610051A0C7 /* .env */,
				CF8C85E11F6F1B6F0051A0C7 /* .env.sample */,
				CF28A8441FD299BE00E45F12 /* GoogleService-Info.plist */,
				CF55B62C22A3DD8B00D5C9E1 /* Carthage.xcfilelist */,
				CF918D061F7075110005B686 /* Settings.bundle */,
			);
			path = Resources;
			sourceTree = "<group>";
		};
		CF6F566522C4D0C000F517E9 /* Preview */ = {
			isa = PBXGroup;
			children = (
				CF6F566622C4D0E300F517E9 /* ArtworkPreviewViewController.swift */,
				CF6F566722C4D0E300F517E9 /* ArtworkPreviewViewController.xib */,
			);
			name = Preview;
			sourceTree = "<group>";
		};
		CF6FFF20207E4CE4003FD38D /* TodayExtension */ = {
			isa = PBXGroup;
			children = (
				CF6FFF21207E4CE4003FD38D /* TodayViewController.swift */,
				CF6FFF23207E4CE4003FD38D /* MainInterface.storyboard */,
				CF6FFF26207E4CE4003FD38D /* Info.plist */,
			);
			path = TodayExtension;
			sourceTree = "<group>";
		};
		CF8C85C81F6EB3AE0051A0C7 /* Manager */ = {
			isa = PBXGroup;
			children = (
				CF8C85E41F6F2A520051A0C7 /* AuthManager.swift */,
				CF43E7E01F7340CE00A2A49A /* TwitterClient.swift */,
				CF0FA21B206D4D5A00647317 /* PaymentManager.swift */,
			);
			name = Manager;
			sourceTree = "<group>";
		};
		CF8E487C2081E851003A5E70 /* Extension */ = {
			isa = PBXGroup;
			children = (
				CF8E487D2081E85C003A5E70 /* UserDefaults+Key.swift */,
				CF8E487F2081EC75003A5E70 /* ProcessInfo+Key.swift */,
				CFD1D37520B87FC5009C50ED /* HTTPURLResponse+StatusCode.swift */,
				CF55B69622A418A100D5C9E1 /* Analytics+NowPlaying.swift */,
				CF301D9222B01841007E675E /* Reactive+Session.swift */,
			);
			path = Extension;
			sourceTree = "<group>";
		};
		CF99DF4722B60781006E3876 /* Footers */ = {
			isa = PBXGroup;
			children = (
				CF99DF4822B607AE006E3876 /* PostFormatHelpView.swift */,
				CF99DF4A22B607C1006E3876 /* PostFormatHelpView.xib */,
			);
			path = Footers;
			sourceTree = "<group>";
		};
		CF99DF5322BA0089006E3876 /* SearchMastodon */ = {
			isa = PBXGroup;
			children = (
				CF99DF5422BA00EF006E3876 /* SearchMastodonTableViewController.swift */,
				CF99DF5522BA00EF006E3876 /* SearchMastodonTableViewController.xib */,
				CF99DF5822BA05B7006E3876 /* SearchMastodonTableViewModel.swift */,
			);
			name = SearchMastodon;
			sourceTree = "<group>";
		};
		CF99DF5C22BA0B7F006E3876 /* Instances */ = {
			isa = PBXGroup;
			children = (
				CFB5797A22C385B4001F3D13 /* InstanceListRequest.swift */,
				CF99DF5D22BA0C1F006E3876 /* InstancesSearchRequest.swift */,
			);
			path = Instances;
			sourceTree = "<group>";
		};
		CFB5797E22C38F59001F3D13 /* UITableViewCells */ = {
			isa = PBXGroup;
			children = (
				CFB5798422C39815001F3D13 /* MastodonSettingDomainCell */,
				CFB5798322C39803001F3D13 /* MastodonDomainTableViewCell */,
			);
			path = UITableViewCells;
			sourceTree = "<group>";
		};
		CFB5798322C39803001F3D13 /* MastodonDomainTableViewCell */ = {
			isa = PBXGroup;
			children = (
				CFB5797F22C38FA1001F3D13 /* MastodonDomainTableViewCell.swift */,
				CFB5798022C38FA1001F3D13 /* MastodonDomainTableViewCell.xib */,
			);
			path = MastodonDomainTableViewCell;
			sourceTree = "<group>";
		};
		CFB5798422C39815001F3D13 /* MastodonSettingDomainCell */ = {
			isa = PBXGroup;
			children = (
				CFB5798522C3982D001F3D13 /* MastodonSettingDomainTableViewCell.swift */,
				CFB5798622C3982D001F3D13 /* MastodonSettingDomainTableViewCell.xib */,
			);
			path = MastodonSettingDomainCell;
			sourceTree = "<group>";
		};
		CFD1D37C20B88188009C50ED /* API */ = {
			isa = PBXGroup;
			children = (
				CFD1D37320B87E94009C50ED /* AppInfoRequest.swift */,
				CFD6B2DF22B0332B00E5F2FC /* Requests.swift */,
				CF301D9622B01A3D007E675E /* Mastodon */,
				CF99DF5C22BA0B7F006E3876 /* Instances */,
			);
			path = API;
			sourceTree = "<group>";
		};
		EC7B05E3D377DC1195B61730 /* Pods */ = {
			isa = PBXGroup;
			children = (
				50FC5A8BCC24D752D2A0D1AA /* Pods-NowPlaying.debug.xcconfig */,
				F82321344DBDD605AAAB8E73 /* Pods-NowPlaying.release.xcconfig */,
			);
			name = Pods;
			sourceTree = "<group>";
		};
/* End PBXGroup section */

/* Begin PBXNativeTarget section */
		CF615AE91F56AB3B00315019 /* NowPlaying */ = {
			isa = PBXNativeTarget;
			buildConfigurationList = CF615AFC1F56AB3B00315019 /* Build configuration list for PBXNativeTarget "NowPlaying" */;
			buildPhases = (
				2B302B8935A65A820A7DC1BE /* [CP] Check Pods Manifest.lock */,
				CFD1D38F20B9A148009C50ED /* R.swift */,
				CF531C3722A9969800D05896 /* SwiftLint */,
				CF615AE61F56AB3B00315019 /* Sources */,
				CF615AE71F56AB3B00315019 /* Frameworks */,
				CFB5798922C3A33F001F3D13 /* PlistBuddy (Settings.bundle Root.plist) */,
				CF8C85E31F6F26260051A0C7 /* PlistBuddy (Info.plist) */,
				CF615AE81F56AB3B00315019 /* Resources */,
				CF63348A1F5AB6F200D80EB8 /* Carthage */,
				DC4488FCE3B57E00C3DB2FFC /* [CP] Copy Pods Resources */,
				CF4D73D31F7A979400E72FBF /* Crashlytics */,
				CF28A83E1FD1C87D00E45F12 /* License-Plist */,
				CF6FFF2D207E4CE4003FD38D /* Embed App Extensions */,
				8A6A952692B78C7F109051EF /* [CP] Embed Pods Frameworks */,
			);
			buildRules = (
			);
			dependencies = (
				CF6FFF28207E4CE4003FD38D /* PBXTargetDependency */,
			);
			name = NowPlaying;
			productName = NowPlaying;
			productReference = CF615AEA1F56AB3B00315019 /* NowPlaying.app */;
			productType = "com.apple.product-type.application";
		};
		CF6FFF1C207E4CE4003FD38D /* TodayExtension */ = {
			isa = PBXNativeTarget;
			buildConfigurationList = CF6FFF2C207E4CE4003FD38D /* Build configuration list for PBXNativeTarget "TodayExtension" */;
			buildPhases = (
				CF6FFF19207E4CE4003FD38D /* Sources */,
				CF6FFF1A207E4CE4003FD38D /* Frameworks */,
				CF6FFF1B207E4CE4003FD38D /* Resources */,
			);
			buildRules = (
			);
			dependencies = (
			);
			name = TodayExtension;
			productName = TodayExtension;
			productReference = CF6FFF1D207E4CE4003FD38D /* TodayExtension.appex */;
			productType = "com.apple.product-type.app-extension";
		};
/* End PBXNativeTarget section */

/* Begin PBXProject section */
		CF615AE21F56AB3B00315019 /* Project object */ = {
			isa = PBXProject;
			attributes = {
				LastSwiftUpdateCheck = 0920;
				LastUpgradeCheck = 1020;
				ORGANIZATIONNAME = "Oka Yuya";
				TargetAttributes = {
					CF615AE91F56AB3B00315019 = {
						CreatedOnToolsVersion = 8.3.3;
						DevelopmentTeam = 99649YXF6E;
						LastSwiftMigration = 1020;
						ProvisioningStyle = Automatic;
						SystemCapabilities = {
							com.apple.Keychain = {
								enabled = 1;
							};
							com.apple.Push = {
								enabled = 1;
							};
							com.apple.SafariKeychain = {
								enabled = 1;
							};
						};
					};
					CF6FFF1C207E4CE4003FD38D = {
						CreatedOnToolsVersion = 9.2;
						DevelopmentTeam = 99649YXF6E;
						LastSwiftMigration = 1020;
						ProvisioningStyle = Automatic;
					};
				};
			};
			buildConfigurationList = CF615AE51F56AB3B00315019 /* Build configuration list for PBXProject "NowPlaying" */;
			compatibilityVersion = "Xcode 10.0";
			developmentRegion = English;
			hasScannedForEncodings = 0;
			knownRegions = (
				English,
				Base,
				ja,
			);
			mainGroup = CF615AE11F56AB3B00315019;
			productRefGroup = CF615AEB1F56AB3B00315019 /* Products */;
			projectDirPath = "";
			projectRoot = "";
			targets = (
				CF615AE91F56AB3B00315019 /* NowPlaying */,
				CF6FFF1C207E4CE4003FD38D /* TodayExtension */,
			);
		};
/* End PBXProject section */

/* Begin PBXResourcesBuildPhase section */
		CF615AE81F56AB3B00315019 /* Resources */ = {
			isa = PBXResourcesBuildPhase;
			buildActionMask = 2147483647;
			files = (
				CF531C0B22A953C900D05896 /* MastodonSettingViewController.xib in Resources */,
				CF615AF81F56AB3B00315019 /* LaunchScreen.storyboard in Resources */,
				CF99DF4B22B607C1006E3876 /* PostFormatHelpView.xib in Resources */,
				CF918D071F7075110005B686 /* Settings.bundle in Resources */,
				CF531C0D22A9540500D05896 /* SettingViewController.xib in Resources */,
				CFB5798822C3982D001F3D13 /* MastodonSettingDomainTableViewCell.xib in Resources */,
				CF28A8451FD299BE00E45F12 /* GoogleService-Info.plist in Resources */,
				CF531C0422A9536A00D05896 /* TwitterSettingViewController.xib in Resources */,
				CF531C3622A9830B00D05896 /* LICENSE in Resources */,
				CF6F566922C4D0E300F517E9 /* ArtworkPreviewViewController.xib in Resources */,
				CF615AF51F56AB3B00315019 /* Assets.xcassets in Resources */,
				CF8C85E01F6F1B610051A0C7 /* .env in Resources */,
				CF8C85E21F6F1B6F0051A0C7 /* .env.sample in Resources */,
				CFB5798222C38FA1001F3D13 /* MastodonDomainTableViewCell.xib in Resources */,
				CF43E7DF1F733EDB00A2A49A /* TweetViewController.xib in Resources */,
				CF99DF5722BA00EF006E3876 /* SearchMastodonTableViewController.xib in Resources */,
				CF1611371F726D110027144D /* PlayViewController.xib in Resources */,
			);
			runOnlyForDeploymentPostprocessing = 0;
		};
		CF6FFF1B207E4CE4003FD38D /* Resources */ = {
			isa = PBXResourcesBuildPhase;
			buildActionMask = 2147483647;
			files = (
				CF6FFF25207E4CE4003FD38D /* MainInterface.storyboard in Resources */,
			);
			runOnlyForDeploymentPostprocessing = 0;
		};
/* End PBXResourcesBuildPhase section */

/* Begin PBXShellScriptBuildPhase section */
		2B302B8935A65A820A7DC1BE /* [CP] Check Pods Manifest.lock */ = {
			isa = PBXShellScriptBuildPhase;
			buildActionMask = 2147483647;
			files = (
			);
			inputPaths = (
				"${PODS_PODFILE_DIR_PATH}/Podfile.lock",
				"${PODS_ROOT}/Manifest.lock",
			);
			name = "[CP] Check Pods Manifest.lock";
			outputPaths = (
				"$(DERIVED_FILE_DIR)/Pods-NowPlaying-checkManifestLockResult.txt",
			);
			runOnlyForDeploymentPostprocessing = 0;
			shellPath = /bin/sh;
			shellScript = "diff \"${PODS_PODFILE_DIR_PATH}/Podfile.lock\" \"${PODS_ROOT}/Manifest.lock\" > /dev/null\nif [ $? != 0 ] ; then\n    # print error to STDERR\n    echo \"error: The sandbox is not in sync with the Podfile.lock. Run 'pod install' or update your CocoaPods installation.\" >&2\n    exit 1\nfi\n# This output is used by Xcode 'outputs' to avoid re-running this script phase.\necho \"SUCCESS\" > \"${SCRIPT_OUTPUT_FILE_0}\"\n";
			showEnvVarsInLog = 0;
		};
		8A6A952692B78C7F109051EF /* [CP] Embed Pods Frameworks */ = {
			isa = PBXShellScriptBuildPhase;
			buildActionMask = 2147483647;
			files = (
			);
			inputFileListPaths = (
				"${PODS_ROOT}/Target Support Files/Pods-NowPlaying/Pods-NowPlaying-frameworks-${CONFIGURATION}-input-files.xcfilelist",
			);
			name = "[CP] Embed Pods Frameworks";
			outputFileListPaths = (
				"${PODS_ROOT}/Target Support Files/Pods-NowPlaying/Pods-NowPlaying-frameworks-${CONFIGURATION}-output-files.xcfilelist",
			);
			runOnlyForDeploymentPostprocessing = 0;
			shellPath = /bin/sh;
			shellScript = "\"${PODS_ROOT}/Target Support Files/Pods-NowPlaying/Pods-NowPlaying-frameworks.sh\"\n";
			showEnvVarsInLog = 0;
		};
		CF28A83E1FD1C87D00E45F12 /* License-Plist */ = {
			isa = PBXShellScriptBuildPhase;
			buildActionMask = 12;
			files = (
			);
			inputPaths = (
			);
			name = "License-Plist";
			outputPaths = (
			);
			runOnlyForDeploymentPostprocessing = 0;
			shellPath = /bin/sh;
			shellScript = "if [ ! -e /usr/local/bin/license-plist ]; then\nexit 0\nfi\nif [ $CONFIGURATION = \"Debug\" ]; then\n${PODS_ROOT}/LicensePlist/license-plist --add-version-numbers --output-path ${SRCROOT}/${PRODUCT_NAME}/Resources/Settings.bundle --cartfile-path Cartfile --pods-path Pods --github-token \"${GITHUB_ACCESS_TOKEN}\" --config-path ${SRCROOT}/${PRODUCT_NAME}/Resources/license_plist.yml\nfi\n";
		};
		CF4D73D31F7A979400E72FBF /* Crashlytics */ = {
			isa = PBXShellScriptBuildPhase;
			buildActionMask = 12;
			files = (
			);
			inputPaths = (
			);
			name = Crashlytics;
			outputPaths = (
			);
			runOnlyForDeploymentPostprocessing = 0;
			shellPath = /bin/sh;
			shellScript = ". NowPlaying/Resources/.env\n\n\"${PODS_ROOT}/Fabric/run\" ${FABRIC_API_KEY} ${FABRIC_BUILD_SECRET}\n";
		};
		CF531C3722A9969800D05896 /* SwiftLint */ = {
			isa = PBXShellScriptBuildPhase;
			buildActionMask = 2147483647;
			files = (
			);
			inputFileListPaths = (
			);
			inputPaths = (
			);
			name = SwiftLint;
			outputFileListPaths = (
			);
			outputPaths = (
			);
			runOnlyForDeploymentPostprocessing = 0;
			shellPath = /bin/sh;
			shellScript = "\"${PODS_ROOT}/SwiftLint/swiftlint\"\n";
		};
		CF63348A1F5AB6F200D80EB8 /* Carthage */ = {
			isa = PBXShellScriptBuildPhase;
			buildActionMask = 12;
			files = (
			);
			inputFileListPaths = (
				"$(SRCROOT)/NowPlaying/Resources/Carthage.xcfilelist",
			);
			inputPaths = (
			);
			name = Carthage;
			outputPaths = (
			);
			runOnlyForDeploymentPostprocessing = 0;
			shellPath = /bin/sh;
			shellScript = "/usr/local/bin/carthage copy-frameworks\n";
		};
		CF8C85E31F6F26260051A0C7 /* PlistBuddy (Info.plist) */ = {
			isa = PBXShellScriptBuildPhase;
			buildActionMask = 12;
			files = (
			);
			inputPaths = (
			);
			name = "PlistBuddy (Info.plist)";
			outputPaths = (
			);
			runOnlyForDeploymentPostprocessing = 0;
			shellPath = /bin/sh;
			shellScript = "plistBuddy=\"/usr/libexec/PlistBuddy\"\ninfoPlistFileSource=\"${SRCROOT}/${INFOPLIST_FILE}\"\ninfoPlistFileDestination=\"${TEMP_DIR}/Preprocessed-Info.plist\"\n\nif [ \"${BITRISE_SOURCE_DIR}\" == \"\" ]; then\n. NowPlaying/Resources/.env\nfi\n\n$plistBuddy -c \"Set :CFBundleURLTypes:0:CFBundleURLSchemes:0 twitterkit-${TWITTER_CONSUMER_KEY}\" \"${infoPlistFileDestination}\"\n$plistBuddy -c \"Set :Fabric:APIKey ${FABRIC_API_KEY}\" \"${infoPlistFileDestination}\"\n$plistBuddy -c \"Set :GADApplicationIdentifier ${FIREBASE_ADMOB_APP_ID}\" \"${infoPlistFileDestination}\"\n";
		};
		CFB5798922C3A33F001F3D13 /* PlistBuddy (Settings.bundle Root.plist) */ = {
			isa = PBXShellScriptBuildPhase;
			buildActionMask = 2147483647;
			files = (
			);
			inputFileListPaths = (
			);
			inputPaths = (
			);
			name = "PlistBuddy (Settings.bundle Root.plist)";
			outputFileListPaths = (
			);
			outputPaths = (
			);
			runOnlyForDeploymentPostprocessing = 0;
			shellPath = /bin/sh;
			shellScript = "APP_VERSION=$(/usr/libexec/PlistBuddy -c \"Print CFBundleShortVersionString\" $PRODUCT_SETTINGS_PATH)\n\n/usr/libexec/PlistBuddy -c \"Set :PreferenceSpecifiers:1:DefaultValue ${APP_VERSION}\" \"${SRCROOT}/NowPlaying/Resources/Settings.bundle/Root.plist\"\n";
		};
		CFD1D38F20B9A148009C50ED /* R.swift */ = {
			isa = PBXShellScriptBuildPhase;
			buildActionMask = 2147483647;
			files = (
			);
			inputPaths = (
			);
			name = R.swift;
			outputPaths = (
			);
			runOnlyForDeploymentPostprocessing = 0;
			shellPath = /bin/sh;
			shellScript = "\"$PODS_ROOT/R.swift/rswift\" generate --disable-input-output-files-validation \"$SRCROOT/NowPlaying/Scripts/R.generated.swift\"\n";
		};
		DC4488FCE3B57E00C3DB2FFC /* [CP] Copy Pods Resources */ = {
			isa = PBXShellScriptBuildPhase;
			buildActionMask = 2147483647;
			files = (
			);
			inputFileListPaths = (
				"${PODS_ROOT}/Target Support Files/Pods-NowPlaying/Pods-NowPlaying-resources-${CONFIGURATION}-input-files.xcfilelist",
			);
			name = "[CP] Copy Pods Resources";
			outputFileListPaths = (
				"${PODS_ROOT}/Target Support Files/Pods-NowPlaying/Pods-NowPlaying-resources-${CONFIGURATION}-output-files.xcfilelist",
			);
			runOnlyForDeploymentPostprocessing = 0;
			shellPath = /bin/sh;
			shellScript = "\"${PODS_ROOT}/Target Support Files/Pods-NowPlaying/Pods-NowPlaying-resources.sh\"\n";
			showEnvVarsInLog = 0;
		};
/* End PBXShellScriptBuildPhase section */

/* Begin PBXSourcesBuildPhase section */
		CF615AE61F56AB3B00315019 /* Sources */ = {
			isa = PBXSourcesBuildPhase;
			buildActionMask = 2147483647;
			files = (
				CFB5798722C3982D001F3D13 /* MastodonSettingDomainTableViewCell.swift in Sources */,
				CF531BFE22A9532400D05896 /* TwitterSettingViewModel.swift in Sources */,
				CF531C3422A982BE00D05896 /* SKReceiptRefreshRequestDelegateProxy.swift in Sources */,
				CF1611361F726D110027144D /* PlayViewController.swift in Sources */,
				CF6F566822C4D0E300F517E9 /* ArtworkPreviewViewController.swift in Sources */,
				CF0FA21C206D4D5A00647317 /* PaymentManager.swift in Sources */,
				CFB5797922C385A3001F3D13 /* Instance.swift in Sources */,
				CF99DF4922B607AE006E3876 /* PostFormatHelpView.swift in Sources */,
				CF531C0022A9534F00D05896 /* SettingViewController.swift in Sources */,
				CF99DF5622BA00EF006E3876 /* SearchMastodonTableViewController.swift in Sources */,
				CF531C0722A953B200D05896 /* MastodonSettingViewModel.swift in Sources */,
				CF531C3022A9827100D05896 /* SKProductsRequestDelegateProxy.swift in Sources */,
				CF1AAFEA1F75F2A600384000 /* Common.swift in Sources */,
				CF99DF5E22BA0C1F006E3876 /* InstancesSearchRequest.swift in Sources */,
				CF8E487E2081E85C003A5E70 /* UserDefaults+Key.swift in Sources */,
				CF55B69922A41B8800D5C9E1 /* TweetViewModel.swift in Sources */,
				CF531C0322A9536A00D05896 /* TwitterSettingViewController.swift in Sources */,
				CF43E7DD1F733EC600A2A49A /* TweetViewController.swift in Sources */,
				CF301D9322B01841007E675E /* Reactive+Session.swift in Sources */,
				CF531C3222A9829F00D05896 /* SKReceiptRefreshRequest+Rx.swift in Sources */,
				CF55B68F22A40ACD00D5C9E1 /* PostContent.swift in Sources */,
				CF531C2A22A980EA00D05896 /* RxSKPaymentTransactionObserver.swift in Sources */,
				CFB5797B22C385B4001F3D13 /* InstanceListRequest.swift in Sources */,
				CFD1D39120B9A176009C50ED /* R.generated.swift in Sources */,
				CF99DF5222B8716B006E3876 /* Enumerates.swift in Sources */,
				CF8E48802081EC75003A5E70 /* ProcessInfo+Key.swift in Sources */,
				CFD1D37620B87FC5009C50ED /* HTTPURLResponse+StatusCode.swift in Sources */,
				CFD1D37420B87E94009C50ED /* AppInfoRequest.swift in Sources */,
				CF301D9E22B02343007E675E /* MastodonTootRequest.swift in Sources */,
				CF55B68822A3E22800D5C9E1 /* PlayViewModel.swift in Sources */,
				CF301D9822B01A59007E675E /* MastodonAppRequest.swift in Sources */,
				CF8C85E51F6F2A520051A0C7 /* AuthManager.swift in Sources */,
				CF55B69722A418A100D5C9E1 /* Analytics+NowPlaying.swift in Sources */,
				CF531C3A22AACEC800D05896 /* NowPlayingButtonRow.swift in Sources */,
				CFB5798122C38FA1001F3D13 /* MastodonDomainTableViewCell.swift in Sources */,
				CF615B0A1F56EA3900315019 /* AppDelegate.swift in Sources */,
				CF531C2E22A9824100D05896 /* SKProductsRequest+Rx.swift in Sources */,
				CF301D9C22B01BE9007E675E /* MastodonGetTokenRequest.swift in Sources */,
				CFD6B2E022B0332B00E5F2FC /* Requests.swift in Sources */,
				CF301D9A22B01B84007E675E /* SwiftPrint.swift in Sources */,
				CF531BF422A9495000D05896 /* SettingViewModel.swift in Sources */,
				CF43E7E11F7340CE00A2A49A /* TwitterClient.swift in Sources */,
				CF99DF5922BA05B7006E3876 /* SearchMastodonTableViewModel.swift in Sources */,
				CF531C2C22A9817A00D05896 /* SKPaymentQueue+Rx.swift in Sources */,
				CFD6B2DE22B02A7200E5F2FC /* MastodonMediaRequest.swift in Sources */,
				CF531C0A22A953C900D05896 /* MastodonSettingViewController.swift in Sources */,
			);
			runOnlyForDeploymentPostprocessing = 0;
		};
		CF6FFF19207E4CE4003FD38D /* Sources */ = {
			isa = PBXSourcesBuildPhase;
			buildActionMask = 2147483647;
			files = (
				CF6FFF22207E4CE4003FD38D /* TodayViewController.swift in Sources */,
			);
			runOnlyForDeploymentPostprocessing = 0;
		};
/* End PBXSourcesBuildPhase section */

/* Begin PBXTargetDependency section */
		CF6FFF28207E4CE4003FD38D /* PBXTargetDependency */ = {
			isa = PBXTargetDependency;
			target = CF6FFF1C207E4CE4003FD38D /* TodayExtension */;
			targetProxy = CF6FFF27207E4CE4003FD38D /* PBXContainerItemProxy */;
		};
/* End PBXTargetDependency section */

/* Begin PBXVariantGroup section */
		CF615AF61F56AB3B00315019 /* LaunchScreen.storyboard */ = {
			isa = PBXVariantGroup;
			children = (
				CF615AF71F56AB3B00315019 /* Base */,
				CF9AB0B522B0CEAC0088483D /* ja */,
			);
			name = LaunchScreen.storyboard;
			path = .;
			sourceTree = "<group>";
		};
		CF6FFF23207E4CE4003FD38D /* MainInterface.storyboard */ = {
			isa = PBXVariantGroup;
			children = (
				CF6FFF24207E4CE4003FD38D /* Base */,
				CF9AB0B622B0CEAC0088483D /* ja */,
			);
			name = MainInterface.storyboard;
			sourceTree = "<group>";
		};
/* End PBXVariantGroup section */

/* Begin XCBuildConfiguration section */
		CF615AFA1F56AB3B00315019 /* Debug */ = {
			isa = XCBuildConfiguration;
			buildSettings = {
				ALWAYS_SEARCH_USER_PATHS = NO;
				CLANG_ANALYZER_LOCALIZABILITY_NONLOCALIZED = YES;
				CLANG_ANALYZER_NONNULL = YES;
				CLANG_ANALYZER_NUMBER_OBJECT_CONVERSION = YES_AGGRESSIVE;
				CLANG_CXX_LANGUAGE_STANDARD = "gnu++0x";
				CLANG_CXX_LIBRARY = "libc++";
				CLANG_ENABLE_MODULES = YES;
				CLANG_ENABLE_OBJC_ARC = YES;
				CLANG_WARN_BLOCK_CAPTURE_AUTORELEASING = YES;
				CLANG_WARN_BOOL_CONVERSION = YES;
				CLANG_WARN_COMMA = YES;
				CLANG_WARN_CONSTANT_CONVERSION = YES;
				CLANG_WARN_DEPRECATED_OBJC_IMPLEMENTATIONS = YES;
				CLANG_WARN_DIRECT_OBJC_ISA_USAGE = YES_ERROR;
				CLANG_WARN_DOCUMENTATION_COMMENTS = YES;
				CLANG_WARN_EMPTY_BODY = YES;
				CLANG_WARN_ENUM_CONVERSION = YES;
				CLANG_WARN_INFINITE_RECURSION = YES;
				CLANG_WARN_INT_CONVERSION = YES;
				CLANG_WARN_NON_LITERAL_NULL_CONVERSION = YES;
				CLANG_WARN_OBJC_IMPLICIT_RETAIN_SELF = YES;
				CLANG_WARN_OBJC_LITERAL_CONVERSION = YES;
				CLANG_WARN_OBJC_ROOT_CLASS = YES_ERROR;
				CLANG_WARN_RANGE_LOOP_ANALYSIS = YES;
				CLANG_WARN_STRICT_PROTOTYPES = YES;
				CLANG_WARN_SUSPICIOUS_MOVE = YES;
				CLANG_WARN_UNREACHABLE_CODE = YES;
				CLANG_WARN__DUPLICATE_METHOD_MATCH = YES;
				"CODE_SIGN_IDENTITY[sdk=iphoneos*]" = "iPhone Developer";
				COPY_PHASE_STRIP = NO;
				DEBUG_INFORMATION_FORMAT = dwarf;
				ENABLE_BITCODE = YES;
				ENABLE_STRICT_OBJC_MSGSEND = YES;
				ENABLE_TESTABILITY = YES;
				GCC_C_LANGUAGE_STANDARD = gnu99;
				GCC_DYNAMIC_NO_PIC = NO;
				GCC_NO_COMMON_BLOCKS = YES;
				GCC_OPTIMIZATION_LEVEL = 0;
				GCC_PREPROCESSOR_DEFINITIONS = (
					"DEBUG=1",
					"$(inherited)",
				);
				GCC_WARN_64_TO_32_BIT_CONVERSION = YES;
				GCC_WARN_ABOUT_RETURN_TYPE = YES_ERROR;
				GCC_WARN_UNDECLARED_SELECTOR = YES;
				GCC_WARN_UNINITIALIZED_AUTOS = YES_AGGRESSIVE;
				GCC_WARN_UNUSED_FUNCTION = YES;
				GCC_WARN_UNUSED_VARIABLE = YES;
				IPHONEOS_DEPLOYMENT_TARGET = 10.3;
				MTL_ENABLE_DEBUG_INFO = YES;
				ONLY_ACTIVE_ARCH = YES;
				SDKROOT = iphoneos;
				SWIFT_ACTIVE_COMPILATION_CONDITIONS = DEBUG;
				SWIFT_OPTIMIZATION_LEVEL = "-Onone";
				TARGETED_DEVICE_FAMILY = "1,2";
			};
			name = Debug;
		};
		CF615AFB1F56AB3B00315019 /* Release */ = {
			isa = XCBuildConfiguration;
			buildSettings = {
				ALWAYS_SEARCH_USER_PATHS = NO;
				CLANG_ANALYZER_LOCALIZABILITY_NONLOCALIZED = YES;
				CLANG_ANALYZER_NONNULL = YES;
				CLANG_ANALYZER_NUMBER_OBJECT_CONVERSION = YES_AGGRESSIVE;
				CLANG_CXX_LANGUAGE_STANDARD = "gnu++0x";
				CLANG_CXX_LIBRARY = "libc++";
				CLANG_ENABLE_MODULES = YES;
				CLANG_ENABLE_OBJC_ARC = YES;
				CLANG_WARN_BLOCK_CAPTURE_AUTORELEASING = YES;
				CLANG_WARN_BOOL_CONVERSION = YES;
				CLANG_WARN_COMMA = YES;
				CLANG_WARN_CONSTANT_CONVERSION = YES;
				CLANG_WARN_DEPRECATED_OBJC_IMPLEMENTATIONS = YES;
				CLANG_WARN_DIRECT_OBJC_ISA_USAGE = YES_ERROR;
				CLANG_WARN_DOCUMENTATION_COMMENTS = YES;
				CLANG_WARN_EMPTY_BODY = YES;
				CLANG_WARN_ENUM_CONVERSION = YES;
				CLANG_WARN_INFINITE_RECURSION = YES;
				CLANG_WARN_INT_CONVERSION = YES;
				CLANG_WARN_NON_LITERAL_NULL_CONVERSION = YES;
				CLANG_WARN_OBJC_IMPLICIT_RETAIN_SELF = YES;
				CLANG_WARN_OBJC_LITERAL_CONVERSION = YES;
				CLANG_WARN_OBJC_ROOT_CLASS = YES_ERROR;
				CLANG_WARN_RANGE_LOOP_ANALYSIS = YES;
				CLANG_WARN_STRICT_PROTOTYPES = YES;
				CLANG_WARN_SUSPICIOUS_MOVE = YES;
				CLANG_WARN_UNREACHABLE_CODE = YES;
				CLANG_WARN__DUPLICATE_METHOD_MATCH = YES;
				"CODE_SIGN_IDENTITY[sdk=iphoneos*]" = "iPhone Developer";
				COPY_PHASE_STRIP = NO;
				DEBUG_INFORMATION_FORMAT = "dwarf-with-dsym";
				ENABLE_BITCODE = YES;
				ENABLE_NS_ASSERTIONS = NO;
				ENABLE_STRICT_OBJC_MSGSEND = YES;
				GCC_C_LANGUAGE_STANDARD = gnu99;
				GCC_NO_COMMON_BLOCKS = YES;
				GCC_WARN_64_TO_32_BIT_CONVERSION = YES;
				GCC_WARN_ABOUT_RETURN_TYPE = YES_ERROR;
				GCC_WARN_UNDECLARED_SELECTOR = YES;
				GCC_WARN_UNINITIALIZED_AUTOS = YES_AGGRESSIVE;
				GCC_WARN_UNUSED_FUNCTION = YES;
				GCC_WARN_UNUSED_VARIABLE = YES;
				IPHONEOS_DEPLOYMENT_TARGET = 10.3;
				MTL_ENABLE_DEBUG_INFO = NO;
				SDKROOT = iphoneos;
				SWIFT_COMPILATION_MODE = wholemodule;
				SWIFT_OPTIMIZATION_LEVEL = "-O";
				TARGETED_DEVICE_FAMILY = "1,2";
				VALIDATE_PRODUCT = YES;
			};
			name = Release;
		};
		CF615AFD1F56AB3B00315019 /* Debug */ = {
			isa = XCBuildConfiguration;
			baseConfigurationReference = 50FC5A8BCC24D752D2A0D1AA /* Pods-NowPlaying.debug.xcconfig */;
			buildSettings = {
				ALWAYS_EMBED_SWIFT_STANDARD_LIBRARIES = "$(inherited)";
				ASSETCATALOG_COMPILER_APPICON_NAME = AppIcon;
				CODE_SIGN_ENTITLEMENTS = NowPlaying/NowPlaying.entitlements;
				CODE_SIGN_IDENTITY = "iPhone Developer";
				DEBUG_INFORMATION_FORMAT = "dwarf-with-dsym";
				DEVELOPMENT_TEAM = 99649YXF6E;
				ENABLE_BITCODE = YES;
				FRAMEWORK_SEARCH_PATHS = (
					"$(inherited)",
					"$(PROJECT_DIR)/Carthage/Build/iOS",
				);
				INFOPLIST_FILE = NowPlaying/Resources/Info.plist;
				INFOPLIST_PREPROCESS = YES;
				IPHONEOS_DEPLOYMENT_TARGET = 11.0;
				LD_RUNPATH_SEARCH_PATHS = (
					"$(inherited)",
					"@executable_path/Frameworks",
				);
				PRODUCT_BUNDLE_IDENTIFIER = moe.nnsnodnb.NowPlaying;
				PRODUCT_NAME = "$(TARGET_NAME)";
				SWIFT_VERSION = 5.0;
				TARGETED_DEVICE_FAMILY = 1;
			};
			name = Debug;
		};
		CF615AFE1F56AB3B00315019 /* Release */ = {
			isa = XCBuildConfiguration;
			baseConfigurationReference = F82321344DBDD605AAAB8E73 /* Pods-NowPlaying.release.xcconfig */;
			buildSettings = {
				ALWAYS_EMBED_SWIFT_STANDARD_LIBRARIES = "$(inherited)";
				ASSETCATALOG_COMPILER_APPICON_NAME = AppIcon;
				CODE_SIGN_ENTITLEMENTS = NowPlaying/NowPlaying.entitlements;
				CODE_SIGN_IDENTITY = "iPhone Developer";
				DEBUG_INFORMATION_FORMAT = "dwarf-with-dsym";
				DEVELOPMENT_TEAM = 99649YXF6E;
				ENABLE_BITCODE = YES;
				FRAMEWORK_SEARCH_PATHS = (
					"$(inherited)",
					"$(PROJECT_DIR)/Carthage/Build/iOS",
				);
				INFOPLIST_FILE = NowPlaying/Resources/Info.plist;
				INFOPLIST_PREPROCESS = YES;
				IPHONEOS_DEPLOYMENT_TARGET = 11.0;
				LD_RUNPATH_SEARCH_PATHS = (
					"$(inherited)",
					"@executable_path/Frameworks",
				);
				PRODUCT_BUNDLE_IDENTIFIER = moe.nnsnodnb.NowPlaying;
				PRODUCT_NAME = "$(TARGET_NAME)";
				SWIFT_VERSION = 5.0;
				TARGETED_DEVICE_FAMILY = 1;
			};
			name = Release;
		};
		CF6FFF2A207E4CE4003FD38D /* Debug */ = {
			isa = XCBuildConfiguration;
			buildSettings = {
				CLANG_CXX_LANGUAGE_STANDARD = "gnu++14";
				CLANG_WARN_UNGUARDED_AVAILABILITY = YES_AGGRESSIVE;
				CODE_SIGN_IDENTITY = "iPhone Developer";
				CODE_SIGN_STYLE = Automatic;
				DEVELOPMENT_TEAM = 99649YXF6E;
				FRAMEWORK_SEARCH_PATHS = (
					"$(inherited)",
					"$(PROJECT_DIR)/Carthage/Build/iOS",
				);
				GCC_C_LANGUAGE_STANDARD = gnu11;
				INFOPLIST_FILE = TodayExtension/Info.plist;
				IPHONEOS_DEPLOYMENT_TARGET = 10.3;
				LD_RUNPATH_SEARCH_PATHS = (
					"$(inherited)",
					"@executable_path/../../Frameworks",
				);
				PRODUCT_BUNDLE_IDENTIFIER = moe.nnsnodnb.NowPlaying.TodayExtension;
				PRODUCT_NAME = "$(TARGET_NAME)";
				SKIP_INSTALL = YES;
				SWIFT_VERSION = 5.0;
				TARGETED_DEVICE_FAMILY = "1,2";
			};
			name = Debug;
		};
		CF6FFF2B207E4CE4003FD38D /* Release */ = {
			isa = XCBuildConfiguration;
			buildSettings = {
				CLANG_CXX_LANGUAGE_STANDARD = "gnu++14";
				CLANG_WARN_UNGUARDED_AVAILABILITY = YES_AGGRESSIVE;
				CODE_SIGN_IDENTITY = "iPhone Developer";
				CODE_SIGN_STYLE = Automatic;
				DEVELOPMENT_TEAM = 99649YXF6E;
				FRAMEWORK_SEARCH_PATHS = (
					"$(inherited)",
					"$(PROJECT_DIR)/Carthage/Build/iOS",
				);
				GCC_C_LANGUAGE_STANDARD = gnu11;
				INFOPLIST_FILE = TodayExtension/Info.plist;
				IPHONEOS_DEPLOYMENT_TARGET = 10.3;
				LD_RUNPATH_SEARCH_PATHS = (
					"$(inherited)",
					"@executable_path/../../Frameworks",
				);
				PRODUCT_BUNDLE_IDENTIFIER = moe.nnsnodnb.NowPlaying.TodayExtension;
				PRODUCT_NAME = "$(TARGET_NAME)";
				SKIP_INSTALL = YES;
				SWIFT_VERSION = 5.0;
				TARGETED_DEVICE_FAMILY = "1,2";
			};
			name = Release;
		};
/* End XCBuildConfiguration section */

/* Begin XCConfigurationList section */
		CF615AE51F56AB3B00315019 /* Build configuration list for PBXProject "NowPlaying" */ = {
			isa = XCConfigurationList;
			buildConfigurations = (
				CF615AFA1F56AB3B00315019 /* Debug */,
				CF615AFB1F56AB3B00315019 /* Release */,
			);
			defaultConfigurationIsVisible = 0;
			defaultConfigurationName = Release;
		};
		CF615AFC1F56AB3B00315019 /* Build configuration list for PBXNativeTarget "NowPlaying" */ = {
			isa = XCConfigurationList;
			buildConfigurations = (
				CF615AFD1F56AB3B00315019 /* Debug */,
				CF615AFE1F56AB3B00315019 /* Release */,
			);
			defaultConfigurationIsVisible = 0;
			defaultConfigurationName = Release;
		};
		CF6FFF2C207E4CE4003FD38D /* Build configuration list for PBXNativeTarget "TodayExtension" */ = {
			isa = XCConfigurationList;
			buildConfigurations = (
				CF6FFF2A207E4CE4003FD38D /* Debug */,
				CF6FFF2B207E4CE4003FD38D /* Release */,
			);
			defaultConfigurationIsVisible = 0;
			defaultConfigurationName = Release;
		};
/* End XCConfigurationList section */
	};
	rootObject = CF615AE21F56AB3B00315019 /* Project object */;
}
